// !$*UTF8*$!
{
	archiveVersion = 1;
	classes = {
	};
	objectVersion = 55;
	objects = {

/* Begin PBXBuildFile section */
		1403347B29C9F0A800305CA3 /* MoreThingsView.swift in Sources */ = {isa = PBXBuildFile; fileRef = 1403347A29C9F0A800305CA3 /* MoreThingsView.swift */; };
		BCDFDEE3CB09A90B1455D233 /* Pods_CryptoWallet.framework in Frameworks */ = {isa = PBXBuildFile; fileRef = 67F2A865BD33FFF60E4466D2 /* Pods_CryptoWallet.framework */; };
		CE280C8329C45167002B4DEC /* AppDelegate.swift in Sources */ = {isa = PBXBuildFile; fileRef = CE280C8229C45167002B4DEC /* AppDelegate.swift */; };
		CE280C8529C45167002B4DEC /* SceneDelegate.swift in Sources */ = {isa = PBXBuildFile; fileRef = CE280C8429C45167002B4DEC /* SceneDelegate.swift */; };
		CE280C8C29C45168002B4DEC /* Assets.xcassets in Resources */ = {isa = PBXBuildFile; fileRef = CE280C8B29C45168002B4DEC /* Assets.xcassets */; };
		CE280C8F29C45168002B4DEC /* LaunchScreen.storyboard in Resources */ = {isa = PBXBuildFile; fileRef = CE280C8D29C45168002B4DEC /* LaunchScreen.storyboard */; };
		CE280C9F29C4772A002B4DEC /* AppCoordinator.swift in Sources */ = {isa = PBXBuildFile; fileRef = CE280C9E29C4772A002B4DEC /* AppCoordinator.swift */; };
		CE280CA229C47D74002B4DEC /* WalletViewController.swift in Sources */ = {isa = PBXBuildFile; fileRef = CE280CA129C47D74002B4DEC /* WalletViewController.swift */; };
		CE280CA629C47EA6002B4DEC /* WalletPresenter.swift in Sources */ = {isa = PBXBuildFile; fileRef = CE280CA529C47EA6002B4DEC /* WalletPresenter.swift */; };
		CE280CA829C47F49002B4DEC /* WalletPresenterProtocol.swift in Sources */ = {isa = PBXBuildFile; fileRef = CE280CA729C47F49002B4DEC /* WalletPresenterProtocol.swift */; };
		CE280CAB29C4813A002B4DEC /* WalletViewProtocol.swift in Sources */ = {isa = PBXBuildFile; fileRef = CE280CAA29C4813A002B4DEC /* WalletViewProtocol.swift */; };
		CE280CAD29C4850A002B4DEC /* WalletTabBarCoordinator.swift in Sources */ = {isa = PBXBuildFile; fileRef = CE280CAC29C4850A002B4DEC /* WalletTabBarCoordinator.swift */; };
		CE280CB029C4868E002B4DEC /* WalletCoordinator.swift in Sources */ = {isa = PBXBuildFile; fileRef = CE280CAF29C4868E002B4DEC /* WalletCoordinator.swift */; };
		CE280CB629C49045002B4DEC /* SettingsPresenterProtocol.swift in Sources */ = {isa = PBXBuildFile; fileRef = CE280CB529C49045002B4DEC /* SettingsPresenterProtocol.swift */; };
		CE280CB829C49057002B4DEC /* SettingsPresenter.swift in Sources */ = {isa = PBXBuildFile; fileRef = CE280CB729C49057002B4DEC /* SettingsPresenter.swift */; };
		CE280CBA29C4919C002B4DEC /* SettingsViewController.swift in Sources */ = {isa = PBXBuildFile; fileRef = CE280CB929C4919C002B4DEC /* SettingsViewController.swift */; };
		CE280CBC29C491A9002B4DEC /* SettingsViewProtocol.swift in Sources */ = {isa = PBXBuildFile; fileRef = CE280CBB29C491A9002B4DEC /* SettingsViewProtocol.swift */; };
		CE280CBE29C49214002B4DEC /* SettingsCoordinator.swift in Sources */ = {isa = PBXBuildFile; fileRef = CE280CBD29C49214002B4DEC /* SettingsCoordinator.swift */; };
		CE40637C29CAE3E6004664FE /* UIButtonExtension.swift in Sources */ = {isa = PBXBuildFile; fileRef = CE40637B29CAE3E6004664FE /* UIButtonExtension.swift */; };
		CE40638229CAFDD1004664FE /* CreateWalletCoordinator.swift in Sources */ = {isa = PBXBuildFile; fileRef = CE40638129CAFDD1004664FE /* CreateWalletCoordinator.swift */; };
		CE40638429CAFECC004664FE /* CreateWalletViewController.swift in Sources */ = {isa = PBXBuildFile; fileRef = CE40638329CAFECC004664FE /* CreateWalletViewController.swift */; };
		CE40638629CAFEF0004664FE /* CreateWalletViewProtocol.swift in Sources */ = {isa = PBXBuildFile; fileRef = CE40638529CAFEF0004664FE /* CreateWalletViewProtocol.swift */; };
		CE40638829CB00AD004664FE /* CreateWalletPresenter.swift in Sources */ = {isa = PBXBuildFile; fileRef = CE40638729CB00AD004664FE /* CreateWalletPresenter.swift */; };
		CE40638A29CB01C0004664FE /* CreateWalletPresenterProtocol.swift in Sources */ = {isa = PBXBuildFile; fileRef = CE40638929CB01C0004664FE /* CreateWalletPresenterProtocol.swift */; };
		CE40638E29CB13E5004664FE /* CreateWalletInstructionView.swift in Sources */ = {isa = PBXBuildFile; fileRef = CE40638D29CB13E5004664FE /* CreateWalletInstructionView.swift */; };
		CE40639029CB276C004664FE /* InstructionView.swift in Sources */ = {isa = PBXBuildFile; fileRef = CE40638F29CB276C004664FE /* InstructionView.swift */; };
		CE41AC4B29CC17A7009CE7C3 /* InstructionType.swift in Sources */ = {isa = PBXBuildFile; fileRef = CE41AC4A29CC17A7009CE7C3 /* InstructionType.swift */; };
		CE41AC4D29CC2057009CE7C3 /* HeaderInstructionView.swift in Sources */ = {isa = PBXBuildFile; fileRef = CE41AC4C29CC2057009CE7C3 /* HeaderInstructionView.swift */; };
		CE41AC4F29CC2388009CE7C3 /* FooterInstructionView.swift in Sources */ = {isa = PBXBuildFile; fileRef = CE41AC4E29CC2388009CE7C3 /* FooterInstructionView.swift */; };
		CE41AC5529CC408A009CE7C3 /* AddAccountViewController.swift in Sources */ = {isa = PBXBuildFile; fileRef = CE41AC5429CC408A009CE7C3 /* AddAccountViewController.swift */; };
		CE41AC5729CC409A009CE7C3 /* AddAccountViewProtocol.swift in Sources */ = {isa = PBXBuildFile; fileRef = CE41AC5629CC409A009CE7C3 /* AddAccountViewProtocol.swift */; };
		CE41AC5929CC44ED009CE7C3 /* AddAccountPresenter.swift in Sources */ = {isa = PBXBuildFile; fileRef = CE41AC5829CC44ED009CE7C3 /* AddAccountPresenter.swift */; };
		CE41AC5B29CC450B009CE7C3 /* AddAccountPresenterProtocol.swift in Sources */ = {isa = PBXBuildFile; fileRef = CE41AC5A29CC450B009CE7C3 /* AddAccountPresenterProtocol.swift */; };
		CE41AC5D29CC46AA009CE7C3 /* AddAccountCoordinator.swift in Sources */ = {isa = PBXBuildFile; fileRef = CE41AC5C29CC46AA009CE7C3 /* AddAccountCoordinator.swift */; };
		CE6A9B8D29C97BAD00E1077E /* R.generated.swift in Sources */ = {isa = PBXBuildFile; fileRef = CE6A9B8C29C97BAD00E1077E /* R.generated.swift */; };
		CE6A9B9029C97EF600E1077E /* OneInchKit in Frameworks */ = {isa = PBXBuildFile; productRef = CE6A9B8F29C97EF600E1077E /* OneInchKit */; };
		CE71C1BE29CD832E008D975E /* Pin.swift in Sources */ = {isa = PBXBuildFile; fileRef = CE71C1BD29CD832E008D975E /* Pin.swift */; };
		CE71C1C129CD8422008D975E /* Passcode.swift in Sources */ = {isa = PBXBuildFile; fileRef = CE71C1C029CD8422008D975E /* Passcode.swift */; };
		CEC0FA9429C9897000ECB025 /* NotoSans-Regular.ttf in Resources */ = {isa = PBXBuildFile; fileRef = CEC0FA8129C9897000ECB025 /* NotoSans-Regular.ttf */; };
		CEC0FA9529C9897000ECB025 /* NotoSans-Medium.ttf in Resources */ = {isa = PBXBuildFile; fileRef = CEC0FA8229C9897000ECB025 /* NotoSans-Medium.ttf */; };
		CEC0FA9629C9897000ECB025 /* NotoSans-MediumItalic.ttf in Resources */ = {isa = PBXBuildFile; fileRef = CEC0FA8329C9897000ECB025 /* NotoSans-MediumItalic.ttf */; };
		CEC0FA9729C9897000ECB025 /* NotoSans-Black.ttf in Resources */ = {isa = PBXBuildFile; fileRef = CEC0FA8429C9897000ECB025 /* NotoSans-Black.ttf */; };
		CEC0FA9829C9897000ECB025 /* NotoSans-Bold.ttf in Resources */ = {isa = PBXBuildFile; fileRef = CEC0FA8529C9897000ECB025 /* NotoSans-Bold.ttf */; };
		CEC0FA9929C9897000ECB025 /* NotoSans-Thin.ttf in Resources */ = {isa = PBXBuildFile; fileRef = CEC0FA8629C9897000ECB025 /* NotoSans-Thin.ttf */; };
		CEC0FA9A29C9897000ECB025 /* NotoSans-SemiBold.ttf in Resources */ = {isa = PBXBuildFile; fileRef = CEC0FA8729C9897000ECB025 /* NotoSans-SemiBold.ttf */; };
		CEC0FA9B29C9897000ECB025 /* NotoSans-SemiBoldItalic.ttf in Resources */ = {isa = PBXBuildFile; fileRef = CEC0FA8829C9897000ECB025 /* NotoSans-SemiBoldItalic.ttf */; };
		CEC0FA9D29C9897000ECB025 /* NotoSans-LightItalic.ttf in Resources */ = {isa = PBXBuildFile; fileRef = CEC0FA8A29C9897000ECB025 /* NotoSans-LightItalic.ttf */; };
		CEC0FA9E29C9897000ECB025 /* NotoSans-Light.ttf in Resources */ = {isa = PBXBuildFile; fileRef = CEC0FA8B29C9897000ECB025 /* NotoSans-Light.ttf */; };
		CEC0FA9F29C9897000ECB025 /* NotoSans-BoldItalic.ttf in Resources */ = {isa = PBXBuildFile; fileRef = CEC0FA8C29C9897000ECB025 /* NotoSans-BoldItalic.ttf */; };
		CEC0FAA029C9897000ECB025 /* NotoSans-BlackItalic.ttf in Resources */ = {isa = PBXBuildFile; fileRef = CEC0FA8D29C9897000ECB025 /* NotoSans-BlackItalic.ttf */; };
		CEC0FAA129C9897000ECB025 /* NotoSans-ExtraBoldItalic.ttf in Resources */ = {isa = PBXBuildFile; fileRef = CEC0FA8E29C9897000ECB025 /* NotoSans-ExtraBoldItalic.ttf */; };
		CEC0FAA229C9897000ECB025 /* NotoSans-ExtraLight.ttf in Resources */ = {isa = PBXBuildFile; fileRef = CEC0FA8F29C9897000ECB025 /* NotoSans-ExtraLight.ttf */; };
		CEC0FAA329C9897000ECB025 /* NotoSans-ThinItalic.ttf in Resources */ = {isa = PBXBuildFile; fileRef = CEC0FA9029C9897000ECB025 /* NotoSans-ThinItalic.ttf */; };
		CEC0FAA429C9897000ECB025 /* NotoSans-ExtraLightItalic.ttf in Resources */ = {isa = PBXBuildFile; fileRef = CEC0FA9129C9897000ECB025 /* NotoSans-ExtraLightItalic.ttf */; };
		CEC0FAA529C9897000ECB025 /* NotoSans-ExtraBold.ttf in Resources */ = {isa = PBXBuildFile; fileRef = CEC0FA9229C9897000ECB025 /* NotoSans-ExtraBold.ttf */; };
		CEC0FAA629C9897000ECB025 /* NotoSans-Italic.ttf in Resources */ = {isa = PBXBuildFile; fileRef = CEC0FA9329C9897000ECB025 /* NotoSans-Italic.ttf */; };
		CEC0FAAA29C98BBB00ECB025 /* PortfolioValueView.swift in Sources */ = {isa = PBXBuildFile; fileRef = CEC0FAA929C98BBB00ECB025 /* PortfolioValueView.swift */; };
		CEC0FAAE29C98F6100ECB025 /* UIViewExtensions.swift in Sources */ = {isa = PBXBuildFile; fileRef = CEC0FAAD29C98F6100ECB025 /* UIViewExtensions.swift */; };
		CEC0FAB029C9925700ECB025 /* UIStackViewExtension.swift in Sources */ = {isa = PBXBuildFile; fileRef = CEC0FAAF29C9925700ECB025 /* UIStackViewExtension.swift */; };
		CEC0FAB129C99C9E00ECB025 /* NotoSans-Regular.ttf in Sources */ = {isa = PBXBuildFile; fileRef = CEC0FA8129C9897000ECB025 /* NotoSans-Regular.ttf */; };
		CEC0FAB229C99C9E00ECB025 /* NotoSans-Medium.ttf in Sources */ = {isa = PBXBuildFile; fileRef = CEC0FA8229C9897000ECB025 /* NotoSans-Medium.ttf */; };
		CEC0FAB329C99C9E00ECB025 /* NotoSans-MediumItalic.ttf in Sources */ = {isa = PBXBuildFile; fileRef = CEC0FA8329C9897000ECB025 /* NotoSans-MediumItalic.ttf */; };
		CEC0FAB429C99C9E00ECB025 /* NotoSans-Black.ttf in Sources */ = {isa = PBXBuildFile; fileRef = CEC0FA8429C9897000ECB025 /* NotoSans-Black.ttf */; };
		CEC0FAB529C99C9E00ECB025 /* NotoSans-Bold.ttf in Sources */ = {isa = PBXBuildFile; fileRef = CEC0FA8529C9897000ECB025 /* NotoSans-Bold.ttf */; };
		CEC0FAB629C99C9E00ECB025 /* NotoSans-Thin.ttf in Sources */ = {isa = PBXBuildFile; fileRef = CEC0FA8629C9897000ECB025 /* NotoSans-Thin.ttf */; };
		CEC0FAB729C99C9E00ECB025 /* NotoSans-SemiBold.ttf in Sources */ = {isa = PBXBuildFile; fileRef = CEC0FA8729C9897000ECB025 /* NotoSans-SemiBold.ttf */; };
		CEC0FAB829C99C9E00ECB025 /* NotoSans-SemiBoldItalic.ttf in Sources */ = {isa = PBXBuildFile; fileRef = CEC0FA8829C9897000ECB025 /* NotoSans-SemiBoldItalic.ttf */; };
		CEC0FAB929C99C9E00ECB025 /* NotoSans-LightItalic.ttf in Sources */ = {isa = PBXBuildFile; fileRef = CEC0FA8A29C9897000ECB025 /* NotoSans-LightItalic.ttf */; };
		CEC0FABA29C99C9E00ECB025 /* NotoSans-Light.ttf in Sources */ = {isa = PBXBuildFile; fileRef = CEC0FA8B29C9897000ECB025 /* NotoSans-Light.ttf */; };
		CEC0FABB29C99C9E00ECB025 /* NotoSans-BoldItalic.ttf in Sources */ = {isa = PBXBuildFile; fileRef = CEC0FA8C29C9897000ECB025 /* NotoSans-BoldItalic.ttf */; };
		CEC0FABC29C99C9E00ECB025 /* NotoSans-BlackItalic.ttf in Sources */ = {isa = PBXBuildFile; fileRef = CEC0FA8D29C9897000ECB025 /* NotoSans-BlackItalic.ttf */; };
		CEC0FABD29C99C9E00ECB025 /* NotoSans-ExtraBoldItalic.ttf in Sources */ = {isa = PBXBuildFile; fileRef = CEC0FA8E29C9897000ECB025 /* NotoSans-ExtraBoldItalic.ttf */; };
		CEC0FABE29C99C9E00ECB025 /* NotoSans-ExtraLight.ttf in Sources */ = {isa = PBXBuildFile; fileRef = CEC0FA8F29C9897000ECB025 /* NotoSans-ExtraLight.ttf */; };
		CEC0FABF29C99C9E00ECB025 /* NotoSans-ThinItalic.ttf in Sources */ = {isa = PBXBuildFile; fileRef = CEC0FA9029C9897000ECB025 /* NotoSans-ThinItalic.ttf */; };
		CEC0FAC029C99C9E00ECB025 /* NotoSans-ExtraLightItalic.ttf in Sources */ = {isa = PBXBuildFile; fileRef = CEC0FA9129C9897000ECB025 /* NotoSans-ExtraLightItalic.ttf */; };
		CEC0FAC129C99C9E00ECB025 /* NotoSans-ExtraBold.ttf in Sources */ = {isa = PBXBuildFile; fileRef = CEC0FA9229C9897000ECB025 /* NotoSans-ExtraBold.ttf */; };
		CEC0FAC229C99C9E00ECB025 /* NotoSans-Italic.ttf in Sources */ = {isa = PBXBuildFile; fileRef = CEC0FA9329C9897000ECB025 /* NotoSans-Italic.ttf */; };
		CEC0FAC529C99EF100ECB025 /* WalletCardView.swift in Sources */ = {isa = PBXBuildFile; fileRef = CEC0FAC429C99EF000ECB025 /* WalletCardView.swift */; };
		CEC0FAC829C9C59D00ECB025 /* RestoreWalletView.swift in Sources */ = {isa = PBXBuildFile; fileRef = CEC0FAC729C9C59D00ECB025 /* RestoreWalletView.swift */; };
/* End PBXBuildFile section */

/* Begin PBXFileReference section */
		1403347A29C9F0A800305CA3 /* MoreThingsView.swift */ = {isa = PBXFileReference; lastKnownFileType = sourcecode.swift; path = MoreThingsView.swift; sourceTree = "<group>"; };
		27555644CAEC2AA42143F11A /* Pods-CryptoWallet.release.xcconfig */ = {isa = PBXFileReference; includeInIndex = 1; lastKnownFileType = text.xcconfig; name = "Pods-CryptoWallet.release.xcconfig"; path = "Target Support Files/Pods-CryptoWallet/Pods-CryptoWallet.release.xcconfig"; sourceTree = "<group>"; };
		67F2A865BD33FFF60E4466D2 /* Pods_CryptoWallet.framework */ = {isa = PBXFileReference; explicitFileType = wrapper.framework; includeInIndex = 0; path = Pods_CryptoWallet.framework; sourceTree = BUILT_PRODUCTS_DIR; };
		CA888EAC28A4DDECC2BCE442 /* Pods-CryptoWallet.debug.xcconfig */ = {isa = PBXFileReference; includeInIndex = 1; lastKnownFileType = text.xcconfig; name = "Pods-CryptoWallet.debug.xcconfig"; path = "Target Support Files/Pods-CryptoWallet/Pods-CryptoWallet.debug.xcconfig"; sourceTree = "<group>"; };
		CE280C7F29C45167002B4DEC /* CryptoWallet.app */ = {isa = PBXFileReference; explicitFileType = wrapper.application; includeInIndex = 0; path = CryptoWallet.app; sourceTree = BUILT_PRODUCTS_DIR; };
		CE280C8229C45167002B4DEC /* AppDelegate.swift */ = {isa = PBXFileReference; lastKnownFileType = sourcecode.swift; path = AppDelegate.swift; sourceTree = "<group>"; };
		CE280C8429C45167002B4DEC /* SceneDelegate.swift */ = {isa = PBXFileReference; lastKnownFileType = sourcecode.swift; path = SceneDelegate.swift; sourceTree = "<group>"; };
		CE280C8B29C45168002B4DEC /* Assets.xcassets */ = {isa = PBXFileReference; lastKnownFileType = folder.assetcatalog; path = Assets.xcassets; sourceTree = "<group>"; };
		CE280C8E29C45168002B4DEC /* Base */ = {isa = PBXFileReference; lastKnownFileType = file.storyboard; name = Base; path = Base.lproj/LaunchScreen.storyboard; sourceTree = "<group>"; };
		CE280C9029C45168002B4DEC /* Info.plist */ = {isa = PBXFileReference; lastKnownFileType = text.plist.xml; path = Info.plist; sourceTree = "<group>"; };
		CE280C9E29C4772A002B4DEC /* AppCoordinator.swift */ = {isa = PBXFileReference; lastKnownFileType = sourcecode.swift; path = AppCoordinator.swift; sourceTree = "<group>"; };
		CE280CA129C47D74002B4DEC /* WalletViewController.swift */ = {isa = PBXFileReference; lastKnownFileType = sourcecode.swift; path = WalletViewController.swift; sourceTree = "<group>"; };
		CE280CA529C47EA6002B4DEC /* WalletPresenter.swift */ = {isa = PBXFileReference; lastKnownFileType = sourcecode.swift; path = WalletPresenter.swift; sourceTree = "<group>"; };
		CE280CA729C47F49002B4DEC /* WalletPresenterProtocol.swift */ = {isa = PBXFileReference; lastKnownFileType = sourcecode.swift; path = WalletPresenterProtocol.swift; sourceTree = "<group>"; };
		CE280CAA29C4813A002B4DEC /* WalletViewProtocol.swift */ = {isa = PBXFileReference; lastKnownFileType = sourcecode.swift; path = WalletViewProtocol.swift; sourceTree = "<group>"; };
		CE280CAC29C4850A002B4DEC /* WalletTabBarCoordinator.swift */ = {isa = PBXFileReference; lastKnownFileType = sourcecode.swift; path = WalletTabBarCoordinator.swift; sourceTree = "<group>"; };
		CE280CAF29C4868E002B4DEC /* WalletCoordinator.swift */ = {isa = PBXFileReference; lastKnownFileType = sourcecode.swift; path = WalletCoordinator.swift; sourceTree = "<group>"; };
		CE280CB529C49045002B4DEC /* SettingsPresenterProtocol.swift */ = {isa = PBXFileReference; lastKnownFileType = sourcecode.swift; path = SettingsPresenterProtocol.swift; sourceTree = "<group>"; };
		CE280CB729C49057002B4DEC /* SettingsPresenter.swift */ = {isa = PBXFileReference; lastKnownFileType = sourcecode.swift; path = SettingsPresenter.swift; sourceTree = "<group>"; };
		CE280CB929C4919C002B4DEC /* SettingsViewController.swift */ = {isa = PBXFileReference; lastKnownFileType = sourcecode.swift; path = SettingsViewController.swift; sourceTree = "<group>"; };
		CE280CBB29C491A9002B4DEC /* SettingsViewProtocol.swift */ = {isa = PBXFileReference; lastKnownFileType = sourcecode.swift; path = SettingsViewProtocol.swift; sourceTree = "<group>"; };
		CE280CBD29C49214002B4DEC /* SettingsCoordinator.swift */ = {isa = PBXFileReference; lastKnownFileType = sourcecode.swift; path = SettingsCoordinator.swift; sourceTree = "<group>"; };
		CE40637B29CAE3E6004664FE /* UIButtonExtension.swift */ = {isa = PBXFileReference; lastKnownFileType = sourcecode.swift; path = UIButtonExtension.swift; sourceTree = "<group>"; };
		CE40638129CAFDD1004664FE /* CreateWalletCoordinator.swift */ = {isa = PBXFileReference; lastKnownFileType = sourcecode.swift; path = CreateWalletCoordinator.swift; sourceTree = "<group>"; };
		CE40638329CAFECC004664FE /* CreateWalletViewController.swift */ = {isa = PBXFileReference; lastKnownFileType = sourcecode.swift; path = CreateWalletViewController.swift; sourceTree = "<group>"; };
		CE40638529CAFEF0004664FE /* CreateWalletViewProtocol.swift */ = {isa = PBXFileReference; lastKnownFileType = sourcecode.swift; path = CreateWalletViewProtocol.swift; sourceTree = "<group>"; };
		CE40638729CB00AD004664FE /* CreateWalletPresenter.swift */ = {isa = PBXFileReference; lastKnownFileType = sourcecode.swift; path = CreateWalletPresenter.swift; sourceTree = "<group>"; };
		CE40638929CB01C0004664FE /* CreateWalletPresenterProtocol.swift */ = {isa = PBXFileReference; lastKnownFileType = sourcecode.swift; path = CreateWalletPresenterProtocol.swift; sourceTree = "<group>"; };
		CE40638D29CB13E5004664FE /* CreateWalletInstructionView.swift */ = {isa = PBXFileReference; lastKnownFileType = sourcecode.swift; path = CreateWalletInstructionView.swift; sourceTree = "<group>"; };
		CE40638F29CB276C004664FE /* InstructionView.swift */ = {isa = PBXFileReference; lastKnownFileType = sourcecode.swift; path = InstructionView.swift; sourceTree = "<group>"; };
		CE41AC4A29CC17A7009CE7C3 /* InstructionType.swift */ = {isa = PBXFileReference; lastKnownFileType = sourcecode.swift; path = InstructionType.swift; sourceTree = "<group>"; };
		CE41AC4C29CC2057009CE7C3 /* HeaderInstructionView.swift */ = {isa = PBXFileReference; lastKnownFileType = sourcecode.swift; path = HeaderInstructionView.swift; sourceTree = "<group>"; };
		CE41AC4E29CC2388009CE7C3 /* FooterInstructionView.swift */ = {isa = PBXFileReference; lastKnownFileType = sourcecode.swift; path = FooterInstructionView.swift; sourceTree = "<group>"; };
		CE41AC5429CC408A009CE7C3 /* AddAccountViewController.swift */ = {isa = PBXFileReference; lastKnownFileType = sourcecode.swift; path = AddAccountViewController.swift; sourceTree = "<group>"; };
		CE41AC5629CC409A009CE7C3 /* AddAccountViewProtocol.swift */ = {isa = PBXFileReference; lastKnownFileType = sourcecode.swift; path = AddAccountViewProtocol.swift; sourceTree = "<group>"; };
		CE41AC5829CC44ED009CE7C3 /* AddAccountPresenter.swift */ = {isa = PBXFileReference; lastKnownFileType = sourcecode.swift; path = AddAccountPresenter.swift; sourceTree = "<group>"; };
		CE41AC5A29CC450B009CE7C3 /* AddAccountPresenterProtocol.swift */ = {isa = PBXFileReference; lastKnownFileType = sourcecode.swift; path = AddAccountPresenterProtocol.swift; sourceTree = "<group>"; };
		CE41AC5C29CC46AA009CE7C3 /* AddAccountCoordinator.swift */ = {isa = PBXFileReference; lastKnownFileType = sourcecode.swift; path = AddAccountCoordinator.swift; sourceTree = "<group>"; };
		CE6A9B8C29C97BAD00E1077E /* R.generated.swift */ = {isa = PBXFileReference; fileEncoding = 4; lastKnownFileType = sourcecode.swift; path = R.generated.swift; sourceTree = SOURCE_ROOT; };
		CE71C1BD29CD832E008D975E /* Pin.swift */ = {isa = PBXFileReference; lastKnownFileType = sourcecode.swift; path = Pin.swift; sourceTree = "<group>"; };
		CE71C1C029CD8422008D975E /* Passcode.swift */ = {isa = PBXFileReference; lastKnownFileType = sourcecode.swift; path = Passcode.swift; sourceTree = "<group>"; };
		CEC0FA8129C9897000ECB025 /* NotoSans-Regular.ttf */ = {isa = PBXFileReference; lastKnownFileType = file; path = "NotoSans-Regular.ttf"; sourceTree = "<group>"; };
		CEC0FA8229C9897000ECB025 /* NotoSans-Medium.ttf */ = {isa = PBXFileReference; lastKnownFileType = file; path = "NotoSans-Medium.ttf"; sourceTree = "<group>"; };
		CEC0FA8329C9897000ECB025 /* NotoSans-MediumItalic.ttf */ = {isa = PBXFileReference; lastKnownFileType = file; path = "NotoSans-MediumItalic.ttf"; sourceTree = "<group>"; };
		CEC0FA8429C9897000ECB025 /* NotoSans-Black.ttf */ = {isa = PBXFileReference; lastKnownFileType = file; path = "NotoSans-Black.ttf"; sourceTree = "<group>"; };
		CEC0FA8529C9897000ECB025 /* NotoSans-Bold.ttf */ = {isa = PBXFileReference; lastKnownFileType = file; path = "NotoSans-Bold.ttf"; sourceTree = "<group>"; };
		CEC0FA8629C9897000ECB025 /* NotoSans-Thin.ttf */ = {isa = PBXFileReference; lastKnownFileType = file; path = "NotoSans-Thin.ttf"; sourceTree = "<group>"; };
		CEC0FA8729C9897000ECB025 /* NotoSans-SemiBold.ttf */ = {isa = PBXFileReference; lastKnownFileType = file; path = "NotoSans-SemiBold.ttf"; sourceTree = "<group>"; };
		CEC0FA8829C9897000ECB025 /* NotoSans-SemiBoldItalic.ttf */ = {isa = PBXFileReference; lastKnownFileType = file; path = "NotoSans-SemiBoldItalic.ttf"; sourceTree = "<group>"; };
		CEC0FA8A29C9897000ECB025 /* NotoSans-LightItalic.ttf */ = {isa = PBXFileReference; lastKnownFileType = file; path = "NotoSans-LightItalic.ttf"; sourceTree = "<group>"; };
		CEC0FA8B29C9897000ECB025 /* NotoSans-Light.ttf */ = {isa = PBXFileReference; lastKnownFileType = file; path = "NotoSans-Light.ttf"; sourceTree = "<group>"; };
		CEC0FA8C29C9897000ECB025 /* NotoSans-BoldItalic.ttf */ = {isa = PBXFileReference; lastKnownFileType = file; path = "NotoSans-BoldItalic.ttf"; sourceTree = "<group>"; };
		CEC0FA8D29C9897000ECB025 /* NotoSans-BlackItalic.ttf */ = {isa = PBXFileReference; lastKnownFileType = file; path = "NotoSans-BlackItalic.ttf"; sourceTree = "<group>"; };
		CEC0FA8E29C9897000ECB025 /* NotoSans-ExtraBoldItalic.ttf */ = {isa = PBXFileReference; lastKnownFileType = file; path = "NotoSans-ExtraBoldItalic.ttf"; sourceTree = "<group>"; };
		CEC0FA8F29C9897000ECB025 /* NotoSans-ExtraLight.ttf */ = {isa = PBXFileReference; lastKnownFileType = file; path = "NotoSans-ExtraLight.ttf"; sourceTree = "<group>"; };
		CEC0FA9029C9897000ECB025 /* NotoSans-ThinItalic.ttf */ = {isa = PBXFileReference; lastKnownFileType = file; path = "NotoSans-ThinItalic.ttf"; sourceTree = "<group>"; };
		CEC0FA9129C9897000ECB025 /* NotoSans-ExtraLightItalic.ttf */ = {isa = PBXFileReference; lastKnownFileType = file; path = "NotoSans-ExtraLightItalic.ttf"; sourceTree = "<group>"; };
		CEC0FA9229C9897000ECB025 /* NotoSans-ExtraBold.ttf */ = {isa = PBXFileReference; lastKnownFileType = file; path = "NotoSans-ExtraBold.ttf"; sourceTree = "<group>"; };
		CEC0FA9329C9897000ECB025 /* NotoSans-Italic.ttf */ = {isa = PBXFileReference; lastKnownFileType = file; path = "NotoSans-Italic.ttf"; sourceTree = "<group>"; };
		CEC0FAA929C98BBB00ECB025 /* PortfolioValueView.swift */ = {isa = PBXFileReference; lastKnownFileType = sourcecode.swift; path = PortfolioValueView.swift; sourceTree = "<group>"; };
		CEC0FAAD29C98F6100ECB025 /* UIViewExtensions.swift */ = {isa = PBXFileReference; lastKnownFileType = sourcecode.swift; path = UIViewExtensions.swift; sourceTree = "<group>"; };
		CEC0FAAF29C9925700ECB025 /* UIStackViewExtension.swift */ = {isa = PBXFileReference; lastKnownFileType = sourcecode.swift; path = UIStackViewExtension.swift; sourceTree = "<group>"; };
		CEC0FAC429C99EF000ECB025 /* WalletCardView.swift */ = {isa = PBXFileReference; lastKnownFileType = sourcecode.swift; path = WalletCardView.swift; sourceTree = "<group>"; };
		CEC0FAC729C9C59D00ECB025 /* RestoreWalletView.swift */ = {isa = PBXFileReference; lastKnownFileType = sourcecode.swift; path = RestoreWalletView.swift; sourceTree = "<group>"; };
/* End PBXFileReference section */

/* Begin PBXFrameworksBuildPhase section */
		CE280C7C29C45167002B4DEC /* Frameworks */ = {
			isa = PBXFrameworksBuildPhase;
			buildActionMask = 2147483647;
			files = (
				CE6A9B9029C97EF600E1077E /* OneInchKit in Frameworks */,
				BCDFDEE3CB09A90B1455D233 /* Pods_CryptoWallet.framework in Frameworks */,
			);
			runOnlyForDeploymentPostprocessing = 0;
		};
/* End PBXFrameworksBuildPhase section */

/* Begin PBXGroup section */
		1403347929C9EF9800305CA3 /* MoreThings */ = {
			isa = PBXGroup;
			children = (
				1403347A29C9F0A800305CA3 /* MoreThingsView.swift */,
			);
			path = MoreThings;
			sourceTree = "<group>";
		};
		2E309B1AD5AAED97235C80F8 /* Pods */ = {
			isa = PBXGroup;
			children = (
				CA888EAC28A4DDECC2BCE442 /* Pods-CryptoWallet.debug.xcconfig */,
				27555644CAEC2AA42143F11A /* Pods-CryptoWallet.release.xcconfig */,
			);
			path = Pods;
			sourceTree = "<group>";
		};
		77BCF77E1896D022244B5FD3 /* Frameworks */ = {
			isa = PBXGroup;
			children = (
				67F2A865BD33FFF60E4466D2 /* Pods_CryptoWallet.framework */,
			);
			name = Frameworks;
			sourceTree = "<group>";
		};
		CE280C7629C45166002B4DEC = {
			isa = PBXGroup;
			children = (
				CE280C8129C45167002B4DEC /* CryptoWallet */,
				CE280C8029C45167002B4DEC /* Products */,
				2E309B1AD5AAED97235C80F8 /* Pods */,
				77BCF77E1896D022244B5FD3 /* Frameworks */,
			);
			sourceTree = "<group>";
		};
		CE280C8029C45167002B4DEC /* Products */ = {
			isa = PBXGroup;
			children = (
				CE280C7F29C45167002B4DEC /* CryptoWallet.app */,
			);
			name = Products;
			sourceTree = "<group>";
		};
		CE280C8129C45167002B4DEC /* CryptoWallet */ = {
			isa = PBXGroup;
			children = (
				CE280C9029C45168002B4DEC /* Info.plist */,
				CE6A9B8C29C97BAD00E1077E /* R.generated.swift */,
				CE280C9629C454A7002B4DEC /* Application */,
				CE280C8D29C45168002B4DEC /* LaunchScreen.storyboard */,
				CE41AC4929CC178E009CE7C3 /* Models */,
				CE280C9B29C475E6002B4DEC /* Modules */,
				CE280C9729C45AB0002B4DEC /* Resources */,
				CEC0FAAB29C98F4300ECB025 /* Utils */,
				CE71C1BC29CD8171008D975E /* Views */,
			);
			path = CryptoWallet;
			sourceTree = "<group>";
		};
		CE280C9629C454A7002B4DEC /* Application */ = {
			isa = PBXGroup;
			children = (
				CE280C8229C45167002B4DEC /* AppDelegate.swift */,
				CE280C8429C45167002B4DEC /* SceneDelegate.swift */,
			);
			path = Application;
			sourceTree = "<group>";
		};
		CE280C9729C45AB0002B4DEC /* Resources */ = {
			isa = PBXGroup;
			children = (
				CEC0FA7F29C9895D00ECB025 /* Fonts */,
				CE280C8B29C45168002B4DEC /* Assets.xcassets */,
			);
			path = Resources;
			sourceTree = "<group>";
		};
		CE280C9B29C475E6002B4DEC /* Modules */ = {
			isa = PBXGroup;
			children = (
				CE41AC5029CC3FC0009CE7C3 /* AddAccount */,
				CE40637D29CAFC0E004664FE /* CreateWallet */,
				CE280CB129C48FCC002B4DEC /* Settings */,
				CE280CA029C47CF5002B4DEC /* Wallet */,
				CE280C9C29C475FA002B4DEC /* Root */,
			);
			path = Modules;
			sourceTree = "<group>";
		};
		CE280C9C29C475FA002B4DEC /* Root */ = {
			isa = PBXGroup;
			children = (
				CE280C9D29C4770E002B4DEC /* Router */,
			);
			path = Root;
			sourceTree = "<group>";
		};
		CE280C9D29C4770E002B4DEC /* Router */ = {
			isa = PBXGroup;
			children = (
				CE280C9E29C4772A002B4DEC /* AppCoordinator.swift */,
				CE280CAC29C4850A002B4DEC /* WalletTabBarCoordinator.swift */,
			);
			path = Router;
			sourceTree = "<group>";
		};
		CE280CA029C47CF5002B4DEC /* Wallet */ = {
			isa = PBXGroup;
			children = (
				CE280CAE29C4853F002B4DEC /* Router */,
				CE280CA429C47D8B002B4DEC /* Presenter */,
				CE280CA329C47D77002B4DEC /* View */,
			);
			path = Wallet;
			sourceTree = "<group>";
		};
		CE280CA329C47D77002B4DEC /* View */ = {
			isa = PBXGroup;
			children = (
				CEC0FAA729C98B8B00ECB025 /* Subviews */,
				CE280CA929C48126002B4DEC /* Protocol */,
				CE280CA129C47D74002B4DEC /* WalletViewController.swift */,
			);
			path = View;
			sourceTree = "<group>";
		};
		CE280CA429C47D8B002B4DEC /* Presenter */ = {
			isa = PBXGroup;
			children = (
				CE280CA529C47EA6002B4DEC /* WalletPresenter.swift */,
				CE280CA729C47F49002B4DEC /* WalletPresenterProtocol.swift */,
			);
			path = Presenter;
			sourceTree = "<group>";
		};
		CE280CA929C48126002B4DEC /* Protocol */ = {
			isa = PBXGroup;
			children = (
				CE280CAA29C4813A002B4DEC /* WalletViewProtocol.swift */,
			);
			path = Protocol;
			sourceTree = "<group>";
		};
		CE280CAE29C4853F002B4DEC /* Router */ = {
			isa = PBXGroup;
			children = (
				CE280CAF29C4868E002B4DEC /* WalletCoordinator.swift */,
			);
			path = Router;
			sourceTree = "<group>";
		};
		CE280CB129C48FCC002B4DEC /* Settings */ = {
			isa = PBXGroup;
			children = (
				CE280CB429C4902A002B4DEC /* Presenter */,
				CE280CB329C49026002B4DEC /* View */,
				CE280CB229C49021002B4DEC /* Router */,
			);
			path = Settings;
			sourceTree = "<group>";
		};
		CE280CB229C49021002B4DEC /* Router */ = {
			isa = PBXGroup;
			children = (
				CE280CBD29C49214002B4DEC /* SettingsCoordinator.swift */,
			);
			path = Router;
			sourceTree = "<group>";
		};
		CE280CB329C49026002B4DEC /* View */ = {
			isa = PBXGroup;
			children = (
				CE280CB929C4919C002B4DEC /* SettingsViewController.swift */,
				CE280CBB29C491A9002B4DEC /* SettingsViewProtocol.swift */,
			);
			path = View;
			sourceTree = "<group>";
		};
		CE280CB429C4902A002B4DEC /* Presenter */ = {
			isa = PBXGroup;
			children = (
				CE280CB529C49045002B4DEC /* SettingsPresenterProtocol.swift */,
				CE280CB729C49057002B4DEC /* SettingsPresenter.swift */,
			);
			path = Presenter;
			sourceTree = "<group>";
		};
		CE40637D29CAFC0E004664FE /* CreateWallet */ = {
			isa = PBXGroup;
			children = (
				CE40638029CAFD46004664FE /* Router */,
				CE40637F29CAFC22004664FE /* View */,
				CE40637E29CAFC1A004664FE /* Presenter */,
			);
			path = CreateWallet;
			sourceTree = "<group>";
		};
		CE40637E29CAFC1A004664FE /* Presenter */ = {
			isa = PBXGroup;
			children = (
				CE40638729CB00AD004664FE /* CreateWalletPresenter.swift */,
				CE40638929CB01C0004664FE /* CreateWalletPresenterProtocol.swift */,
			);
			path = Presenter;
			sourceTree = "<group>";
		};
		CE40637F29CAFC22004664FE /* View */ = {
			isa = PBXGroup;
			children = (
				CE40638B29CB10FE004664FE /* Subviews */,
				CE40638329CAFECC004664FE /* CreateWalletViewController.swift */,
				CE40638529CAFEF0004664FE /* CreateWalletViewProtocol.swift */,
			);
			path = View;
			sourceTree = "<group>";
		};
		CE40638029CAFD46004664FE /* Router */ = {
			isa = PBXGroup;
			children = (
				CE40638129CAFDD1004664FE /* CreateWalletCoordinator.swift */,
			);
			path = Router;
			sourceTree = "<group>";
		};
		CE40638B29CB10FE004664FE /* Subviews */ = {
			isa = PBXGroup;
			children = (
				CE71C1C229CD9796008D975E /* Passcode */,
				CE40638C29CB1366004664FE /* Instruction */,
			);
			path = Subviews;
			sourceTree = "<group>";
		};
		CE40638C29CB1366004664FE /* Instruction */ = {
			isa = PBXGroup;
			children = (
				CE40638D29CB13E5004664FE /* CreateWalletInstructionView.swift */,
				CE40638F29CB276C004664FE /* InstructionView.swift */,
				CE41AC4C29CC2057009CE7C3 /* HeaderInstructionView.swift */,
				CE41AC4E29CC2388009CE7C3 /* FooterInstructionView.swift */,
			);
			path = Instruction;
			sourceTree = "<group>";
		};
		CE41AC4929CC178E009CE7C3 /* Models */ = {
			isa = PBXGroup;
			children = (
				CE41AC4A29CC17A7009CE7C3 /* InstructionType.swift */,
			);
			path = Models;
			sourceTree = "<group>";
		};
		CE41AC5029CC3FC0009CE7C3 /* AddAccount */ = {
			isa = PBXGroup;
			children = (
				CE41AC5329CC4012009CE7C3 /* Router */,
				CE41AC5229CC4007009CE7C3 /* Presenter */,
				CE41AC5129CC4002009CE7C3 /* View */,
			);
			path = AddAccount;
			sourceTree = "<group>";
		};
		CE41AC5129CC4002009CE7C3 /* View */ = {
			isa = PBXGroup;
			children = (
				CE71C1C329CDA38D008D975E /* Subviews */,
				CE41AC5429CC408A009CE7C3 /* AddAccountViewController.swift */,
				CE41AC5629CC409A009CE7C3 /* AddAccountViewProtocol.swift */,
			);
			path = View;
			sourceTree = "<group>";
		};
		CE41AC5229CC4007009CE7C3 /* Presenter */ = {
			isa = PBXGroup;
			children = (
				CE41AC5829CC44ED009CE7C3 /* AddAccountPresenter.swift */,
				CE41AC5A29CC450B009CE7C3 /* AddAccountPresenterProtocol.swift */,
			);
			path = Presenter;
			sourceTree = "<group>";
		};
		CE41AC5329CC4012009CE7C3 /* Router */ = {
			isa = PBXGroup;
			children = (
				CE41AC5C29CC46AA009CE7C3 /* AddAccountCoordinator.swift */,
			);
			path = Router;
			sourceTree = "<group>";
		};
		CE71C1BC29CD8171008D975E /* Views */ = {
			isa = PBXGroup;
			children = (
				CE71C1BF29CD8342008D975E /* Passcode */,
			);
			path = Views;
			sourceTree = "<group>";
		};
		CE71C1BF29CD8342008D975E /* Passcode */ = {
			isa = PBXGroup;
			children = (
				CE71C1BD29CD832E008D975E /* Pin.swift */,
				CE71C1C029CD8422008D975E /* Passcode.swift */,
			);
			path = Passcode;
			sourceTree = "<group>";
		};
		CE71C1C229CD9796008D975E /* Passcode */ = {
			isa = PBXGroup;
			children = (
			);
			path = Passcode;
			sourceTree = "<group>";
		};
		CE71C1C329CDA38D008D975E /* Subviews */ = {
			isa = PBXGroup;
			children = (
			);
			path = Subviews;
			sourceTree = "<group>";
		};
		CEC0FA7F29C9895D00ECB025 /* Fonts */ = {
			isa = PBXGroup;
			children = (
				CEC0FA8029C9897000ECB025 /* Noto_Sans */,
			);
			path = Fonts;
			sourceTree = "<group>";
		};
		CEC0FA8029C9897000ECB025 /* Noto_Sans */ = {
			isa = PBXGroup;
			children = (
				CEC0FA8129C9897000ECB025 /* NotoSans-Regular.ttf */,
				CEC0FA8229C9897000ECB025 /* NotoSans-Medium.ttf */,
				CEC0FA8329C9897000ECB025 /* NotoSans-MediumItalic.ttf */,
				CEC0FA8429C9897000ECB025 /* NotoSans-Black.ttf */,
				CEC0FA8529C9897000ECB025 /* NotoSans-Bold.ttf */,
				CEC0FA8629C9897000ECB025 /* NotoSans-Thin.ttf */,
				CEC0FA8729C9897000ECB025 /* NotoSans-SemiBold.ttf */,
				CEC0FA8829C9897000ECB025 /* NotoSans-SemiBoldItalic.ttf */,
				CEC0FA8A29C9897000ECB025 /* NotoSans-LightItalic.ttf */,
				CEC0FA8B29C9897000ECB025 /* NotoSans-Light.ttf */,
				CEC0FA8C29C9897000ECB025 /* NotoSans-BoldItalic.ttf */,
				CEC0FA8D29C9897000ECB025 /* NotoSans-BlackItalic.ttf */,
				CEC0FA8E29C9897000ECB025 /* NotoSans-ExtraBoldItalic.ttf */,
				CEC0FA8F29C9897000ECB025 /* NotoSans-ExtraLight.ttf */,
				CEC0FA9029C9897000ECB025 /* NotoSans-ThinItalic.ttf */,
				CEC0FA9129C9897000ECB025 /* NotoSans-ExtraLightItalic.ttf */,
				CEC0FA9229C9897000ECB025 /* NotoSans-ExtraBold.ttf */,
				CEC0FA9329C9897000ECB025 /* NotoSans-Italic.ttf */,
			);
			path = Noto_Sans;
			sourceTree = "<group>";
		};
		CEC0FAA729C98B8B00ECB025 /* Subviews */ = {
			isa = PBXGroup;
			children = (
				1403347929C9EF9800305CA3 /* MoreThings */,
				CEC0FAC629C9C58900ECB025 /* RestoreWallet */,
				CEC0FAC329C99EE000ECB025 /* WalletCard */,
				CEC0FAA829C98B9200ECB025 /* PortfolioValueView */,
			);
			path = Subviews;
			sourceTree = "<group>";
		};
		CEC0FAA829C98B9200ECB025 /* PortfolioValueView */ = {
			isa = PBXGroup;
			children = (
				CEC0FAA929C98BBB00ECB025 /* PortfolioValueView.swift */,
			);
			path = PortfolioValueView;
			sourceTree = "<group>";
		};
		CEC0FAAB29C98F4300ECB025 /* Utils */ = {
			isa = PBXGroup;
			children = (
				CEC0FAAC29C98F5000ECB025 /* Extensions */,
			);
			path = Utils;
			sourceTree = "<group>";
		};
		CEC0FAAC29C98F5000ECB025 /* Extensions */ = {
			isa = PBXGroup;
			children = (
				CEC0FAAD29C98F6100ECB025 /* UIViewExtensions.swift */,
				CEC0FAAF29C9925700ECB025 /* UIStackViewExtension.swift */,
				CE40637B29CAE3E6004664FE /* UIButtonExtension.swift */,
			);
			path = Extensions;
			sourceTree = "<group>";
		};
		CEC0FAC329C99EE000ECB025 /* WalletCard */ = {
			isa = PBXGroup;
			children = (
				CEC0FAC429C99EF000ECB025 /* WalletCardView.swift */,
			);
			path = WalletCard;
			sourceTree = "<group>";
		};
		CEC0FAC629C9C58900ECB025 /* RestoreWallet */ = {
			isa = PBXGroup;
			children = (
				CEC0FAC729C9C59D00ECB025 /* RestoreWalletView.swift */,
			);
			path = RestoreWallet;
			sourceTree = "<group>";
		};
/* End PBXGroup section */

/* Begin PBXNativeTarget section */
		CE280C7E29C45167002B4DEC /* CryptoWallet */ = {
			isa = PBXNativeTarget;
			buildConfigurationList = CE280C9329C45168002B4DEC /* Build configuration list for PBXNativeTarget "CryptoWallet" */;
			buildPhases = (
				5514A201D0D8B2F3BDC4A899 /* [CP] Check Pods Manifest.lock */,
				CEA5145F29C873AC0036CD9A /* ShellScript */,
				CEA5146029C891FE0036CD9A /* ShellScript */,
				CE280C7B29C45167002B4DEC /* Sources */,
				CE280C7C29C45167002B4DEC /* Frameworks */,
				CE280C7D29C45167002B4DEC /* Resources */,
				746B3FFF4FE897E9FE721917 /* [CP] Embed Pods Frameworks */,
			);
			buildRules = (
			);
			dependencies = (
			);
			name = CryptoWallet;
			packageProductDependencies = (
				CE6A9B8F29C97EF600E1077E /* OneInchKit */,
			);
			productName = CryptoWallet;
			productReference = CE280C7F29C45167002B4DEC /* CryptoWallet.app */;
			productType = "com.apple.product-type.application";
		};
/* End PBXNativeTarget section */

/* Begin PBXProject section */
		CE280C7729C45166002B4DEC /* Project object */ = {
			isa = PBXProject;
			attributes = {
				BuildIndependentTargetsInParallel = 1;
				LastSwiftUpdateCheck = 1410;
				LastUpgradeCheck = 1410;
				TargetAttributes = {
					CE280C7E29C45167002B4DEC = {
						CreatedOnToolsVersion = 14.1;
					};
				};
			};
			buildConfigurationList = CE280C7A29C45166002B4DEC /* Build configuration list for PBXProject "CryptoWallet" */;
			compatibilityVersion = "Xcode 13.0";
			developmentRegion = en;
			hasScannedForEncodings = 0;
			knownRegions = (
				en,
				Base,
			);
			mainGroup = CE280C7629C45166002B4DEC;
			packageReferences = (
				CE6A9B8E29C97EF600E1077E /* XCRemoteSwiftPackageReference "OneInchKit.Swift" */,
			);
			productRefGroup = CE280C8029C45167002B4DEC /* Products */;
			projectDirPath = "";
			projectRoot = "";
			targets = (
				CE280C7E29C45167002B4DEC /* CryptoWallet */,
			);
		};
/* End PBXProject section */

/* Begin PBXResourcesBuildPhase section */
		CE280C7D29C45167002B4DEC /* Resources */ = {
			isa = PBXResourcesBuildPhase;
			buildActionMask = 2147483647;
			files = (
				CEC0FA9D29C9897000ECB025 /* NotoSans-LightItalic.ttf in Resources */,
				CEC0FA9429C9897000ECB025 /* NotoSans-Regular.ttf in Resources */,
				CEC0FA9729C9897000ECB025 /* NotoSans-Black.ttf in Resources */,
				CEC0FA9B29C9897000ECB025 /* NotoSans-SemiBoldItalic.ttf in Resources */,
				CEC0FAA229C9897000ECB025 /* NotoSans-ExtraLight.ttf in Resources */,
				CEC0FAA129C9897000ECB025 /* NotoSans-ExtraBoldItalic.ttf in Resources */,
				CEC0FAA029C9897000ECB025 /* NotoSans-BlackItalic.ttf in Resources */,
				CEC0FA9A29C9897000ECB025 /* NotoSans-SemiBold.ttf in Resources */,
				CEC0FA9929C9897000ECB025 /* NotoSans-Thin.ttf in Resources */,
				CE280C8F29C45168002B4DEC /* LaunchScreen.storyboard in Resources */,
				CEC0FA9829C9897000ECB025 /* NotoSans-Bold.ttf in Resources */,
				CEC0FA9629C9897000ECB025 /* NotoSans-MediumItalic.ttf in Resources */,
				CEC0FAA529C9897000ECB025 /* NotoSans-ExtraBold.ttf in Resources */,
				CEC0FA9F29C9897000ECB025 /* NotoSans-BoldItalic.ttf in Resources */,
				CEC0FAA429C9897000ECB025 /* NotoSans-ExtraLightItalic.ttf in Resources */,
				CEC0FA9529C9897000ECB025 /* NotoSans-Medium.ttf in Resources */,
				CEC0FA9E29C9897000ECB025 /* NotoSans-Light.ttf in Resources */,
				CEC0FAA629C9897000ECB025 /* NotoSans-Italic.ttf in Resources */,
				CEC0FAA329C9897000ECB025 /* NotoSans-ThinItalic.ttf in Resources */,
				CE280C8C29C45168002B4DEC /* Assets.xcassets in Resources */,
			);
			runOnlyForDeploymentPostprocessing = 0;
		};
/* End PBXResourcesBuildPhase section */

/* Begin PBXShellScriptBuildPhase section */
		5514A201D0D8B2F3BDC4A899 /* [CP] Check Pods Manifest.lock */ = {
			isa = PBXShellScriptBuildPhase;
			buildActionMask = 2147483647;
			files = (
			);
			inputFileListPaths = (
			);
			inputPaths = (
				"${PODS_PODFILE_DIR_PATH}/Podfile.lock",
				"${PODS_ROOT}/Manifest.lock",
			);
			name = "[CP] Check Pods Manifest.lock";
			outputFileListPaths = (
			);
			outputPaths = (
				"$(DERIVED_FILE_DIR)/Pods-CryptoWallet-checkManifestLockResult.txt",
			);
			runOnlyForDeploymentPostprocessing = 0;
			shellPath = /bin/sh;
			shellScript = "diff \"${PODS_PODFILE_DIR_PATH}/Podfile.lock\" \"${PODS_ROOT}/Manifest.lock\" > /dev/null\nif [ $? != 0 ] ; then\n    # print error to STDERR\n    echo \"error: The sandbox is not in sync with the Podfile.lock. Run 'pod install' or update your CocoaPods installation.\" >&2\n    exit 1\nfi\n# This output is used by Xcode 'outputs' to avoid re-running this script phase.\necho \"SUCCESS\" > \"${SCRIPT_OUTPUT_FILE_0}\"\n";
			showEnvVarsInLog = 0;
		};
		746B3FFF4FE897E9FE721917 /* [CP] Embed Pods Frameworks */ = {
			isa = PBXShellScriptBuildPhase;
			buildActionMask = 2147483647;
			files = (
			);
			inputFileListPaths = (
				"${PODS_ROOT}/Target Support Files/Pods-CryptoWallet/Pods-CryptoWallet-frameworks-${CONFIGURATION}-input-files.xcfilelist",
			);
			name = "[CP] Embed Pods Frameworks";
			outputFileListPaths = (
				"${PODS_ROOT}/Target Support Files/Pods-CryptoWallet/Pods-CryptoWallet-frameworks-${CONFIGURATION}-output-files.xcfilelist",
			);
			runOnlyForDeploymentPostprocessing = 0;
			shellPath = /bin/sh;
			shellScript = "\"${PODS_ROOT}/Target Support Files/Pods-CryptoWallet/Pods-CryptoWallet-frameworks.sh\"\n";
			showEnvVarsInLog = 0;
		};
		CEA5145F29C873AC0036CD9A /* ShellScript */ = {
			isa = PBXShellScriptBuildPhase;
			buildActionMask = 2147483647;
			files = (
			);
			inputFileListPaths = (
			);
			inputPaths = (
			);
			outputFileListPaths = (
			);
			outputPaths = (
			);
			runOnlyForDeploymentPostprocessing = 0;
			shellPath = /bin/sh;
			shellScript = "# Type a script or drag a script file from your workspace to insert its path.\n\"${PODS_ROOT}/SwiftLint/swiftlint\"\n";
		};
		CEA5146029C891FE0036CD9A /* ShellScript */ = {
			isa = PBXShellScriptBuildPhase;
			alwaysOutOfDate = 1;
			buildActionMask = 2147483647;
			files = (
			);
			inputFileListPaths = (
			);
			inputPaths = (
			);
			outputFileListPaths = (
			);
			outputPaths = (
				$SRCROOT/R.generated.swift,
			);
			runOnlyForDeploymentPostprocessing = 0;
			shellPath = /bin/sh;
			shellScript = "# Type a script or drag a script file from your workspace to insert its path.\n\"$PODS_ROOT/R.swift/rswift\" generate \"$SRCROOT/R.generated.swift\"\n";
		};
/* End PBXShellScriptBuildPhase section */

/* Begin PBXSourcesBuildPhase section */
		CE280C7B29C45167002B4DEC /* Sources */ = {
			isa = PBXSourcesBuildPhase;
			buildActionMask = 2147483647;
			files = (
				CEC0FAB129C99C9E00ECB025 /* NotoSans-Regular.ttf in Sources */,
				CE40638629CAFEF0004664FE /* CreateWalletViewProtocol.swift in Sources */,
				CE40637C29CAE3E6004664FE /* UIButtonExtension.swift in Sources */,
				CEC0FAB229C99C9E00ECB025 /* NotoSans-Medium.ttf in Sources */,
				CE41AC4B29CC17A7009CE7C3 /* InstructionType.swift in Sources */,
				CEC0FAB329C99C9E00ECB025 /* NotoSans-MediumItalic.ttf in Sources */,
				CEC0FAB429C99C9E00ECB025 /* NotoSans-Black.ttf in Sources */,
				CEC0FAB529C99C9E00ECB025 /* NotoSans-Bold.ttf in Sources */,
				CEC0FAB629C99C9E00ECB025 /* NotoSans-Thin.ttf in Sources */,
				CEC0FAB729C99C9E00ECB025 /* NotoSans-SemiBold.ttf in Sources */,
				CEC0FAB829C99C9E00ECB025 /* NotoSans-SemiBoldItalic.ttf in Sources */,
				CEC0FAB929C99C9E00ECB025 /* NotoSans-LightItalic.ttf in Sources */,
				CEC0FABA29C99C9E00ECB025 /* NotoSans-Light.ttf in Sources */,
				CE41AC5D29CC46AA009CE7C3 /* AddAccountCoordinator.swift in Sources */,
				CEC0FABB29C99C9E00ECB025 /* NotoSans-BoldItalic.ttf in Sources */,
				CEC0FABC29C99C9E00ECB025 /* NotoSans-BlackItalic.ttf in Sources */,
				CEC0FABD29C99C9E00ECB025 /* NotoSans-ExtraBoldItalic.ttf in Sources */,
				CEC0FABE29C99C9E00ECB025 /* NotoSans-ExtraLight.ttf in Sources */,
				CEC0FABF29C99C9E00ECB025 /* NotoSans-ThinItalic.ttf in Sources */,
				CE40638E29CB13E5004664FE /* CreateWalletInstructionView.swift in Sources */,
				CEC0FAC029C99C9E00ECB025 /* NotoSans-ExtraLightItalic.ttf in Sources */,
				CEC0FAC129C99C9E00ECB025 /* NotoSans-ExtraBold.ttf in Sources */,
				CEC0FAC229C99C9E00ECB025 /* NotoSans-Italic.ttf in Sources */,
				CE280CB629C49045002B4DEC /* SettingsPresenterProtocol.swift in Sources */,
				CE280CA829C47F49002B4DEC /* WalletPresenterProtocol.swift in Sources */,
				CE41AC5B29CC450B009CE7C3 /* AddAccountPresenterProtocol.swift in Sources */,
				1403347B29C9F0A800305CA3 /* MoreThingsView.swift in Sources */,
				CE71C1C129CD8422008D975E /* Passcode.swift in Sources */,
				CE40638829CB00AD004664FE /* CreateWalletPresenter.swift in Sources */,
				CE280CAB29C4813A002B4DEC /* WalletViewProtocol.swift in Sources */,
				CE280C9F29C4772A002B4DEC /* AppCoordinator.swift in Sources */,
				CEC0FAC829C9C59D00ECB025 /* RestoreWalletView.swift in Sources */,
				CE40639029CB276C004664FE /* InstructionView.swift in Sources */,
				CE280C8329C45167002B4DEC /* AppDelegate.swift in Sources */,
				CE280CAD29C4850A002B4DEC /* WalletTabBarCoordinator.swift in Sources */,
				CE41AC4F29CC2388009CE7C3 /* FooterInstructionView.swift in Sources */,
				CE71C1BE29CD832E008D975E /* Pin.swift in Sources */,
				CE280C8529C45167002B4DEC /* SceneDelegate.swift in Sources */,
				CEC0FAB029C9925700ECB025 /* UIStackViewExtension.swift in Sources */,
				CE40638229CAFDD1004664FE /* CreateWalletCoordinator.swift in Sources */,
				CE280CA229C47D74002B4DEC /* WalletViewController.swift in Sources */,
				CE280CA629C47EA6002B4DEC /* WalletPresenter.swift in Sources */,
				CEC0FAAA29C98BBB00ECB025 /* PortfolioValueView.swift in Sources */,
				CE41AC4D29CC2057009CE7C3 /* HeaderInstructionView.swift in Sources */,
				CE280CBE29C49214002B4DEC /* SettingsCoordinator.swift in Sources */,
				CE6A9B8D29C97BAD00E1077E /* R.generated.swift in Sources */,
				CE280CBA29C4919C002B4DEC /* SettingsViewController.swift in Sources */,
				CE41AC5529CC408A009CE7C3 /* AddAccountViewController.swift in Sources */,
				CE40638A29CB01C0004664FE /* CreateWalletPresenterProtocol.swift in Sources */,
				CE40638429CAFECC004664FE /* CreateWalletViewController.swift in Sources */,
				CE41AC5729CC409A009CE7C3 /* AddAccountViewProtocol.swift in Sources */,
				CE280CB029C4868E002B4DEC /* WalletCoordinator.swift in Sources */,
				CEC0FAAE29C98F6100ECB025 /* UIViewExtensions.swift in Sources */,
				CEC0FAC529C99EF100ECB025 /* WalletCardView.swift in Sources */,
				CE280CB829C49057002B4DEC /* SettingsPresenter.swift in Sources */,
				CE280CBC29C491A9002B4DEC /* SettingsViewProtocol.swift in Sources */,
				CE41AC5929CC44ED009CE7C3 /* AddAccountPresenter.swift in Sources */,
			);
			runOnlyForDeploymentPostprocessing = 0;
		};
/* End PBXSourcesBuildPhase section */

/* Begin PBXVariantGroup section */
		CE280C8D29C45168002B4DEC /* LaunchScreen.storyboard */ = {
			isa = PBXVariantGroup;
			children = (
				CE280C8E29C45168002B4DEC /* Base */,
			);
			name = LaunchScreen.storyboard;
			sourceTree = "<group>";
		};
/* End PBXVariantGroup section */

/* Begin XCBuildConfiguration section */
		CE280C9129C45168002B4DEC /* Debug */ = {
			isa = XCBuildConfiguration;
			buildSettings = {
				ALWAYS_SEARCH_USER_PATHS = NO;
				CLANG_ANALYZER_NONNULL = YES;
				CLANG_ANALYZER_NUMBER_OBJECT_CONVERSION = YES_AGGRESSIVE;
				CLANG_CXX_LANGUAGE_STANDARD = "gnu++20";
				CLANG_ENABLE_MODULES = YES;
				CLANG_ENABLE_OBJC_ARC = YES;
				CLANG_ENABLE_OBJC_WEAK = YES;
				CLANG_WARN_BLOCK_CAPTURE_AUTORELEASING = YES;
				CLANG_WARN_BOOL_CONVERSION = YES;
				CLANG_WARN_COMMA = YES;
				CLANG_WARN_CONSTANT_CONVERSION = YES;
				CLANG_WARN_DEPRECATED_OBJC_IMPLEMENTATIONS = YES;
				CLANG_WARN_DIRECT_OBJC_ISA_USAGE = YES_ERROR;
				CLANG_WARN_DOCUMENTATION_COMMENTS = YES;
				CLANG_WARN_EMPTY_BODY = YES;
				CLANG_WARN_ENUM_CONVERSION = YES;
				CLANG_WARN_INFINITE_RECURSION = YES;
				CLANG_WARN_INT_CONVERSION = YES;
				CLANG_WARN_NON_LITERAL_NULL_CONVERSION = YES;
				CLANG_WARN_OBJC_IMPLICIT_RETAIN_SELF = YES;
				CLANG_WARN_OBJC_LITERAL_CONVERSION = YES;
				CLANG_WARN_OBJC_ROOT_CLASS = YES_ERROR;
				CLANG_WARN_QUOTED_INCLUDE_IN_FRAMEWORK_HEADER = YES;
				CLANG_WARN_RANGE_LOOP_ANALYSIS = YES;
				CLANG_WARN_STRICT_PROTOTYPES = YES;
				CLANG_WARN_SUSPICIOUS_MOVE = YES;
				CLANG_WARN_UNGUARDED_AVAILABILITY = YES_AGGRESSIVE;
				CLANG_WARN_UNREACHABLE_CODE = YES;
				CLANG_WARN__DUPLICATE_METHOD_MATCH = YES;
				COPY_PHASE_STRIP = NO;
				DEBUG_INFORMATION_FORMAT = dwarf;
				ENABLE_STRICT_OBJC_MSGSEND = YES;
				ENABLE_TESTABILITY = YES;
				GCC_C_LANGUAGE_STANDARD = gnu11;
				GCC_DYNAMIC_NO_PIC = NO;
				GCC_NO_COMMON_BLOCKS = YES;
				GCC_OPTIMIZATION_LEVEL = 0;
				GCC_PREPROCESSOR_DEFINITIONS = (
					"DEBUG=1",
					"$(inherited)",
				);
				GCC_WARN_64_TO_32_BIT_CONVERSION = YES;
				GCC_WARN_ABOUT_RETURN_TYPE = YES_ERROR;
				GCC_WARN_UNDECLARED_SELECTOR = YES;
				GCC_WARN_UNINITIALIZED_AUTOS = YES_AGGRESSIVE;
				GCC_WARN_UNUSED_FUNCTION = YES;
				GCC_WARN_UNUSED_VARIABLE = YES;
				IPHONEOS_DEPLOYMENT_TARGET = 16.1;
				MTL_ENABLE_DEBUG_INFO = INCLUDE_SOURCE;
				MTL_FAST_MATH = YES;
				ONLY_ACTIVE_ARCH = YES;
				SDKROOT = iphoneos;
				SWIFT_ACTIVE_COMPILATION_CONDITIONS = DEBUG;
				SWIFT_OPTIMIZATION_LEVEL = "-Onone";
			};
			name = Debug;
		};
		CE280C9229C45168002B4DEC /* Release */ = {
			isa = XCBuildConfiguration;
			buildSettings = {
				ALWAYS_SEARCH_USER_PATHS = NO;
				CLANG_ANALYZER_NONNULL = YES;
				CLANG_ANALYZER_NUMBER_OBJECT_CONVERSION = YES_AGGRESSIVE;
				CLANG_CXX_LANGUAGE_STANDARD = "gnu++20";
				CLANG_ENABLE_MODULES = YES;
				CLANG_ENABLE_OBJC_ARC = YES;
				CLANG_ENABLE_OBJC_WEAK = YES;
				CLANG_WARN_BLOCK_CAPTURE_AUTORELEASING = YES;
				CLANG_WARN_BOOL_CONVERSION = YES;
				CLANG_WARN_COMMA = YES;
				CLANG_WARN_CONSTANT_CONVERSION = YES;
				CLANG_WARN_DEPRECATED_OBJC_IMPLEMENTATIONS = YES;
				CLANG_WARN_DIRECT_OBJC_ISA_USAGE = YES_ERROR;
				CLANG_WARN_DOCUMENTATION_COMMENTS = YES;
				CLANG_WARN_EMPTY_BODY = YES;
				CLANG_WARN_ENUM_CONVERSION = YES;
				CLANG_WARN_INFINITE_RECURSION = YES;
				CLANG_WARN_INT_CONVERSION = YES;
				CLANG_WARN_NON_LITERAL_NULL_CONVERSION = YES;
				CLANG_WARN_OBJC_IMPLICIT_RETAIN_SELF = YES;
				CLANG_WARN_OBJC_LITERAL_CONVERSION = YES;
				CLANG_WARN_OBJC_ROOT_CLASS = YES_ERROR;
				CLANG_WARN_QUOTED_INCLUDE_IN_FRAMEWORK_HEADER = YES;
				CLANG_WARN_RANGE_LOOP_ANALYSIS = YES;
				CLANG_WARN_STRICT_PROTOTYPES = YES;
				CLANG_WARN_SUSPICIOUS_MOVE = YES;
				CLANG_WARN_UNGUARDED_AVAILABILITY = YES_AGGRESSIVE;
				CLANG_WARN_UNREACHABLE_CODE = YES;
				CLANG_WARN__DUPLICATE_METHOD_MATCH = YES;
				COPY_PHASE_STRIP = NO;
				DEBUG_INFORMATION_FORMAT = "dwarf-with-dsym";
				ENABLE_NS_ASSERTIONS = NO;
				ENABLE_STRICT_OBJC_MSGSEND = YES;
				GCC_C_LANGUAGE_STANDARD = gnu11;
				GCC_NO_COMMON_BLOCKS = YES;
				GCC_WARN_64_TO_32_BIT_CONVERSION = YES;
				GCC_WARN_ABOUT_RETURN_TYPE = YES_ERROR;
				GCC_WARN_UNDECLARED_SELECTOR = YES;
				GCC_WARN_UNINITIALIZED_AUTOS = YES_AGGRESSIVE;
				GCC_WARN_UNUSED_FUNCTION = YES;
				GCC_WARN_UNUSED_VARIABLE = YES;
				IPHONEOS_DEPLOYMENT_TARGET = 16.1;
				MTL_ENABLE_DEBUG_INFO = NO;
				MTL_FAST_MATH = YES;
				SDKROOT = iphoneos;
				SWIFT_COMPILATION_MODE = wholemodule;
				SWIFT_OPTIMIZATION_LEVEL = "-O";
				VALIDATE_PRODUCT = YES;
			};
			name = Release;
		};
		CE280C9429C45168002B4DEC /* Debug */ = {
			isa = XCBuildConfiguration;
			baseConfigurationReference = CA888EAC28A4DDECC2BCE442 /* Pods-CryptoWallet.debug.xcconfig */;
			buildSettings = {
				ASSETCATALOG_COMPILER_APPICON_NAME = AppIcon;
				ASSETCATALOG_COMPILER_GLOBAL_ACCENT_COLOR_NAME = AccentColor;
				CODE_SIGN_STYLE = Automatic;
				CURRENT_PROJECT_VERSION = 1;
				DEVELOPMENT_TEAM = 65CGDLNXGP;
				GENERATE_INFOPLIST_FILE = YES;
				INFOPLIST_FILE = CryptoWallet/Info.plist;
				INFOPLIST_KEY_UIApplicationSupportsIndirectInputEvents = YES;
				INFOPLIST_KEY_UILaunchStoryboardName = LaunchScreen;
				INFOPLIST_KEY_UISupportedInterfaceOrientations = UIInterfaceOrientationPortrait;
				INFOPLIST_KEY_UISupportedInterfaceOrientations_iPad = "UIInterfaceOrientationLandscapeLeft UIInterfaceOrientationLandscapeRight UIInterfaceOrientationPortraitUpsideDown";
				IPHONEOS_DEPLOYMENT_TARGET = 14.0;
				LD_RUNPATH_SEARCH_PATHS = (
					"$(inherited)",
					"@executable_path/Frameworks",
				);
				MARKETING_VERSION = 1.0;
				PRODUCT_BUNDLE_IDENTIFIER = com.boltromyuk.cryptoWallet.CryptoWallet;
				PRODUCT_NAME = "$(TARGET_NAME)";
				SUPPORTED_PLATFORMS = "iphoneos iphonesimulator";
				SUPPORTS_MACCATALYST = NO;
				SUPPORTS_MAC_DESIGNED_FOR_IPHONE_IPAD = NO;
				SWIFT_EMIT_LOC_STRINGS = YES;
				SWIFT_VERSION = 5.0;
				TARGETED_DEVICE_FAMILY = 1;
			};
			name = Debug;
		};
		CE280C9529C45168002B4DEC /* Release */ = {
			isa = XCBuildConfiguration;
			baseConfigurationReference = 27555644CAEC2AA42143F11A /* Pods-CryptoWallet.release.xcconfig */;
			buildSettings = {
				ASSETCATALOG_COMPILER_APPICON_NAME = AppIcon;
				ASSETCATALOG_COMPILER_GLOBAL_ACCENT_COLOR_NAME = AccentColor;
				CODE_SIGN_STYLE = Automatic;
				CURRENT_PROJECT_VERSION = 1;
				DEVELOPMENT_TEAM = 65CGDLNXGP;
				GENERATE_INFOPLIST_FILE = YES;
				INFOPLIST_FILE = CryptoWallet/Info.plist;
				INFOPLIST_KEY_UIApplicationSupportsIndirectInputEvents = YES;
				INFOPLIST_KEY_UILaunchStoryboardName = LaunchScreen;
				INFOPLIST_KEY_UISupportedInterfaceOrientations = UIInterfaceOrientationPortrait;
				INFOPLIST_KEY_UISupportedInterfaceOrientations_iPad = "UIInterfaceOrientationLandscapeLeft UIInterfaceOrientationLandscapeRight UIInterfaceOrientationPortraitUpsideDown";
				IPHONEOS_DEPLOYMENT_TARGET = 14.0;
				LD_RUNPATH_SEARCH_PATHS = (
					"$(inherited)",
					"@executable_path/Frameworks",
				);
				MARKETING_VERSION = 1.0;
				PRODUCT_BUNDLE_IDENTIFIER = com.boltromyuk.cryptoWallet.CryptoWallet;
				PRODUCT_NAME = "$(TARGET_NAME)";
				SUPPORTED_PLATFORMS = "iphoneos iphonesimulator";
				SUPPORTS_MACCATALYST = NO;
				SUPPORTS_MAC_DESIGNED_FOR_IPHONE_IPAD = NO;
				SWIFT_EMIT_LOC_STRINGS = YES;
				SWIFT_VERSION = 5.0;
				TARGETED_DEVICE_FAMILY = 1;
			};
			name = Release;
		};
/* End XCBuildConfiguration section */

/* Begin XCConfigurationList section */
		CE280C7A29C45166002B4DEC /* Build configuration list for PBXProject "CryptoWallet" */ = {
			isa = XCConfigurationList;
			buildConfigurations = (
				CE280C9129C45168002B4DEC /* Debug */,
				CE280C9229C45168002B4DEC /* Release */,
			);
			defaultConfigurationIsVisible = 0;
			defaultConfigurationName = Release;
		};
		CE280C9329C45168002B4DEC /* Build configuration list for PBXNativeTarget "CryptoWallet" */ = {
			isa = XCConfigurationList;
			buildConfigurations = (
				CE280C9429C45168002B4DEC /* Debug */,
				CE280C9529C45168002B4DEC /* Release */,
			);
			defaultConfigurationIsVisible = 0;
			defaultConfigurationName = Release;
		};
/* End XCConfigurationList section */

/* Begin XCRemoteSwiftPackageReference section */
		CE6A9B8E29C97EF600E1077E /* XCRemoteSwiftPackageReference "OneInchKit.Swift" */ = {
			isa = XCRemoteSwiftPackageReference;
			repositoryURL = "https://github.com/horizontalsystems/OneInchKit.Swift.git";
			requirement = {
				kind = upToNextMajorVersion;
				minimumVersion = 1.0.0;
			};
		};
/* End XCRemoteSwiftPackageReference section */

/* Begin XCSwiftPackageProductDependency section */
		CE6A9B8F29C97EF600E1077E /* OneInchKit */ = {
			isa = XCSwiftPackageProductDependency;
			package = CE6A9B8E29C97EF600E1077E /* XCRemoteSwiftPackageReference "OneInchKit.Swift" */;
			productName = OneInchKit;
		};
/* End XCSwiftPackageProductDependency section */
	};
	rootObject = CE280C7729C45166002B4DEC /* Project object */;
}
