// !$*UTF8*$!
{
	archiveVersion = 1;
	classes = {
	};
	objectVersion = 55;
	objects = {

/* Begin PBXBuildFile section */
		1403347B29C9F0A800305CA3 /* MoreThingsView.swift in Sources */ = {isa = PBXBuildFile; fileRef = 1403347A29C9F0A800305CA3 /* MoreThingsView.swift */; };
		140E059C29E529AE00E19CA4 /* EnterRecoveryPhraseView.swift in Sources */ = {isa = PBXBuildFile; fileRef = 140E059B29E529AE00E19CA4 /* EnterRecoveryPhraseView.swift */; };
		14E4A0CC29DAF4D800E8D68F /* SwapCoordinator.swift in Sources */ = {isa = PBXBuildFile; fileRef = 14E4A0CB29DAF4D800E8D68F /* SwapCoordinator.swift */; };
		14E4A0CE29DB051900E8D68F /* SwapPresenter.swift in Sources */ = {isa = PBXBuildFile; fileRef = 14E4A0CD29DB051900E8D68F /* SwapPresenter.swift */; };
		14E4A0D029DB068C00E8D68F /* SwapViewController.swift in Sources */ = {isa = PBXBuildFile; fileRef = 14E4A0CF29DB068C00E8D68F /* SwapViewController.swift */; };
		14E4A0D229DB1C5E00E8D68F /* SwapViewProtocol.swift in Sources */ = {isa = PBXBuildFile; fileRef = 14E4A0D129DB1C5E00E8D68F /* SwapViewProtocol.swift */; };
		14E4A0D429DB1C7200E8D68F /* SwapPresenterProtocol.swift in Sources */ = {isa = PBXBuildFile; fileRef = 14E4A0D329DB1C7200E8D68F /* SwapPresenterProtocol.swift */; };
		BCDFDEE3CB09A90B1455D233 /* Pods_CryptoWallet.framework in Frameworks */ = {isa = PBXBuildFile; fileRef = 67F2A865BD33FFF60E4466D2 /* Pods_CryptoWallet.framework */; };
		CE125ABD29DEAF8E0033A429 /* BackUpOnboardingType.swift in Sources */ = {isa = PBXBuildFile; fileRef = CE125ABC29DEAF8E0033A429 /* BackUpOnboardingType.swift */; };
		CE125ABF29DEEAE50033A429 /* FirebaseFirestoreManager.swift in Sources */ = {isa = PBXBuildFile; fileRef = CE125ABE29DEEAE40033A429 /* FirebaseFirestoreManager.swift */; };
		CE280C8329C45167002B4DEC /* AppDelegate.swift in Sources */ = {isa = PBXBuildFile; fileRef = CE280C8229C45167002B4DEC /* AppDelegate.swift */; };
		CE280C8529C45167002B4DEC /* SceneDelegate.swift in Sources */ = {isa = PBXBuildFile; fileRef = CE280C8429C45167002B4DEC /* SceneDelegate.swift */; };
		CE280C8C29C45168002B4DEC /* Assets.xcassets in Resources */ = {isa = PBXBuildFile; fileRef = CE280C8B29C45168002B4DEC /* Assets.xcassets */; };
		CE280C8F29C45168002B4DEC /* LaunchScreen.storyboard in Resources */ = {isa = PBXBuildFile; fileRef = CE280C8D29C45168002B4DEC /* LaunchScreen.storyboard */; };
		CE280C9F29C4772A002B4DEC /* AppCoordinator.swift in Sources */ = {isa = PBXBuildFile; fileRef = CE280C9E29C4772A002B4DEC /* AppCoordinator.swift */; };
		CE280CA229C47D74002B4DEC /* WalletViewController.swift in Sources */ = {isa = PBXBuildFile; fileRef = CE280CA129C47D74002B4DEC /* WalletViewController.swift */; };
		CE280CA629C47EA6002B4DEC /* WalletPresenter.swift in Sources */ = {isa = PBXBuildFile; fileRef = CE280CA529C47EA6002B4DEC /* WalletPresenter.swift */; };
		CE280CA829C47F49002B4DEC /* WalletPresenterProtocol.swift in Sources */ = {isa = PBXBuildFile; fileRef = CE280CA729C47F49002B4DEC /* WalletPresenterProtocol.swift */; };
		CE280CAB29C4813A002B4DEC /* WalletViewProtocol.swift in Sources */ = {isa = PBXBuildFile; fileRef = CE280CAA29C4813A002B4DEC /* WalletViewProtocol.swift */; };
		CE280CAD29C4850A002B4DEC /* WalletTabBarCoordinator.swift in Sources */ = {isa = PBXBuildFile; fileRef = CE280CAC29C4850A002B4DEC /* WalletTabBarCoordinator.swift */; };
		CE280CB029C4868E002B4DEC /* WalletCoordinator.swift in Sources */ = {isa = PBXBuildFile; fileRef = CE280CAF29C4868E002B4DEC /* WalletCoordinator.swift */; };
		CE280CB629C49045002B4DEC /* SettingsPresenterProtocol.swift in Sources */ = {isa = PBXBuildFile; fileRef = CE280CB529C49045002B4DEC /* SettingsPresenterProtocol.swift */; };
		CE280CB829C49057002B4DEC /* SettingsPresenter.swift in Sources */ = {isa = PBXBuildFile; fileRef = CE280CB729C49057002B4DEC /* SettingsPresenter.swift */; };
		CE280CBA29C4919C002B4DEC /* SettingsViewController.swift in Sources */ = {isa = PBXBuildFile; fileRef = CE280CB929C4919C002B4DEC /* SettingsViewController.swift */; };
		CE280CBC29C491A9002B4DEC /* SettingsViewProtocol.swift in Sources */ = {isa = PBXBuildFile; fileRef = CE280CBB29C491A9002B4DEC /* SettingsViewProtocol.swift */; };
		CE280CBE29C49214002B4DEC /* SettingsCoordinator.swift in Sources */ = {isa = PBXBuildFile; fileRef = CE280CBD29C49214002B4DEC /* SettingsCoordinator.swift */; };
		CE40637C29CAE3E6004664FE /* UIButtonExtension.swift in Sources */ = {isa = PBXBuildFile; fileRef = CE40637B29CAE3E6004664FE /* UIButtonExtension.swift */; };
		CE40638229CAFDD1004664FE /* CreateWalletCoordinator.swift in Sources */ = {isa = PBXBuildFile; fileRef = CE40638129CAFDD1004664FE /* CreateWalletCoordinator.swift */; };
		CE40638429CAFECC004664FE /* CreateWalletViewController.swift in Sources */ = {isa = PBXBuildFile; fileRef = CE40638329CAFECC004664FE /* CreateWalletViewController.swift */; };
		CE40638629CAFEF0004664FE /* CreateWalletViewProtocol.swift in Sources */ = {isa = PBXBuildFile; fileRef = CE40638529CAFEF0004664FE /* CreateWalletViewProtocol.swift */; };
		CE40638829CB00AD004664FE /* CreateWalletPresenter.swift in Sources */ = {isa = PBXBuildFile; fileRef = CE40638729CB00AD004664FE /* CreateWalletPresenter.swift */; };
		CE40638A29CB01C0004664FE /* CreateWalletPresenterProtocol.swift in Sources */ = {isa = PBXBuildFile; fileRef = CE40638929CB01C0004664FE /* CreateWalletPresenterProtocol.swift */; };
		CE40638E29CB13E5004664FE /* CreateWalletInstructionView.swift in Sources */ = {isa = PBXBuildFile; fileRef = CE40638D29CB13E5004664FE /* CreateWalletInstructionView.swift */; };
		CE40639029CB276C004664FE /* InstructionView.swift in Sources */ = {isa = PBXBuildFile; fileRef = CE40638F29CB276C004664FE /* InstructionView.swift */; };
		CE41AC4B29CC17A7009CE7C3 /* InstructionType.swift in Sources */ = {isa = PBXBuildFile; fileRef = CE41AC4A29CC17A7009CE7C3 /* InstructionType.swift */; };
		CE41AC4D29CC2057009CE7C3 /* HeaderInstructionView.swift in Sources */ = {isa = PBXBuildFile; fileRef = CE41AC4C29CC2057009CE7C3 /* HeaderInstructionView.swift */; };
		CE41AC4F29CC2388009CE7C3 /* FooterInstructionView.swift in Sources */ = {isa = PBXBuildFile; fileRef = CE41AC4E29CC2388009CE7C3 /* FooterInstructionView.swift */; };
		CE41AC5529CC408A009CE7C3 /* AddAccountViewController.swift in Sources */ = {isa = PBXBuildFile; fileRef = CE41AC5429CC408A009CE7C3 /* AddAccountViewController.swift */; };
		CE41AC5729CC409A009CE7C3 /* AddAccountViewProtocol.swift in Sources */ = {isa = PBXBuildFile; fileRef = CE41AC5629CC409A009CE7C3 /* AddAccountViewProtocol.swift */; };
		CE41AC5929CC44ED009CE7C3 /* AddAccountPresenter.swift in Sources */ = {isa = PBXBuildFile; fileRef = CE41AC5829CC44ED009CE7C3 /* AddAccountPresenter.swift */; };
		CE41AC5B29CC450B009CE7C3 /* AddAccountPresenterProtocol.swift in Sources */ = {isa = PBXBuildFile; fileRef = CE41AC5A29CC450B009CE7C3 /* AddAccountPresenterProtocol.swift */; };
		CE41AC5D29CC46AA009CE7C3 /* AddAccountCoordinator.swift in Sources */ = {isa = PBXBuildFile; fileRef = CE41AC5C29CC46AA009CE7C3 /* AddAccountCoordinator.swift */; };
		CE4CAFCC29D2D6710017467B /* UIViewControllerExtension.swift in Sources */ = {isa = PBXBuildFile; fileRef = CE4CAFCB29D2D6710017467B /* UIViewControllerExtension.swift */; };
		CE4CAFCF29D2F6C10017467B /* LocalAuthenticationService.swift in Sources */ = {isa = PBXBuildFile; fileRef = CE4CAFCE29D2F6C10017467B /* LocalAuthenticationService.swift */; };
		CE4CAFD229D300E50017467B /* LocalAuthenticationView.swift in Sources */ = {isa = PBXBuildFile; fileRef = CE4CAFD129D300E50017467B /* LocalAuthenticationView.swift */; };
		CE5CCD8929D14B2800F0C1DD /* CreatePinView.swift in Sources */ = {isa = PBXBuildFile; fileRef = CE5CCD8829D14B2800F0C1DD /* CreatePinView.swift */; };
		CE61EDB829DC3FA1005ABAB7 /* HistoryView.swift in Sources */ = {isa = PBXBuildFile; fileRef = CE61EDB729DC3FA1005ABAB7 /* HistoryView.swift */; };
		CE66736329DD899200BF3AC8 /* UserDefaultsService.swift in Sources */ = {isa = PBXBuildFile; fileRef = CE66736229DD899200BF3AC8 /* UserDefaultsService.swift */; };
		CE66736529DD8BA500BF3AC8 /* UserDefaultsKeys.swift in Sources */ = {isa = PBXBuildFile; fileRef = CE66736429DD8BA500BF3AC8 /* UserDefaultsKeys.swift */; };
		CE66736729DD96FA00BF3AC8 /* WalletBackUpViewController.swift in Sources */ = {isa = PBXBuildFile; fileRef = CE66736629DD96FA00BF3AC8 /* WalletBackUpViewController.swift */; };
		CE66736929DD971400BF3AC8 /* WalletBackUpViewProtocol.swift in Sources */ = {isa = PBXBuildFile; fileRef = CE66736829DD971400BF3AC8 /* WalletBackUpViewProtocol.swift */; };
		CE66736B29DD995000BF3AC8 /* WalletBackUpPresenterProtocol.swift in Sources */ = {isa = PBXBuildFile; fileRef = CE66736A29DD995000BF3AC8 /* WalletBackUpPresenterProtocol.swift */; };
		CE66736D29DD9E5F00BF3AC8 /* WalletBackUpCoordinator.swift in Sources */ = {isa = PBXBuildFile; fileRef = CE66736C29DD9E5F00BF3AC8 /* WalletBackUpCoordinator.swift */; };
		CE66737029DDA28B00BF3AC8 /* BackUpOnboardingView.swift in Sources */ = {isa = PBXBuildFile; fileRef = CE66736F29DDA28B00BF3AC8 /* BackUpOnboardingView.swift */; };
		CE6A7EC929E3F93E007AB103 /* RecoveryPhraseViewController.swift in Sources */ = {isa = PBXBuildFile; fileRef = CE6A7EC829E3F93E007AB103 /* RecoveryPhraseViewController.swift */; };
		CE6A7ECB29E3F97D007AB103 /* RecoveryPhraseViewProtocol.swift in Sources */ = {isa = PBXBuildFile; fileRef = CE6A7ECA29E3F97D007AB103 /* RecoveryPhraseViewProtocol.swift */; };
		CE6A7ECD29E3FA0D007AB103 /* RecoveryPhrasePresenter.swift in Sources */ = {isa = PBXBuildFile; fileRef = CE6A7ECC29E3FA0D007AB103 /* RecoveryPhrasePresenter.swift */; };
		CE6A7ECF29E3FA24007AB103 /* RecoveryPhrasePresenterProtocol.swift in Sources */ = {isa = PBXBuildFile; fileRef = CE6A7ECE29E3FA24007AB103 /* RecoveryPhrasePresenterProtocol.swift */; };
		CE6A9B8D29C97BAD00E1077E /* R.generated.swift in Sources */ = {isa = PBXBuildFile; fileRef = CE6A9B8C29C97BAD00E1077E /* R.generated.swift */; };
		CE6F491429E3DDF500E5E220 /* WordCell.swift in Sources */ = {isa = PBXBuildFile; fileRef = CE6F491329E3DDF500E5E220 /* WordCell.swift */; };
		CE6F491A29E3F7B300E5E220 /* RecoveryPhraseCoordinator.swift in Sources */ = {isa = PBXBuildFile; fileRef = CE6F491929E3F7B300E5E220 /* RecoveryPhraseCoordinator.swift */; };
		CE71C1BE29CD832E008D975E /* PinView.swift in Sources */ = {isa = PBXBuildFile; fileRef = CE71C1BD29CD832E008D975E /* PinView.swift */; };
		CE71C1C129CD8422008D975E /* PasscodeView.swift in Sources */ = {isa = PBXBuildFile; fileRef = CE71C1C029CD8422008D975E /* PasscodeView.swift */; };
		CE79FAAC29D5A5F700CC4A7F /* WalletManager.swift in Sources */ = {isa = PBXBuildFile; fileRef = CE79FAAB29D5A5F700CC4A7F /* WalletManager.swift */; };
		CE79FAB029D5A72C00CC4A7F /* EthereumAdapter.swift in Sources */ = {isa = PBXBuildFile; fileRef = CE79FAAF29D5A72C00CC4A7F /* EthereumAdapter.swift */; };
		CE79FAB229D5A8F900CC4A7F /* TransactionRecord.swift in Sources */ = {isa = PBXBuildFile; fileRef = CE79FAB129D5A8F900CC4A7F /* TransactionRecord.swift */; };
		CE79FAB429D5AA8D00CC4A7F /* Configuration.swift in Sources */ = {isa = PBXBuildFile; fileRef = CE79FAB329D5AA8D00CC4A7F /* Configuration.swift */; };
		CE7FA9FE29DBF90C00291CFF /* WalletBackUpPresenter.swift in Sources */ = {isa = PBXBuildFile; fileRef = CE7FA9FD29DBF90C00291CFF /* WalletBackUpPresenter.swift */; };
		CE7FAA0029DC093600291CFF /* GoogleService-Info.plist in Resources */ = {isa = PBXBuildFile; fileRef = CE7FA9FF29DC093600291CFF /* GoogleService-Info.plist */; };
		CE87D6F129DFF29900677FE0 /* LocalAuthenticationViewController.swift in Sources */ = {isa = PBXBuildFile; fileRef = CE87D6F029DFF29900677FE0 /* LocalAuthenticationViewController.swift */; };
		CE87D6F329DFF2E300677FE0 /* LocalAuthenticationViewProtocol.swift in Sources */ = {isa = PBXBuildFile; fileRef = CE87D6F229DFF2E300677FE0 /* LocalAuthenticationViewProtocol.swift */; };
		CE87D6F529DFF36700677FE0 /* LocalAuthenticationPresenter.swift in Sources */ = {isa = PBXBuildFile; fileRef = CE87D6F429DFF36700677FE0 /* LocalAuthenticationPresenter.swift */; };
		CE87D6F729DFF37A00677FE0 /* LocalAuthenticationPresenterProtocol.swift in Sources */ = {isa = PBXBuildFile; fileRef = CE87D6F629DFF37A00677FE0 /* LocalAuthenticationPresenterProtocol.swift */; };
		CE87D6F929DFF42700677FE0 /* LocalAuthenticationCoordinator.swift in Sources */ = {isa = PBXBuildFile; fileRef = CE87D6F829DFF42700677FE0 /* LocalAuthenticationCoordinator.swift */; };
		CE87D6FC29E02B7900677FE0 /* SeedPhraseView.swift in Sources */ = {isa = PBXBuildFile; fileRef = CE87D6FB29E02B7900677FE0 /* SeedPhraseView.swift */; };
		CE87D6FE29E02F5400677FE0 /* WordView.swift in Sources */ = {isa = PBXBuildFile; fileRef = CE87D6FD29E02F5400677FE0 /* WordView.swift */; };
		CEB7CDC929DAA82D000181D5 /* OperationsHistoryCoordinator.swift in Sources */ = {isa = PBXBuildFile; fileRef = CEB7CDC829DAA82D000181D5 /* OperationsHistoryCoordinator.swift */; };
		CEB7CDCB29DAA8CE000181D5 /* OperationsHistoryPresenter.swift in Sources */ = {isa = PBXBuildFile; fileRef = CEB7CDCA29DAA8CE000181D5 /* OperationsHistoryPresenter.swift */; };
		CEB7CDCD29DAA93B000181D5 /* OperationsHistoryPresenterProtocol.swift in Sources */ = {isa = PBXBuildFile; fileRef = CEB7CDCC29DAA93B000181D5 /* OperationsHistoryPresenterProtocol.swift */; };
		CEB7CDCF29DAAAE1000181D5 /* OperationsHistoryViewController.swift in Sources */ = {isa = PBXBuildFile; fileRef = CEB7CDCE29DAAAE1000181D5 /* OperationsHistoryViewController.swift */; };
		CEB7CDD129DAAC57000181D5 /* OperationsHistoryViewProtocol.swift in Sources */ = {isa = PBXBuildFile; fileRef = CEB7CDD029DAAC57000181D5 /* OperationsHistoryViewProtocol.swift */; };
		CEC0FA9429C9897000ECB025 /* NotoSans-Regular.ttf in Resources */ = {isa = PBXBuildFile; fileRef = CEC0FA8129C9897000ECB025 /* NotoSans-Regular.ttf */; };
		CEC0FA9529C9897000ECB025 /* NotoSans-Medium.ttf in Resources */ = {isa = PBXBuildFile; fileRef = CEC0FA8229C9897000ECB025 /* NotoSans-Medium.ttf */; };
		CEC0FA9629C9897000ECB025 /* NotoSans-MediumItalic.ttf in Resources */ = {isa = PBXBuildFile; fileRef = CEC0FA8329C9897000ECB025 /* NotoSans-MediumItalic.ttf */; };
		CEC0FA9729C9897000ECB025 /* NotoSans-Black.ttf in Resources */ = {isa = PBXBuildFile; fileRef = CEC0FA8429C9897000ECB025 /* NotoSans-Black.ttf */; };
		CEC0FA9829C9897000ECB025 /* NotoSans-Bold.ttf in Resources */ = {isa = PBXBuildFile; fileRef = CEC0FA8529C9897000ECB025 /* NotoSans-Bold.ttf */; };
		CEC0FA9929C9897000ECB025 /* NotoSans-Thin.ttf in Resources */ = {isa = PBXBuildFile; fileRef = CEC0FA8629C9897000ECB025 /* NotoSans-Thin.ttf */; };
		CEC0FA9A29C9897000ECB025 /* NotoSans-SemiBold.ttf in Resources */ = {isa = PBXBuildFile; fileRef = CEC0FA8729C9897000ECB025 /* NotoSans-SemiBold.ttf */; };
		CEC0FA9B29C9897000ECB025 /* NotoSans-SemiBoldItalic.ttf in Resources */ = {isa = PBXBuildFile; fileRef = CEC0FA8829C9897000ECB025 /* NotoSans-SemiBoldItalic.ttf */; };
		CEC0FA9D29C9897000ECB025 /* NotoSans-LightItalic.ttf in Resources */ = {isa = PBXBuildFile; fileRef = CEC0FA8A29C9897000ECB025 /* NotoSans-LightItalic.ttf */; };
		CEC0FA9E29C9897000ECB025 /* NotoSans-Light.ttf in Resources */ = {isa = PBXBuildFile; fileRef = CEC0FA8B29C9897000ECB025 /* NotoSans-Light.ttf */; };
		CEC0FA9F29C9897000ECB025 /* NotoSans-BoldItalic.ttf in Resources */ = {isa = PBXBuildFile; fileRef = CEC0FA8C29C9897000ECB025 /* NotoSans-BoldItalic.ttf */; };
		CEC0FAA029C9897000ECB025 /* NotoSans-BlackItalic.ttf in Resources */ = {isa = PBXBuildFile; fileRef = CEC0FA8D29C9897000ECB025 /* NotoSans-BlackItalic.ttf */; };
		CEC0FAA129C9897000ECB025 /* NotoSans-ExtraBoldItalic.ttf in Resources */ = {isa = PBXBuildFile; fileRef = CEC0FA8E29C9897000ECB025 /* NotoSans-ExtraBoldItalic.ttf */; };
		CEC0FAA229C9897000ECB025 /* NotoSans-ExtraLight.ttf in Resources */ = {isa = PBXBuildFile; fileRef = CEC0FA8F29C9897000ECB025 /* NotoSans-ExtraLight.ttf */; };
		CEC0FAA329C9897000ECB025 /* NotoSans-ThinItalic.ttf in Resources */ = {isa = PBXBuildFile; fileRef = CEC0FA9029C9897000ECB025 /* NotoSans-ThinItalic.ttf */; };
		CEC0FAA429C9897000ECB025 /* NotoSans-ExtraLightItalic.ttf in Resources */ = {isa = PBXBuildFile; fileRef = CEC0FA9129C9897000ECB025 /* NotoSans-ExtraLightItalic.ttf */; };
		CEC0FAA529C9897000ECB025 /* NotoSans-ExtraBold.ttf in Resources */ = {isa = PBXBuildFile; fileRef = CEC0FA9229C9897000ECB025 /* NotoSans-ExtraBold.ttf */; };
		CEC0FAA629C9897000ECB025 /* NotoSans-Italic.ttf in Resources */ = {isa = PBXBuildFile; fileRef = CEC0FA9329C9897000ECB025 /* NotoSans-Italic.ttf */; };
		CEC0FAAA29C98BBB00ECB025 /* PortfolioValueView.swift in Sources */ = {isa = PBXBuildFile; fileRef = CEC0FAA929C98BBB00ECB025 /* PortfolioValueView.swift */; };
		CEC0FAAE29C98F6100ECB025 /* UIViewExtensions.swift in Sources */ = {isa = PBXBuildFile; fileRef = CEC0FAAD29C98F6100ECB025 /* UIViewExtensions.swift */; };
		CEC0FAB029C9925700ECB025 /* UIStackViewExtension.swift in Sources */ = {isa = PBXBuildFile; fileRef = CEC0FAAF29C9925700ECB025 /* UIStackViewExtension.swift */; };
		CEC0FAB129C99C9E00ECB025 /* NotoSans-Regular.ttf in Sources */ = {isa = PBXBuildFile; fileRef = CEC0FA8129C9897000ECB025 /* NotoSans-Regular.ttf */; };
		CEC0FAB229C99C9E00ECB025 /* NotoSans-Medium.ttf in Sources */ = {isa = PBXBuildFile; fileRef = CEC0FA8229C9897000ECB025 /* NotoSans-Medium.ttf */; };
		CEC0FAB329C99C9E00ECB025 /* NotoSans-MediumItalic.ttf in Sources */ = {isa = PBXBuildFile; fileRef = CEC0FA8329C9897000ECB025 /* NotoSans-MediumItalic.ttf */; };
		CEC0FAB429C99C9E00ECB025 /* NotoSans-Black.ttf in Sources */ = {isa = PBXBuildFile; fileRef = CEC0FA8429C9897000ECB025 /* NotoSans-Black.ttf */; };
		CEC0FAB529C99C9E00ECB025 /* NotoSans-Bold.ttf in Sources */ = {isa = PBXBuildFile; fileRef = CEC0FA8529C9897000ECB025 /* NotoSans-Bold.ttf */; };
		CEC0FAB629C99C9E00ECB025 /* NotoSans-Thin.ttf in Sources */ = {isa = PBXBuildFile; fileRef = CEC0FA8629C9897000ECB025 /* NotoSans-Thin.ttf */; };
		CEC0FAB729C99C9E00ECB025 /* NotoSans-SemiBold.ttf in Sources */ = {isa = PBXBuildFile; fileRef = CEC0FA8729C9897000ECB025 /* NotoSans-SemiBold.ttf */; };
		CEC0FAB829C99C9E00ECB025 /* NotoSans-SemiBoldItalic.ttf in Sources */ = {isa = PBXBuildFile; fileRef = CEC0FA8829C9897000ECB025 /* NotoSans-SemiBoldItalic.ttf */; };
		CEC0FAB929C99C9E00ECB025 /* NotoSans-LightItalic.ttf in Sources */ = {isa = PBXBuildFile; fileRef = CEC0FA8A29C9897000ECB025 /* NotoSans-LightItalic.ttf */; };
		CEC0FABA29C99C9E00ECB025 /* NotoSans-Light.ttf in Sources */ = {isa = PBXBuildFile; fileRef = CEC0FA8B29C9897000ECB025 /* NotoSans-Light.ttf */; };
		CEC0FABB29C99C9E00ECB025 /* NotoSans-BoldItalic.ttf in Sources */ = {isa = PBXBuildFile; fileRef = CEC0FA8C29C9897000ECB025 /* NotoSans-BoldItalic.ttf */; };
		CEC0FABC29C99C9E00ECB025 /* NotoSans-BlackItalic.ttf in Sources */ = {isa = PBXBuildFile; fileRef = CEC0FA8D29C9897000ECB025 /* NotoSans-BlackItalic.ttf */; };
		CEC0FABD29C99C9E00ECB025 /* NotoSans-ExtraBoldItalic.ttf in Sources */ = {isa = PBXBuildFile; fileRef = CEC0FA8E29C9897000ECB025 /* NotoSans-ExtraBoldItalic.ttf */; };
		CEC0FABE29C99C9E00ECB025 /* NotoSans-ExtraLight.ttf in Sources */ = {isa = PBXBuildFile; fileRef = CEC0FA8F29C9897000ECB025 /* NotoSans-ExtraLight.ttf */; };
		CEC0FABF29C99C9E00ECB025 /* NotoSans-ThinItalic.ttf in Sources */ = {isa = PBXBuildFile; fileRef = CEC0FA9029C9897000ECB025 /* NotoSans-ThinItalic.ttf */; };
		CEC0FAC029C99C9E00ECB025 /* NotoSans-ExtraLightItalic.ttf in Sources */ = {isa = PBXBuildFile; fileRef = CEC0FA9129C9897000ECB025 /* NotoSans-ExtraLightItalic.ttf */; };
		CEC0FAC129C99C9E00ECB025 /* NotoSans-ExtraBold.ttf in Sources */ = {isa = PBXBuildFile; fileRef = CEC0FA9229C9897000ECB025 /* NotoSans-ExtraBold.ttf */; };
		CEC0FAC229C99C9E00ECB025 /* NotoSans-Italic.ttf in Sources */ = {isa = PBXBuildFile; fileRef = CEC0FA9329C9897000ECB025 /* NotoSans-Italic.ttf */; };
		CEC0FAC529C99EF100ECB025 /* WalletCardView.swift in Sources */ = {isa = PBXBuildFile; fileRef = CEC0FAC429C99EF000ECB025 /* WalletCardView.swift */; };
		CEC0FAC829C9C59D00ECB025 /* RestoreWalletView.swift in Sources */ = {isa = PBXBuildFile; fileRef = CEC0FAC729C9C59D00ECB025 /* RestoreWalletView.swift */; };
		CEC7210129D4030100D7BB81 /* BiometricType.swift in Sources */ = {isa = PBXBuildFile; fileRef = CEC7210029D4030100D7BB81 /* BiometricType.swift */; };
		CEC7210429D41C4A00D7BB81 /* KeychainKeys.swift in Sources */ = {isa = PBXBuildFile; fileRef = CEC7210329D41C4A00D7BB81 /* KeychainKeys.swift */; };
		CEC7210629D41CE500D7BB81 /* KeychainService.swift in Sources */ = {isa = PBXBuildFile; fileRef = CEC7210529D41CE500D7BB81 /* KeychainService.swift */; };
		CEC7210829D45C0C00D7BB81 /* OneInchService.swift in Sources */ = {isa = PBXBuildFile; fileRef = CEC7210729D45C0C00D7BB81 /* OneInchService.swift */; };
		CEE913AE29DC25EA0006B763 /* OneInchKit in Frameworks */ = {isa = PBXBuildFile; productRef = CEE913AD29DC25EA0006B763 /* OneInchKit */; };
		CEE913B129DC26770006B763 /* FirebaseAnalytics in Frameworks */ = {isa = PBXBuildFile; productRef = CEE913B029DC26770006B763 /* FirebaseAnalytics */; };
		CEE913B329DC26770006B763 /* FirebaseAnalyticsSwift in Frameworks */ = {isa = PBXBuildFile; productRef = CEE913B229DC26770006B763 /* FirebaseAnalyticsSwift */; };
		CEE913B529DC26770006B763 /* FirebaseCrashlytics in Frameworks */ = {isa = PBXBuildFile; productRef = CEE913B429DC26770006B763 /* FirebaseCrashlytics */; };
		CEE913B729DC26770006B763 /* FirebaseFirestore in Frameworks */ = {isa = PBXBuildFile; productRef = CEE913B629DC26770006B763 /* FirebaseFirestore */; };
		CEE913B929DC26770006B763 /* FirebaseFirestoreSwift in Frameworks */ = {isa = PBXBuildFile; productRef = CEE913B829DC26770006B763 /* FirebaseFirestoreSwift */; };
		CEE913BB29DC26770006B763 /* FirebaseMessaging in Frameworks */ = {isa = PBXBuildFile; productRef = CEE913BA29DC26770006B763 /* FirebaseMessaging */; };
		CEE913BD29DC26770006B763 /* FirebaseRemoteConfig in Frameworks */ = {isa = PBXBuildFile; productRef = CEE913BC29DC26770006B763 /* FirebaseRemoteConfig */; };
		CEE913BF29DC26770006B763 /* FirebaseRemoteConfigSwift in Frameworks */ = {isa = PBXBuildFile; productRef = CEE913BE29DC26770006B763 /* FirebaseRemoteConfigSwift */; };
		CEE913C129DC26770006B763 /* FirebaseStorage in Frameworks */ = {isa = PBXBuildFile; productRef = CEE913C029DC26770006B763 /* FirebaseStorage */; };
/* End PBXBuildFile section */

/* Begin PBXFileReference section */
		1403347A29C9F0A800305CA3 /* MoreThingsView.swift */ = {isa = PBXFileReference; lastKnownFileType = sourcecode.swift; path = MoreThingsView.swift; sourceTree = "<group>"; };
		140E059B29E529AE00E19CA4 /* EnterRecoveryPhraseView.swift */ = {isa = PBXFileReference; lastKnownFileType = sourcecode.swift; path = EnterRecoveryPhraseView.swift; sourceTree = "<group>"; };
		14E4A0CB29DAF4D800E8D68F /* SwapCoordinator.swift */ = {isa = PBXFileReference; lastKnownFileType = sourcecode.swift; path = SwapCoordinator.swift; sourceTree = "<group>"; };
		14E4A0CD29DB051900E8D68F /* SwapPresenter.swift */ = {isa = PBXFileReference; lastKnownFileType = sourcecode.swift; path = SwapPresenter.swift; sourceTree = "<group>"; };
		14E4A0CF29DB068C00E8D68F /* SwapViewController.swift */ = {isa = PBXFileReference; lastKnownFileType = sourcecode.swift; name = SwapViewController.swift; path = CryptoWallet/Modules/Swap/View/SwapViewController.swift; sourceTree = SOURCE_ROOT; };
		14E4A0D129DB1C5E00E8D68F /* SwapViewProtocol.swift */ = {isa = PBXFileReference; lastKnownFileType = sourcecode.swift; name = SwapViewProtocol.swift; path = CryptoWallet/Modules/Swap/View/SwapViewProtocol.swift; sourceTree = SOURCE_ROOT; };
		14E4A0D329DB1C7200E8D68F /* SwapPresenterProtocol.swift */ = {isa = PBXFileReference; lastKnownFileType = sourcecode.swift; path = SwapPresenterProtocol.swift; sourceTree = "<group>"; };
		27555644CAEC2AA42143F11A /* Pods-CryptoWallet.release.xcconfig */ = {isa = PBXFileReference; includeInIndex = 1; lastKnownFileType = text.xcconfig; name = "Pods-CryptoWallet.release.xcconfig"; path = "Target Support Files/Pods-CryptoWallet/Pods-CryptoWallet.release.xcconfig"; sourceTree = "<group>"; };
		67F2A865BD33FFF60E4466D2 /* Pods_CryptoWallet.framework */ = {isa = PBXFileReference; explicitFileType = wrapper.framework; includeInIndex = 0; path = Pods_CryptoWallet.framework; sourceTree = BUILT_PRODUCTS_DIR; };
		CA888EAC28A4DDECC2BCE442 /* Pods-CryptoWallet.debug.xcconfig */ = {isa = PBXFileReference; includeInIndex = 1; lastKnownFileType = text.xcconfig; name = "Pods-CryptoWallet.debug.xcconfig"; path = "Target Support Files/Pods-CryptoWallet/Pods-CryptoWallet.debug.xcconfig"; sourceTree = "<group>"; };
		CE125ABC29DEAF8E0033A429 /* BackUpOnboardingType.swift */ = {isa = PBXFileReference; lastKnownFileType = sourcecode.swift; path = BackUpOnboardingType.swift; sourceTree = "<group>"; };
		CE125ABE29DEEAE40033A429 /* FirebaseFirestoreManager.swift */ = {isa = PBXFileReference; lastKnownFileType = sourcecode.swift; path = FirebaseFirestoreManager.swift; sourceTree = "<group>"; };
		CE280C7F29C45167002B4DEC /* CryptoWallet.app */ = {isa = PBXFileReference; explicitFileType = wrapper.application; includeInIndex = 0; path = CryptoWallet.app; sourceTree = BUILT_PRODUCTS_DIR; };
		CE280C8229C45167002B4DEC /* AppDelegate.swift */ = {isa = PBXFileReference; lastKnownFileType = sourcecode.swift; path = AppDelegate.swift; sourceTree = "<group>"; };
		CE280C8429C45167002B4DEC /* SceneDelegate.swift */ = {isa = PBXFileReference; lastKnownFileType = sourcecode.swift; path = SceneDelegate.swift; sourceTree = "<group>"; };
		CE280C8B29C45168002B4DEC /* Assets.xcassets */ = {isa = PBXFileReference; lastKnownFileType = folder.assetcatalog; path = Assets.xcassets; sourceTree = "<group>"; };
		CE280C8E29C45168002B4DEC /* Base */ = {isa = PBXFileReference; lastKnownFileType = file.storyboard; name = Base; path = Base.lproj/LaunchScreen.storyboard; sourceTree = "<group>"; };
		CE280C9029C45168002B4DEC /* Info.plist */ = {isa = PBXFileReference; lastKnownFileType = text.plist.xml; path = Info.plist; sourceTree = "<group>"; };
		CE280C9E29C4772A002B4DEC /* AppCoordinator.swift */ = {isa = PBXFileReference; lastKnownFileType = sourcecode.swift; path = AppCoordinator.swift; sourceTree = "<group>"; };
		CE280CA129C47D74002B4DEC /* WalletViewController.swift */ = {isa = PBXFileReference; lastKnownFileType = sourcecode.swift; path = WalletViewController.swift; sourceTree = "<group>"; };
		CE280CA529C47EA6002B4DEC /* WalletPresenter.swift */ = {isa = PBXFileReference; lastKnownFileType = sourcecode.swift; path = WalletPresenter.swift; sourceTree = "<group>"; };
		CE280CA729C47F49002B4DEC /* WalletPresenterProtocol.swift */ = {isa = PBXFileReference; lastKnownFileType = sourcecode.swift; path = WalletPresenterProtocol.swift; sourceTree = "<group>"; };
		CE280CAA29C4813A002B4DEC /* WalletViewProtocol.swift */ = {isa = PBXFileReference; lastKnownFileType = sourcecode.swift; path = WalletViewProtocol.swift; sourceTree = "<group>"; };
		CE280CAC29C4850A002B4DEC /* WalletTabBarCoordinator.swift */ = {isa = PBXFileReference; lastKnownFileType = sourcecode.swift; path = WalletTabBarCoordinator.swift; sourceTree = "<group>"; };
		CE280CAF29C4868E002B4DEC /* WalletCoordinator.swift */ = {isa = PBXFileReference; lastKnownFileType = sourcecode.swift; path = WalletCoordinator.swift; sourceTree = "<group>"; };
		CE280CB529C49045002B4DEC /* SettingsPresenterProtocol.swift */ = {isa = PBXFileReference; lastKnownFileType = sourcecode.swift; path = SettingsPresenterProtocol.swift; sourceTree = "<group>"; };
		CE280CB729C49057002B4DEC /* SettingsPresenter.swift */ = {isa = PBXFileReference; lastKnownFileType = sourcecode.swift; path = SettingsPresenter.swift; sourceTree = "<group>"; };
		CE280CB929C4919C002B4DEC /* SettingsViewController.swift */ = {isa = PBXFileReference; lastKnownFileType = sourcecode.swift; path = SettingsViewController.swift; sourceTree = "<group>"; };
		CE280CBB29C491A9002B4DEC /* SettingsViewProtocol.swift */ = {isa = PBXFileReference; lastKnownFileType = sourcecode.swift; path = SettingsViewProtocol.swift; sourceTree = "<group>"; };
		CE280CBD29C49214002B4DEC /* SettingsCoordinator.swift */ = {isa = PBXFileReference; lastKnownFileType = sourcecode.swift; path = SettingsCoordinator.swift; sourceTree = "<group>"; };
		CE40637B29CAE3E6004664FE /* UIButtonExtension.swift */ = {isa = PBXFileReference; lastKnownFileType = sourcecode.swift; path = UIButtonExtension.swift; sourceTree = "<group>"; };
		CE40638129CAFDD1004664FE /* CreateWalletCoordinator.swift */ = {isa = PBXFileReference; lastKnownFileType = sourcecode.swift; path = CreateWalletCoordinator.swift; sourceTree = "<group>"; };
		CE40638329CAFECC004664FE /* CreateWalletViewController.swift */ = {isa = PBXFileReference; lastKnownFileType = sourcecode.swift; path = CreateWalletViewController.swift; sourceTree = "<group>"; };
		CE40638529CAFEF0004664FE /* CreateWalletViewProtocol.swift */ = {isa = PBXFileReference; lastKnownFileType = sourcecode.swift; path = CreateWalletViewProtocol.swift; sourceTree = "<group>"; };
		CE40638729CB00AD004664FE /* CreateWalletPresenter.swift */ = {isa = PBXFileReference; lastKnownFileType = sourcecode.swift; path = CreateWalletPresenter.swift; sourceTree = "<group>"; };
		CE40638929CB01C0004664FE /* CreateWalletPresenterProtocol.swift */ = {isa = PBXFileReference; lastKnownFileType = sourcecode.swift; path = CreateWalletPresenterProtocol.swift; sourceTree = "<group>"; };
		CE40638D29CB13E5004664FE /* CreateWalletInstructionView.swift */ = {isa = PBXFileReference; lastKnownFileType = sourcecode.swift; path = CreateWalletInstructionView.swift; sourceTree = "<group>"; };
		CE40638F29CB276C004664FE /* InstructionView.swift */ = {isa = PBXFileReference; lastKnownFileType = sourcecode.swift; path = InstructionView.swift; sourceTree = "<group>"; };
		CE41AC4A29CC17A7009CE7C3 /* InstructionType.swift */ = {isa = PBXFileReference; lastKnownFileType = sourcecode.swift; path = InstructionType.swift; sourceTree = "<group>"; };
		CE41AC4C29CC2057009CE7C3 /* HeaderInstructionView.swift */ = {isa = PBXFileReference; lastKnownFileType = sourcecode.swift; path = HeaderInstructionView.swift; sourceTree = "<group>"; };
		CE41AC4E29CC2388009CE7C3 /* FooterInstructionView.swift */ = {isa = PBXFileReference; lastKnownFileType = sourcecode.swift; path = FooterInstructionView.swift; sourceTree = "<group>"; };
		CE41AC5429CC408A009CE7C3 /* AddAccountViewController.swift */ = {isa = PBXFileReference; lastKnownFileType = sourcecode.swift; path = AddAccountViewController.swift; sourceTree = "<group>"; };
		CE41AC5629CC409A009CE7C3 /* AddAccountViewProtocol.swift */ = {isa = PBXFileReference; lastKnownFileType = sourcecode.swift; path = AddAccountViewProtocol.swift; sourceTree = "<group>"; };
		CE41AC5829CC44ED009CE7C3 /* AddAccountPresenter.swift */ = {isa = PBXFileReference; lastKnownFileType = sourcecode.swift; path = AddAccountPresenter.swift; sourceTree = "<group>"; };
		CE41AC5A29CC450B009CE7C3 /* AddAccountPresenterProtocol.swift */ = {isa = PBXFileReference; lastKnownFileType = sourcecode.swift; path = AddAccountPresenterProtocol.swift; sourceTree = "<group>"; };
		CE41AC5C29CC46AA009CE7C3 /* AddAccountCoordinator.swift */ = {isa = PBXFileReference; lastKnownFileType = sourcecode.swift; path = AddAccountCoordinator.swift; sourceTree = "<group>"; };
		CE4CAFCB29D2D6710017467B /* UIViewControllerExtension.swift */ = {isa = PBXFileReference; lastKnownFileType = sourcecode.swift; path = UIViewControllerExtension.swift; sourceTree = "<group>"; };
		CE4CAFCE29D2F6C10017467B /* LocalAuthenticationService.swift */ = {isa = PBXFileReference; lastKnownFileType = sourcecode.swift; path = LocalAuthenticationService.swift; sourceTree = "<group>"; };
		CE4CAFD129D300E50017467B /* LocalAuthenticationView.swift */ = {isa = PBXFileReference; lastKnownFileType = sourcecode.swift; path = LocalAuthenticationView.swift; sourceTree = "<group>"; };
		CE5CCD8829D14B2800F0C1DD /* CreatePinView.swift */ = {isa = PBXFileReference; lastKnownFileType = sourcecode.swift; path = CreatePinView.swift; sourceTree = "<group>"; };
		CE61EDB729DC3FA1005ABAB7 /* HistoryView.swift */ = {isa = PBXFileReference; lastKnownFileType = sourcecode.swift; name = HistoryView.swift; path = CryptoWallet/Modules/WalletbackUp/Presenter/HistoryView.swift; sourceTree = SOURCE_ROOT; };
		CE66736229DD899200BF3AC8 /* UserDefaultsService.swift */ = {isa = PBXFileReference; lastKnownFileType = sourcecode.swift; path = UserDefaultsService.swift; sourceTree = "<group>"; };
		CE66736429DD8BA500BF3AC8 /* UserDefaultsKeys.swift */ = {isa = PBXFileReference; lastKnownFileType = sourcecode.swift; path = UserDefaultsKeys.swift; sourceTree = "<group>"; };
		CE66736629DD96FA00BF3AC8 /* WalletBackUpViewController.swift */ = {isa = PBXFileReference; lastKnownFileType = sourcecode.swift; path = WalletBackUpViewController.swift; sourceTree = "<group>"; };
		CE66736829DD971400BF3AC8 /* WalletBackUpViewProtocol.swift */ = {isa = PBXFileReference; lastKnownFileType = sourcecode.swift; path = WalletBackUpViewProtocol.swift; sourceTree = "<group>"; };
		CE66736A29DD995000BF3AC8 /* WalletBackUpPresenterProtocol.swift */ = {isa = PBXFileReference; lastKnownFileType = sourcecode.swift; path = WalletBackUpPresenterProtocol.swift; sourceTree = "<group>"; };
		CE66736C29DD9E5F00BF3AC8 /* WalletBackUpCoordinator.swift */ = {isa = PBXFileReference; lastKnownFileType = sourcecode.swift; path = WalletBackUpCoordinator.swift; sourceTree = "<group>"; };
		CE66736F29DDA28B00BF3AC8 /* BackUpOnboardingView.swift */ = {isa = PBXFileReference; lastKnownFileType = sourcecode.swift; path = BackUpOnboardingView.swift; sourceTree = "<group>"; };
		CE6A7EC829E3F93E007AB103 /* RecoveryPhraseViewController.swift */ = {isa = PBXFileReference; lastKnownFileType = sourcecode.swift; path = RecoveryPhraseViewController.swift; sourceTree = "<group>"; };
		CE6A7ECA29E3F97D007AB103 /* RecoveryPhraseViewProtocol.swift */ = {isa = PBXFileReference; lastKnownFileType = sourcecode.swift; path = RecoveryPhraseViewProtocol.swift; sourceTree = "<group>"; };
		CE6A7ECC29E3FA0D007AB103 /* RecoveryPhrasePresenter.swift */ = {isa = PBXFileReference; lastKnownFileType = sourcecode.swift; path = RecoveryPhrasePresenter.swift; sourceTree = "<group>"; };
		CE6A7ECE29E3FA24007AB103 /* RecoveryPhrasePresenterProtocol.swift */ = {isa = PBXFileReference; lastKnownFileType = sourcecode.swift; path = RecoveryPhrasePresenterProtocol.swift; sourceTree = "<group>"; };
		CE6A9B8C29C97BAD00E1077E /* R.generated.swift */ = {isa = PBXFileReference; fileEncoding = 4; lastKnownFileType = sourcecode.swift; path = R.generated.swift; sourceTree = SOURCE_ROOT; };
		CE6F491329E3DDF500E5E220 /* WordCell.swift */ = {isa = PBXFileReference; lastKnownFileType = sourcecode.swift; path = WordCell.swift; sourceTree = "<group>"; };
		CE6F491929E3F7B300E5E220 /* RecoveryPhraseCoordinator.swift */ = {isa = PBXFileReference; lastKnownFileType = sourcecode.swift; path = RecoveryPhraseCoordinator.swift; sourceTree = "<group>"; };
		CE71C1BD29CD832E008D975E /* PinView.swift */ = {isa = PBXFileReference; lastKnownFileType = sourcecode.swift; path = PinView.swift; sourceTree = "<group>"; };
		CE71C1C029CD8422008D975E /* PasscodeView.swift */ = {isa = PBXFileReference; lastKnownFileType = sourcecode.swift; path = PasscodeView.swift; sourceTree = "<group>"; };
		CE79FAAB29D5A5F700CC4A7F /* WalletManager.swift */ = {isa = PBXFileReference; lastKnownFileType = sourcecode.swift; path = WalletManager.swift; sourceTree = "<group>"; };
		CE79FAAF29D5A72C00CC4A7F /* EthereumAdapter.swift */ = {isa = PBXFileReference; lastKnownFileType = sourcecode.swift; path = EthereumAdapter.swift; sourceTree = "<group>"; };
		CE79FAB129D5A8F900CC4A7F /* TransactionRecord.swift */ = {isa = PBXFileReference; lastKnownFileType = sourcecode.swift; path = TransactionRecord.swift; sourceTree = "<group>"; };
		CE79FAB329D5AA8D00CC4A7F /* Configuration.swift */ = {isa = PBXFileReference; lastKnownFileType = sourcecode.swift; path = Configuration.swift; sourceTree = "<group>"; };
		CE7FA9FD29DBF90C00291CFF /* WalletBackUpPresenter.swift */ = {isa = PBXFileReference; lastKnownFileType = sourcecode.swift; path = WalletBackUpPresenter.swift; sourceTree = "<group>"; };
		CE7FA9FF29DC093600291CFF /* GoogleService-Info.plist */ = {isa = PBXFileReference; fileEncoding = 4; lastKnownFileType = text.plist.xml; path = "GoogleService-Info.plist"; sourceTree = "<group>"; };
		CE87D6F029DFF29900677FE0 /* LocalAuthenticationViewController.swift */ = {isa = PBXFileReference; lastKnownFileType = sourcecode.swift; path = LocalAuthenticationViewController.swift; sourceTree = "<group>"; };
		CE87D6F229DFF2E300677FE0 /* LocalAuthenticationViewProtocol.swift */ = {isa = PBXFileReference; lastKnownFileType = sourcecode.swift; path = LocalAuthenticationViewProtocol.swift; sourceTree = "<group>"; };
		CE87D6F429DFF36700677FE0 /* LocalAuthenticationPresenter.swift */ = {isa = PBXFileReference; lastKnownFileType = sourcecode.swift; path = LocalAuthenticationPresenter.swift; sourceTree = "<group>"; };
		CE87D6F629DFF37A00677FE0 /* LocalAuthenticationPresenterProtocol.swift */ = {isa = PBXFileReference; lastKnownFileType = sourcecode.swift; path = LocalAuthenticationPresenterProtocol.swift; sourceTree = "<group>"; };
		CE87D6F829DFF42700677FE0 /* LocalAuthenticationCoordinator.swift */ = {isa = PBXFileReference; lastKnownFileType = sourcecode.swift; path = LocalAuthenticationCoordinator.swift; sourceTree = "<group>"; };
		CE87D6FB29E02B7900677FE0 /* SeedPhraseView.swift */ = {isa = PBXFileReference; lastKnownFileType = sourcecode.swift; path = SeedPhraseView.swift; sourceTree = "<group>"; };
		CE87D6FD29E02F5400677FE0 /* WordView.swift */ = {isa = PBXFileReference; lastKnownFileType = sourcecode.swift; path = WordView.swift; sourceTree = "<group>"; };
		CEB7CDC829DAA82D000181D5 /* OperationsHistoryCoordinator.swift */ = {isa = PBXFileReference; lastKnownFileType = sourcecode.swift; path = OperationsHistoryCoordinator.swift; sourceTree = "<group>"; };
		CEB7CDCA29DAA8CE000181D5 /* OperationsHistoryPresenter.swift */ = {isa = PBXFileReference; lastKnownFileType = sourcecode.swift; path = OperationsHistoryPresenter.swift; sourceTree = "<group>"; };
		CEB7CDCC29DAA93B000181D5 /* OperationsHistoryPresenterProtocol.swift */ = {isa = PBXFileReference; lastKnownFileType = sourcecode.swift; path = OperationsHistoryPresenterProtocol.swift; sourceTree = "<group>"; };
		CEB7CDCE29DAAAE1000181D5 /* OperationsHistoryViewController.swift */ = {isa = PBXFileReference; lastKnownFileType = sourcecode.swift; path = OperationsHistoryViewController.swift; sourceTree = "<group>"; };
		CEB7CDD029DAAC57000181D5 /* OperationsHistoryViewProtocol.swift */ = {isa = PBXFileReference; lastKnownFileType = sourcecode.swift; path = OperationsHistoryViewProtocol.swift; sourceTree = "<group>"; };
		CEC0FA8129C9897000ECB025 /* NotoSans-Regular.ttf */ = {isa = PBXFileReference; lastKnownFileType = file; path = "NotoSans-Regular.ttf"; sourceTree = "<group>"; };
		CEC0FA8229C9897000ECB025 /* NotoSans-Medium.ttf */ = {isa = PBXFileReference; lastKnownFileType = file; path = "NotoSans-Medium.ttf"; sourceTree = "<group>"; };
		CEC0FA8329C9897000ECB025 /* NotoSans-MediumItalic.ttf */ = {isa = PBXFileReference; lastKnownFileType = file; path = "NotoSans-MediumItalic.ttf"; sourceTree = "<group>"; };
		CEC0FA8429C9897000ECB025 /* NotoSans-Black.ttf */ = {isa = PBXFileReference; lastKnownFileType = file; path = "NotoSans-Black.ttf"; sourceTree = "<group>"; };
		CEC0FA8529C9897000ECB025 /* NotoSans-Bold.ttf */ = {isa = PBXFileReference; lastKnownFileType = file; path = "NotoSans-Bold.ttf"; sourceTree = "<group>"; };
		CEC0FA8629C9897000ECB025 /* NotoSans-Thin.ttf */ = {isa = PBXFileReference; lastKnownFileType = file; path = "NotoSans-Thin.ttf"; sourceTree = "<group>"; };
		CEC0FA8729C9897000ECB025 /* NotoSans-SemiBold.ttf */ = {isa = PBXFileReference; lastKnownFileType = file; path = "NotoSans-SemiBold.ttf"; sourceTree = "<group>"; };
		CEC0FA8829C9897000ECB025 /* NotoSans-SemiBoldItalic.ttf */ = {isa = PBXFileReference; lastKnownFileType = file; path = "NotoSans-SemiBoldItalic.ttf"; sourceTree = "<group>"; };
		CEC0FA8A29C9897000ECB025 /* NotoSans-LightItalic.ttf */ = {isa = PBXFileReference; lastKnownFileType = file; path = "NotoSans-LightItalic.ttf"; sourceTree = "<group>"; };
		CEC0FA8B29C9897000ECB025 /* NotoSans-Light.ttf */ = {isa = PBXFileReference; lastKnownFileType = file; path = "NotoSans-Light.ttf"; sourceTree = "<group>"; };
		CEC0FA8C29C9897000ECB025 /* NotoSans-BoldItalic.ttf */ = {isa = PBXFileReference; lastKnownFileType = file; path = "NotoSans-BoldItalic.ttf"; sourceTree = "<group>"; };
		CEC0FA8D29C9897000ECB025 /* NotoSans-BlackItalic.ttf */ = {isa = PBXFileReference; lastKnownFileType = file; path = "NotoSans-BlackItalic.ttf"; sourceTree = "<group>"; };
		CEC0FA8E29C9897000ECB025 /* NotoSans-ExtraBoldItalic.ttf */ = {isa = PBXFileReference; lastKnownFileType = file; path = "NotoSans-ExtraBoldItalic.ttf"; sourceTree = "<group>"; };
		CEC0FA8F29C9897000ECB025 /* NotoSans-ExtraLight.ttf */ = {isa = PBXFileReference; lastKnownFileType = file; path = "NotoSans-ExtraLight.ttf"; sourceTree = "<group>"; };
		CEC0FA9029C9897000ECB025 /* NotoSans-ThinItalic.ttf */ = {isa = PBXFileReference; lastKnownFileType = file; path = "NotoSans-ThinItalic.ttf"; sourceTree = "<group>"; };
		CEC0FA9129C9897000ECB025 /* NotoSans-ExtraLightItalic.ttf */ = {isa = PBXFileReference; lastKnownFileType = file; path = "NotoSans-ExtraLightItalic.ttf"; sourceTree = "<group>"; };
		CEC0FA9229C9897000ECB025 /* NotoSans-ExtraBold.ttf */ = {isa = PBXFileReference; lastKnownFileType = file; path = "NotoSans-ExtraBold.ttf"; sourceTree = "<group>"; };
		CEC0FA9329C9897000ECB025 /* NotoSans-Italic.ttf */ = {isa = PBXFileReference; lastKnownFileType = file; path = "NotoSans-Italic.ttf"; sourceTree = "<group>"; };
		CEC0FAA929C98BBB00ECB025 /* PortfolioValueView.swift */ = {isa = PBXFileReference; lastKnownFileType = sourcecode.swift; path = PortfolioValueView.swift; sourceTree = "<group>"; };
		CEC0FAAD29C98F6100ECB025 /* UIViewExtensions.swift */ = {isa = PBXFileReference; lastKnownFileType = sourcecode.swift; path = UIViewExtensions.swift; sourceTree = "<group>"; };
		CEC0FAAF29C9925700ECB025 /* UIStackViewExtension.swift */ = {isa = PBXFileReference; lastKnownFileType = sourcecode.swift; path = UIStackViewExtension.swift; sourceTree = "<group>"; };
		CEC0FAC429C99EF000ECB025 /* WalletCardView.swift */ = {isa = PBXFileReference; lastKnownFileType = sourcecode.swift; path = WalletCardView.swift; sourceTree = "<group>"; };
		CEC0FAC729C9C59D00ECB025 /* RestoreWalletView.swift */ = {isa = PBXFileReference; lastKnownFileType = sourcecode.swift; path = RestoreWalletView.swift; sourceTree = "<group>"; };
		CEC7210029D4030100D7BB81 /* BiometricType.swift */ = {isa = PBXFileReference; lastKnownFileType = sourcecode.swift; path = BiometricType.swift; sourceTree = "<group>"; };
		CEC7210329D41C4A00D7BB81 /* KeychainKeys.swift */ = {isa = PBXFileReference; lastKnownFileType = sourcecode.swift; path = KeychainKeys.swift; sourceTree = "<group>"; };
		CEC7210529D41CE500D7BB81 /* KeychainService.swift */ = {isa = PBXFileReference; lastKnownFileType = sourcecode.swift; path = KeychainService.swift; sourceTree = "<group>"; };
		CEC7210729D45C0C00D7BB81 /* OneInchService.swift */ = {isa = PBXFileReference; lastKnownFileType = sourcecode.swift; path = OneInchService.swift; sourceTree = "<group>"; };
/* End PBXFileReference section */

/* Begin PBXFrameworksBuildPhase section */
		CE280C7C29C45167002B4DEC /* Frameworks */ = {
			isa = PBXFrameworksBuildPhase;
			buildActionMask = 2147483647;
			files = (
				CEE913BD29DC26770006B763 /* FirebaseRemoteConfig in Frameworks */,
				CEE913BB29DC26770006B763 /* FirebaseMessaging in Frameworks */,
				CEE913B329DC26770006B763 /* FirebaseAnalyticsSwift in Frameworks */,
				CEE913AE29DC25EA0006B763 /* OneInchKit in Frameworks */,
				CEE913B529DC26770006B763 /* FirebaseCrashlytics in Frameworks */,
				CEE913B929DC26770006B763 /* FirebaseFirestoreSwift in Frameworks */,
				BCDFDEE3CB09A90B1455D233 /* Pods_CryptoWallet.framework in Frameworks */,
				CEE913BF29DC26770006B763 /* FirebaseRemoteConfigSwift in Frameworks */,
				CEE913C129DC26770006B763 /* FirebaseStorage in Frameworks */,
				CEE913B129DC26770006B763 /* FirebaseAnalytics in Frameworks */,
				CEE913B729DC26770006B763 /* FirebaseFirestore in Frameworks */,
			);
			runOnlyForDeploymentPostprocessing = 0;
		};
/* End PBXFrameworksBuildPhase section */

/* Begin PBXGroup section */
		1403347929C9EF9800305CA3 /* MoreThings */ = {
			isa = PBXGroup;
			children = (
				1403347A29C9F0A800305CA3 /* MoreThingsView.swift */,
			);
			path = MoreThings;
			sourceTree = "<group>";
		};
		14E4A0C829DAEF6C00E8D68F /* View */ = {
			isa = PBXGroup;
			children = (
				CE61EDB629DC3F76005ABAB7 /* Subviews */,
				14E4A0CF29DB068C00E8D68F /* SwapViewController.swift */,
				14E4A0D129DB1C5E00E8D68F /* SwapViewProtocol.swift */,
			);
			name = View;
			path = CryptoWallet/Modules/Swap/View;
			sourceTree = "<group>";
		};
		14E4A0C929DAEF7400E8D68F /* Presenter */ = {
			isa = PBXGroup;
			children = (
				14E4A0CD29DB051900E8D68F /* SwapPresenter.swift */,
				14E4A0D329DB1C7200E8D68F /* SwapPresenterProtocol.swift */,
			);
			path = Presenter;
			sourceTree = "<group>";
		};
		14E4A0CA29DAF48100E8D68F /* Router */ = {
			isa = PBXGroup;
			children = (
				14E4A0CB29DAF4D800E8D68F /* SwapCoordinator.swift */,
			);
			path = Router;
			sourceTree = "<group>";
		};
		2E309B1AD5AAED97235C80F8 /* Pods */ = {
			isa = PBXGroup;
			children = (
				CA888EAC28A4DDECC2BCE442 /* Pods-CryptoWallet.debug.xcconfig */,
				27555644CAEC2AA42143F11A /* Pods-CryptoWallet.release.xcconfig */,
			);
			path = Pods;
			sourceTree = "<group>";
		};
		77BCF77E1896D022244B5FD3 /* Frameworks */ = {
			isa = PBXGroup;
			children = (
				67F2A865BD33FFF60E4466D2 /* Pods_CryptoWallet.framework */,
			);
			name = Frameworks;
			sourceTree = "<group>";
		};
		CE280C7629C45166002B4DEC = {
			isa = PBXGroup;
			children = (
				CE280C8129C45167002B4DEC /* CryptoWallet */,
				CE280C8029C45167002B4DEC /* Products */,
				2E309B1AD5AAED97235C80F8 /* Pods */,
				77BCF77E1896D022244B5FD3 /* Frameworks */,
			);
			sourceTree = "<group>";
		};
		CE280C8029C45167002B4DEC /* Products */ = {
			isa = PBXGroup;
			children = (
				CE280C7F29C45167002B4DEC /* CryptoWallet.app */,
			);
			name = Products;
			sourceTree = "<group>";
		};
		CE280C8129C45167002B4DEC /* CryptoWallet */ = {
			isa = PBXGroup;
			children = (
				CE7FA9FF29DC093600291CFF /* GoogleService-Info.plist */,
				CE280C9029C45168002B4DEC /* Info.plist */,
				CE6A9B8C29C97BAD00E1077E /* R.generated.swift */,
				CE280C9629C454A7002B4DEC /* Application */,
				CE280C8D29C45168002B4DEC /* LaunchScreen.storyboard */,
				CE41AC4929CC178E009CE7C3 /* Models */,
				CE280C9B29C475E6002B4DEC /* Modules */,
				CE79FAAD29D5A70000CC4A7F /* Parents */,
				CE280C9729C45AB0002B4DEC /* Resources */,
				CEC0FAAB29C98F4300ECB025 /* Utils */,
				CE71C1BC29CD8171008D975E /* Views */,
			);
			path = CryptoWallet;
			sourceTree = "<group>";
		};
		CE280C9629C454A7002B4DEC /* Application */ = {
			isa = PBXGroup;
			children = (
				CE280C8229C45167002B4DEC /* AppDelegate.swift */,
				CE280C8429C45167002B4DEC /* SceneDelegate.swift */,
			);
			path = Application;
			sourceTree = "<group>";
		};
		CE280C9729C45AB0002B4DEC /* Resources */ = {
			isa = PBXGroup;
			children = (
				CEC0FA7F29C9895D00ECB025 /* Fonts */,
				CE280C8B29C45168002B4DEC /* Assets.xcassets */,
			);
			path = Resources;
			sourceTree = "<group>";
		};
		CE280C9B29C475E6002B4DEC /* Modules */ = {
			isa = PBXGroup;
			children = (
				CE6F491529E3F74700E5E220 /* RecoveryPhrase */,
				CE87D6EC29DFF0AB00677FE0 /* LocalAuthentication */,
				CE7FA9F929DBF70000291CFF /* WalletbackUp */,
				CEB7CDD229DAD84A000181D5 /* Swap */,
				CEB7CDC429DAA71E000181D5 /* OperationsHistory */,
				CE41AC5029CC3FC0009CE7C3 /* AddAccount */,
				CE40637D29CAFC0E004664FE /* CreateWallet */,
				CE280CB129C48FCC002B4DEC /* Settings */,
				CE280CA029C47CF5002B4DEC /* Wallet */,
				CE280C9C29C475FA002B4DEC /* Root */,
			);
			path = Modules;
			sourceTree = "<group>";
		};
		CE280C9C29C475FA002B4DEC /* Root */ = {
			isa = PBXGroup;
			children = (
				CE280C9D29C4770E002B4DEC /* Router */,
			);
			path = Root;
			sourceTree = "<group>";
		};
		CE280C9D29C4770E002B4DEC /* Router */ = {
			isa = PBXGroup;
			children = (
				CE280C9E29C4772A002B4DEC /* AppCoordinator.swift */,
				CE280CAC29C4850A002B4DEC /* WalletTabBarCoordinator.swift */,
			);
			path = Router;
			sourceTree = "<group>";
		};
		CE280CA029C47CF5002B4DEC /* Wallet */ = {
			isa = PBXGroup;
			children = (
				CE280CAE29C4853F002B4DEC /* Router */,
				CE280CA429C47D8B002B4DEC /* Presenter */,
				CE280CA329C47D77002B4DEC /* View */,
			);
			path = Wallet;
			sourceTree = "<group>";
		};
		CE280CA329C47D77002B4DEC /* View */ = {
			isa = PBXGroup;
			children = (
				CEC0FAA729C98B8B00ECB025 /* Subviews */,
				CE280CA929C48126002B4DEC /* Protocol */,
				CE280CA129C47D74002B4DEC /* WalletViewController.swift */,
			);
			path = View;
			sourceTree = "<group>";
		};
		CE280CA429C47D8B002B4DEC /* Presenter */ = {
			isa = PBXGroup;
			children = (
				CE280CA529C47EA6002B4DEC /* WalletPresenter.swift */,
				CE280CA729C47F49002B4DEC /* WalletPresenterProtocol.swift */,
			);
			path = Presenter;
			sourceTree = "<group>";
		};
		CE280CA929C48126002B4DEC /* Protocol */ = {
			isa = PBXGroup;
			children = (
				CE280CAA29C4813A002B4DEC /* WalletViewProtocol.swift */,
			);
			path = Protocol;
			sourceTree = "<group>";
		};
		CE280CAE29C4853F002B4DEC /* Router */ = {
			isa = PBXGroup;
			children = (
				CE280CAF29C4868E002B4DEC /* WalletCoordinator.swift */,
			);
			path = Router;
			sourceTree = "<group>";
		};
		CE280CB129C48FCC002B4DEC /* Settings */ = {
			isa = PBXGroup;
			children = (
				CE280CB429C4902A002B4DEC /* Presenter */,
				CE280CB329C49026002B4DEC /* View */,
				CE280CB229C49021002B4DEC /* Router */,
			);
			path = Settings;
			sourceTree = "<group>";
		};
		CE280CB229C49021002B4DEC /* Router */ = {
			isa = PBXGroup;
			children = (
				CE280CBD29C49214002B4DEC /* SettingsCoordinator.swift */,
			);
			path = Router;
			sourceTree = "<group>";
		};
		CE280CB329C49026002B4DEC /* View */ = {
			isa = PBXGroup;
			children = (
				CE280CB929C4919C002B4DEC /* SettingsViewController.swift */,
				CE280CBB29C491A9002B4DEC /* SettingsViewProtocol.swift */,
			);
			path = View;
			sourceTree = "<group>";
		};
		CE280CB429C4902A002B4DEC /* Presenter */ = {
			isa = PBXGroup;
			children = (
				CE280CB529C49045002B4DEC /* SettingsPresenterProtocol.swift */,
				CE280CB729C49057002B4DEC /* SettingsPresenter.swift */,
			);
			path = Presenter;
			sourceTree = "<group>";
		};
		CE40637D29CAFC0E004664FE /* CreateWallet */ = {
			isa = PBXGroup;
			children = (
				CE40638029CAFD46004664FE /* Router */,
				CE40637F29CAFC22004664FE /* View */,
				CE40637E29CAFC1A004664FE /* Presenter */,
			);
			path = CreateWallet;
			sourceTree = "<group>";
		};
		CE40637E29CAFC1A004664FE /* Presenter */ = {
			isa = PBXGroup;
			children = (
				CE40638729CB00AD004664FE /* CreateWalletPresenter.swift */,
				CE40638929CB01C0004664FE /* CreateWalletPresenterProtocol.swift */,
			);
			path = Presenter;
			sourceTree = "<group>";
		};
		CE40637F29CAFC22004664FE /* View */ = {
			isa = PBXGroup;
			children = (
				CE40638B29CB10FE004664FE /* Subviews */,
				CE40638529CAFEF0004664FE /* CreateWalletViewProtocol.swift */,
				CE40638329CAFECC004664FE /* CreateWalletViewController.swift */,
			);
			path = View;
			sourceTree = "<group>";
		};
		CE40638029CAFD46004664FE /* Router */ = {
			isa = PBXGroup;
			children = (
				CE40638129CAFDD1004664FE /* CreateWalletCoordinator.swift */,
			);
			path = Router;
			sourceTree = "<group>";
		};
		CE40638B29CB10FE004664FE /* Subviews */ = {
			isa = PBXGroup;
			children = (
				CE71C1C229CD9796008D975E /* CreatePin */,
				CE40638C29CB1366004664FE /* Instruction */,
			);
			path = Subviews;
			sourceTree = "<group>";
		};
		CE40638C29CB1366004664FE /* Instruction */ = {
			isa = PBXGroup;
			children = (
				CE40638D29CB13E5004664FE /* CreateWalletInstructionView.swift */,
				CE40638F29CB276C004664FE /* InstructionView.swift */,
				CE41AC4C29CC2057009CE7C3 /* HeaderInstructionView.swift */,
				CE41AC4E29CC2388009CE7C3 /* FooterInstructionView.swift */,
			);
			path = Instruction;
			sourceTree = "<group>";
		};
		CE41AC4929CC178E009CE7C3 /* Models */ = {
			isa = PBXGroup;
			children = (
				CE41AC4A29CC17A7009CE7C3 /* InstructionType.swift */,
				CEC7210029D4030100D7BB81 /* BiometricType.swift */,
				CE79FAB129D5A8F900CC4A7F /* TransactionRecord.swift */,
				CE79FAB329D5AA8D00CC4A7F /* Configuration.swift */,
				CE125ABC29DEAF8E0033A429 /* BackUpOnboardingType.swift */,
			);
			path = Models;
			sourceTree = "<group>";
		};
		CE41AC5029CC3FC0009CE7C3 /* AddAccount */ = {
			isa = PBXGroup;
			children = (
				CE41AC5329CC4012009CE7C3 /* Router */,
				CE41AC5229CC4007009CE7C3 /* Presenter */,
				CE41AC5129CC4002009CE7C3 /* View */,
			);
			path = AddAccount;
			sourceTree = "<group>";
		};
		CE41AC5129CC4002009CE7C3 /* View */ = {
			isa = PBXGroup;
			children = (
				CE71C1C329CDA38D008D975E /* Subviews */,
				CE41AC5429CC408A009CE7C3 /* AddAccountViewController.swift */,
				CE41AC5629CC409A009CE7C3 /* AddAccountViewProtocol.swift */,
			);
			path = View;
			sourceTree = "<group>";
		};
		CE41AC5229CC4007009CE7C3 /* Presenter */ = {
			isa = PBXGroup;
			children = (
				CE41AC5829CC44ED009CE7C3 /* AddAccountPresenter.swift */,
				CE41AC5A29CC450B009CE7C3 /* AddAccountPresenterProtocol.swift */,
			);
			path = Presenter;
			sourceTree = "<group>";
		};
		CE41AC5329CC4012009CE7C3 /* Router */ = {
			isa = PBXGroup;
			children = (
				CE41AC5C29CC46AA009CE7C3 /* AddAccountCoordinator.swift */,
			);
			path = Router;
			sourceTree = "<group>";
		};
		CE4CAFCD29D2F6A00017467B /* Services */ = {
			isa = PBXGroup;
			children = (
				CE4CAFCE29D2F6C10017467B /* LocalAuthenticationService.swift */,
				CEC7210529D41CE500D7BB81 /* KeychainService.swift */,
				CEC7210729D45C0C00D7BB81 /* OneInchService.swift */,
				CE79FAAB29D5A5F700CC4A7F /* WalletManager.swift */,
				CE66736229DD899200BF3AC8 /* UserDefaultsService.swift */,
				CE125ABE29DEEAE40033A429 /* FirebaseFirestoreManager.swift */,
			);
			path = Services;
			sourceTree = "<group>";
		};
		CE4CAFD029D300830017467B /* LocalAuthentication */ = {
			isa = PBXGroup;
			children = (
				CE4CAFD129D300E50017467B /* LocalAuthenticationView.swift */,
			);
			path = LocalAuthentication;
			sourceTree = "<group>";
		};
		CE61EDB629DC3F76005ABAB7 /* Subviews */ = {
			isa = PBXGroup;
			children = (
				CE61EDB729DC3FA1005ABAB7 /* HistoryView.swift */,
			);
			name = Subviews;
			path = CryptoWallet/Modules/Swap/CryptoWallet/Modules/Swap/View/Subviews;
			sourceTree = "<group>";
		};
		CE66736E29DDA15800BF3AC8 /* Subviews */ = {
			isa = PBXGroup;
			children = (
				CE66736F29DDA28B00BF3AC8 /* BackUpOnboardingView.swift */,
				140E059B29E529AE00E19CA4 /* EnterRecoveryPhraseView.swift */,
			);
			path = Subviews;
			sourceTree = "<group>";
		};
		CE6F491229E3DAED00E5E220 /* Cell */ = {
			isa = PBXGroup;
			children = (
				CE6F491329E3DDF500E5E220 /* WordCell.swift */,
			);
			path = Cell;
			sourceTree = "<group>";
		};
		CE6F491529E3F74700E5E220 /* RecoveryPhrase */ = {
			isa = PBXGroup;
			children = (
				CE6F491829E3F76300E5E220 /* Router */,
				CE6F491729E3F75E00E5E220 /* View */,
				CE6F491629E3F75800E5E220 /* Presenter */,
			);
			path = RecoveryPhrase;
			sourceTree = "<group>";
		};
		CE6F491629E3F75800E5E220 /* Presenter */ = {
			isa = PBXGroup;
			children = (
				CE6A7ECC29E3FA0D007AB103 /* RecoveryPhrasePresenter.swift */,
				CE6A7ECE29E3FA24007AB103 /* RecoveryPhrasePresenterProtocol.swift */,
			);
			path = Presenter;
			sourceTree = "<group>";
		};
		CE6F491729E3F75E00E5E220 /* View */ = {
			isa = PBXGroup;
			children = (
				CE6A7EC829E3F93E007AB103 /* RecoveryPhraseViewController.swift */,
				CE6A7ECA29E3F97D007AB103 /* RecoveryPhraseViewProtocol.swift */,
			);
			path = View;
			sourceTree = "<group>";
		};
		CE6F491829E3F76300E5E220 /* Router */ = {
			isa = PBXGroup;
			children = (
				CE6F491929E3F7B300E5E220 /* RecoveryPhraseCoordinator.swift */,
			);
			path = Router;
			sourceTree = "<group>";
		};
		CE71C1BC29CD8171008D975E /* Views */ = {
			isa = PBXGroup;
			children = (
				CE87D6FA29E02A6000677FE0 /* SeedPhraseView */,
				CE4CAFD029D300830017467B /* LocalAuthentication */,
				CE71C1BF29CD8342008D975E /* Passcode */,
			);
			path = Views;
			sourceTree = "<group>";
		};
		CE71C1BF29CD8342008D975E /* Passcode */ = {
			isa = PBXGroup;
			children = (
				CE71C1BD29CD832E008D975E /* PinView.swift */,
				CE71C1C029CD8422008D975E /* PasscodeView.swift */,
			);
			path = Passcode;
			sourceTree = "<group>";
		};
		CE71C1C229CD9796008D975E /* CreatePin */ = {
			isa = PBXGroup;
			children = (
				CE5CCD8829D14B2800F0C1DD /* CreatePinView.swift */,
			);
			path = CreatePin;
			sourceTree = "<group>";
		};
		CE71C1C329CDA38D008D975E /* Subviews */ = {
			isa = PBXGroup;
			children = (
			);
			path = Subviews;
			sourceTree = "<group>";
		};
		CE79FAAD29D5A70000CC4A7F /* Parents */ = {
			isa = PBXGroup;
			children = (
				CE79FAAE29D5A71700CC4A7F /* Adapters */,
			);
			path = Parents;
			sourceTree = "<group>";
		};
		CE79FAAE29D5A71700CC4A7F /* Adapters */ = {
			isa = PBXGroup;
			children = (
				CE79FAAF29D5A72C00CC4A7F /* EthereumAdapter.swift */,
			);
			path = Adapters;
			sourceTree = "<group>";
		};
		CE7FA9F929DBF70000291CFF /* WalletbackUp */ = {
			isa = PBXGroup;
			children = (
				CE7FA9FC29DBF71F00291CFF /* Router */,
				CE7FA9FB29DBF71900291CFF /* Presenter */,
				CE7FA9FA29DBF71100291CFF /* View */,
			);
			path = WalletbackUp;
			sourceTree = "<group>";
		};
		CE7FA9FA29DBF71100291CFF /* View */ = {
			isa = PBXGroup;
			children = (
				CE66736E29DDA15800BF3AC8 /* Subviews */,
				CE66736629DD96FA00BF3AC8 /* WalletBackUpViewController.swift */,
				CE66736829DD971400BF3AC8 /* WalletBackUpViewProtocol.swift */,
			);
			path = View;
			sourceTree = "<group>";
		};
		CE7FA9FB29DBF71900291CFF /* Presenter */ = {
			isa = PBXGroup;
			children = (
				CE7FA9FD29DBF90C00291CFF /* WalletBackUpPresenter.swift */,
				CE66736A29DD995000BF3AC8 /* WalletBackUpPresenterProtocol.swift */,
			);
			path = Presenter;
			sourceTree = "<group>";
		};
		CE7FA9FC29DBF71F00291CFF /* Router */ = {
			isa = PBXGroup;
			children = (
				CE66736C29DD9E5F00BF3AC8 /* WalletBackUpCoordinator.swift */,
			);
			path = Router;
			sourceTree = "<group>";
		};
		CE87D6EC29DFF0AB00677FE0 /* LocalAuthentication */ = {
			isa = PBXGroup;
			children = (
				CE87D6EF29DFF28300677FE0 /* Router */,
				CE87D6EE29DFF27C00677FE0 /* View */,
				CE87D6ED29DFF27500677FE0 /* Presenter */,
			);
			path = LocalAuthentication;
			sourceTree = "<group>";
		};
		CE87D6ED29DFF27500677FE0 /* Presenter */ = {
			isa = PBXGroup;
			children = (
				CE87D6F429DFF36700677FE0 /* LocalAuthenticationPresenter.swift */,
				CE87D6F629DFF37A00677FE0 /* LocalAuthenticationPresenterProtocol.swift */,
			);
			path = Presenter;
			sourceTree = "<group>";
		};
		CE87D6EE29DFF27C00677FE0 /* View */ = {
			isa = PBXGroup;
			children = (
				CE87D6F029DFF29900677FE0 /* LocalAuthenticationViewController.swift */,
				CE87D6F229DFF2E300677FE0 /* LocalAuthenticationViewProtocol.swift */,
			);
			path = View;
			sourceTree = "<group>";
		};
		CE87D6EF29DFF28300677FE0 /* Router */ = {
			isa = PBXGroup;
			children = (
				CE87D6F829DFF42700677FE0 /* LocalAuthenticationCoordinator.swift */,
			);
			path = Router;
			sourceTree = "<group>";
		};
		CE87D6FA29E02A6000677FE0 /* SeedPhraseView */ = {
			isa = PBXGroup;
			children = (
				CE6F491229E3DAED00E5E220 /* Cell */,
				CE87D6FB29E02B7900677FE0 /* SeedPhraseView.swift */,
				CE87D6FD29E02F5400677FE0 /* WordView.swift */,
			);
			path = SeedPhraseView;
			sourceTree = "<group>";
		};
		CEB7CDC429DAA71E000181D5 /* OperationsHistory */ = {
			isa = PBXGroup;
			children = (
				CEB7CDC729DAA792000181D5 /* View */,
				CEB7CDC629DAA78D000181D5 /* Presenter */,
				CEB7CDC529DAA788000181D5 /* Router */,
			);
			path = OperationsHistory;
			sourceTree = "<group>";
		};
		CEB7CDC529DAA788000181D5 /* Router */ = {
			isa = PBXGroup;
			children = (
				CEB7CDC829DAA82D000181D5 /* OperationsHistoryCoordinator.swift */,
			);
			path = Router;
			sourceTree = "<group>";
		};
		CEB7CDC629DAA78D000181D5 /* Presenter */ = {
			isa = PBXGroup;
			children = (
				CEB7CDCA29DAA8CE000181D5 /* OperationsHistoryPresenter.swift */,
				CEB7CDCC29DAA93B000181D5 /* OperationsHistoryPresenterProtocol.swift */,
			);
			path = Presenter;
			sourceTree = "<group>";
		};
		CEB7CDC729DAA792000181D5 /* View */ = {
			isa = PBXGroup;
			children = (
				CEB7CDCE29DAAAE1000181D5 /* OperationsHistoryViewController.swift */,
				CEB7CDD029DAAC57000181D5 /* OperationsHistoryViewProtocol.swift */,
			);
			path = View;
			sourceTree = "<group>";
		};
		CEB7CDD229DAD84A000181D5 /* Swap */ = {
			isa = PBXGroup;
			children = (
				14E4A0CA29DAF48100E8D68F /* Router */,
				14E4A0C929DAEF7400E8D68F /* Presenter */,
				14E4A0C829DAEF6C00E8D68F /* View */,
			);
			path = Swap;
			sourceTree = "<group>";
		};
		CEC0FA7F29C9895D00ECB025 /* Fonts */ = {
			isa = PBXGroup;
			children = (
				CEC0FA8029C9897000ECB025 /* Noto_Sans */,
			);
			path = Fonts;
			sourceTree = "<group>";
		};
		CEC0FA8029C9897000ECB025 /* Noto_Sans */ = {
			isa = PBXGroup;
			children = (
				CEC0FA8129C9897000ECB025 /* NotoSans-Regular.ttf */,
				CEC0FA8229C9897000ECB025 /* NotoSans-Medium.ttf */,
				CEC0FA8329C9897000ECB025 /* NotoSans-MediumItalic.ttf */,
				CEC0FA8429C9897000ECB025 /* NotoSans-Black.ttf */,
				CEC0FA8529C9897000ECB025 /* NotoSans-Bold.ttf */,
				CEC0FA8629C9897000ECB025 /* NotoSans-Thin.ttf */,
				CEC0FA8729C9897000ECB025 /* NotoSans-SemiBold.ttf */,
				CEC0FA8829C9897000ECB025 /* NotoSans-SemiBoldItalic.ttf */,
				CEC0FA8A29C9897000ECB025 /* NotoSans-LightItalic.ttf */,
				CEC0FA8B29C9897000ECB025 /* NotoSans-Light.ttf */,
				CEC0FA8C29C9897000ECB025 /* NotoSans-BoldItalic.ttf */,
				CEC0FA8D29C9897000ECB025 /* NotoSans-BlackItalic.ttf */,
				CEC0FA8E29C9897000ECB025 /* NotoSans-ExtraBoldItalic.ttf */,
				CEC0FA8F29C9897000ECB025 /* NotoSans-ExtraLight.ttf */,
				CEC0FA9029C9897000ECB025 /* NotoSans-ThinItalic.ttf */,
				CEC0FA9129C9897000ECB025 /* NotoSans-ExtraLightItalic.ttf */,
				CEC0FA9229C9897000ECB025 /* NotoSans-ExtraBold.ttf */,
				CEC0FA9329C9897000ECB025 /* NotoSans-Italic.ttf */,
			);
			path = Noto_Sans;
			sourceTree = "<group>";
		};
		CEC0FAA729C98B8B00ECB025 /* Subviews */ = {
			isa = PBXGroup;
			children = (
				1403347929C9EF9800305CA3 /* MoreThings */,
				CEC0FAC629C9C58900ECB025 /* RestoreWallet */,
				CEC0FAC329C99EE000ECB025 /* WalletCard */,
				CEC0FAA829C98B9200ECB025 /* PortfolioValueView */,
			);
			path = Subviews;
			sourceTree = "<group>";
		};
		CEC0FAA829C98B9200ECB025 /* PortfolioValueView */ = {
			isa = PBXGroup;
			children = (
				CEC0FAA929C98BBB00ECB025 /* PortfolioValueView.swift */,
			);
			path = PortfolioValueView;
			sourceTree = "<group>";
		};
		CEC0FAAB29C98F4300ECB025 /* Utils */ = {
			isa = PBXGroup;
			children = (
				CEC7210229D41C3900D7BB81 /* Constants */,
				CE4CAFCD29D2F6A00017467B /* Services */,
				CEC0FAAC29C98F5000ECB025 /* Extensions */,
			);
			path = Utils;
			sourceTree = "<group>";
		};
		CEC0FAAC29C98F5000ECB025 /* Extensions */ = {
			isa = PBXGroup;
			children = (
				CEC0FAAD29C98F6100ECB025 /* UIViewExtensions.swift */,
				CEC0FAAF29C9925700ECB025 /* UIStackViewExtension.swift */,
				CE40637B29CAE3E6004664FE /* UIButtonExtension.swift */,
				CE4CAFCB29D2D6710017467B /* UIViewControllerExtension.swift */,
			);
			path = Extensions;
			sourceTree = "<group>";
		};
		CEC0FAC329C99EE000ECB025 /* WalletCard */ = {
			isa = PBXGroup;
			children = (
				CEC0FAC429C99EF000ECB025 /* WalletCardView.swift */,
			);
			path = WalletCard;
			sourceTree = "<group>";
		};
		CEC0FAC629C9C58900ECB025 /* RestoreWallet */ = {
			isa = PBXGroup;
			children = (
				CEC0FAC729C9C59D00ECB025 /* RestoreWalletView.swift */,
			);
			path = RestoreWallet;
			sourceTree = "<group>";
		};
		CEC7210229D41C3900D7BB81 /* Constants */ = {
			isa = PBXGroup;
			children = (
				CEC7210329D41C4A00D7BB81 /* KeychainKeys.swift */,
				CE66736429DD8BA500BF3AC8 /* UserDefaultsKeys.swift */,
			);
			path = Constants;
			sourceTree = "<group>";
		};
/* End PBXGroup section */

/* Begin PBXNativeTarget section */
		CE280C7E29C45167002B4DEC /* CryptoWallet */ = {
			isa = PBXNativeTarget;
			buildConfigurationList = CE280C9329C45168002B4DEC /* Build configuration list for PBXNativeTarget "CryptoWallet" */;
			buildPhases = (
				5514A201D0D8B2F3BDC4A899 /* [CP] Check Pods Manifest.lock */,
				CEA5145F29C873AC0036CD9A /* ShellScript */,
				CEA5146029C891FE0036CD9A /* ShellScript */,
				CE280C7B29C45167002B4DEC /* Sources */,
				CE280C7C29C45167002B4DEC /* Frameworks */,
				CE280C7D29C45167002B4DEC /* Resources */,
				746B3FFF4FE897E9FE721917 /* [CP] Embed Pods Frameworks */,
			);
			buildRules = (
			);
			dependencies = (
			);
			name = CryptoWallet;
			packageProductDependencies = (
				CEE913AD29DC25EA0006B763 /* OneInchKit */,
				CEE913B029DC26770006B763 /* FirebaseAnalytics */,
				CEE913B229DC26770006B763 /* FirebaseAnalyticsSwift */,
				CEE913B429DC26770006B763 /* FirebaseCrashlytics */,
				CEE913B629DC26770006B763 /* FirebaseFirestore */,
				CEE913B829DC26770006B763 /* FirebaseFirestoreSwift */,
				CEE913BA29DC26770006B763 /* FirebaseMessaging */,
				CEE913BC29DC26770006B763 /* FirebaseRemoteConfig */,
				CEE913BE29DC26770006B763 /* FirebaseRemoteConfigSwift */,
				CEE913C029DC26770006B763 /* FirebaseStorage */,
			);
			productName = CryptoWallet;
			productReference = CE280C7F29C45167002B4DEC /* CryptoWallet.app */;
			productType = "com.apple.product-type.application";
		};
/* End PBXNativeTarget section */

/* Begin PBXProject section */
		CE280C7729C45166002B4DEC /* Project object */ = {
			isa = PBXProject;
			attributes = {
				BuildIndependentTargetsInParallel = 1;
				LastSwiftUpdateCheck = 1410;
				LastUpgradeCheck = 1410;
				TargetAttributes = {
					CE280C7E29C45167002B4DEC = {
						CreatedOnToolsVersion = 14.1;
					};
				};
			};
			buildConfigurationList = CE280C7A29C45166002B4DEC /* Build configuration list for PBXProject "CryptoWallet" */;
			compatibilityVersion = "Xcode 13.0";
			developmentRegion = en;
			hasScannedForEncodings = 0;
			knownRegions = (
				en,
				Base,
			);
			mainGroup = CE280C7629C45166002B4DEC;
			packageReferences = (
				CEE913AC29DC25EA0006B763 /* XCRemoteSwiftPackageReference "OneInchKit.Swift" */,
				CEE913AF29DC26770006B763 /* XCRemoteSwiftPackageReference "firebase-ios-sdk" */,
			);
			productRefGroup = CE280C8029C45167002B4DEC /* Products */;
			projectDirPath = "";
			projectRoot = "";
			targets = (
				CE280C7E29C45167002B4DEC /* CryptoWallet */,
			);
		};
/* End PBXProject section */

/* Begin PBXResourcesBuildPhase section */
		CE280C7D29C45167002B4DEC /* Resources */ = {
			isa = PBXResourcesBuildPhase;
			buildActionMask = 2147483647;
			files = (
				CEC0FA9D29C9897000ECB025 /* NotoSans-LightItalic.ttf in Resources */,
				CEC0FA9429C9897000ECB025 /* NotoSans-Regular.ttf in Resources */,
				CEC0FA9729C9897000ECB025 /* NotoSans-Black.ttf in Resources */,
				CEC0FA9B29C9897000ECB025 /* NotoSans-SemiBoldItalic.ttf in Resources */,
				CE7FAA0029DC093600291CFF /* GoogleService-Info.plist in Resources */,
				CEC0FAA229C9897000ECB025 /* NotoSans-ExtraLight.ttf in Resources */,
				CEC0FAA129C9897000ECB025 /* NotoSans-ExtraBoldItalic.ttf in Resources */,
				CEC0FAA029C9897000ECB025 /* NotoSans-BlackItalic.ttf in Resources */,
				CEC0FA9A29C9897000ECB025 /* NotoSans-SemiBold.ttf in Resources */,
				CEC0FA9929C9897000ECB025 /* NotoSans-Thin.ttf in Resources */,
				CE280C8F29C45168002B4DEC /* LaunchScreen.storyboard in Resources */,
				CEC0FA9829C9897000ECB025 /* NotoSans-Bold.ttf in Resources */,
				CEC0FA9629C9897000ECB025 /* NotoSans-MediumItalic.ttf in Resources */,
				CEC0FAA529C9897000ECB025 /* NotoSans-ExtraBold.ttf in Resources */,
				CEC0FA9F29C9897000ECB025 /* NotoSans-BoldItalic.ttf in Resources */,
				CEC0FAA429C9897000ECB025 /* NotoSans-ExtraLightItalic.ttf in Resources */,
				CEC0FA9529C9897000ECB025 /* NotoSans-Medium.ttf in Resources */,
				CEC0FA9E29C9897000ECB025 /* NotoSans-Light.ttf in Resources */,
				CEC0FAA629C9897000ECB025 /* NotoSans-Italic.ttf in Resources */,
				CEC0FAA329C9897000ECB025 /* NotoSans-ThinItalic.ttf in Resources */,
				CE280C8C29C45168002B4DEC /* Assets.xcassets in Resources */,
			);
			runOnlyForDeploymentPostprocessing = 0;
		};
/* End PBXResourcesBuildPhase section */

/* Begin PBXShellScriptBuildPhase section */
		5514A201D0D8B2F3BDC4A899 /* [CP] Check Pods Manifest.lock */ = {
			isa = PBXShellScriptBuildPhase;
			buildActionMask = 2147483647;
			files = (
			);
			inputFileListPaths = (
			);
			inputPaths = (
				"${PODS_PODFILE_DIR_PATH}/Podfile.lock",
				"${PODS_ROOT}/Manifest.lock",
			);
			name = "[CP] Check Pods Manifest.lock";
			outputFileListPaths = (
			);
			outputPaths = (
				"$(DERIVED_FILE_DIR)/Pods-CryptoWallet-checkManifestLockResult.txt",
			);
			runOnlyForDeploymentPostprocessing = 0;
			shellPath = /bin/sh;
			shellScript = "diff \"${PODS_PODFILE_DIR_PATH}/Podfile.lock\" \"${PODS_ROOT}/Manifest.lock\" > /dev/null\nif [ $? != 0 ] ; then\n    # print error to STDERR\n    echo \"error: The sandbox is not in sync with the Podfile.lock. Run 'pod install' or update your CocoaPods installation.\" >&2\n    exit 1\nfi\n# This output is used by Xcode 'outputs' to avoid re-running this script phase.\necho \"SUCCESS\" > \"${SCRIPT_OUTPUT_FILE_0}\"\n";
			showEnvVarsInLog = 0;
		};
		746B3FFF4FE897E9FE721917 /* [CP] Embed Pods Frameworks */ = {
			isa = PBXShellScriptBuildPhase;
			buildActionMask = 2147483647;
			files = (
			);
			inputFileListPaths = (
				"${PODS_ROOT}/Target Support Files/Pods-CryptoWallet/Pods-CryptoWallet-frameworks-${CONFIGURATION}-input-files.xcfilelist",
			);
			name = "[CP] Embed Pods Frameworks";
			outputFileListPaths = (
				"${PODS_ROOT}/Target Support Files/Pods-CryptoWallet/Pods-CryptoWallet-frameworks-${CONFIGURATION}-output-files.xcfilelist",
			);
			runOnlyForDeploymentPostprocessing = 0;
			shellPath = /bin/sh;
			shellScript = "\"${PODS_ROOT}/Target Support Files/Pods-CryptoWallet/Pods-CryptoWallet-frameworks.sh\"\n";
			showEnvVarsInLog = 0;
		};
		CEA5145F29C873AC0036CD9A /* ShellScript */ = {
			isa = PBXShellScriptBuildPhase;
			buildActionMask = 2147483647;
			files = (
			);
			inputFileListPaths = (
			);
			inputPaths = (
			);
			outputFileListPaths = (
			);
			outputPaths = (
			);
			runOnlyForDeploymentPostprocessing = 0;
			shellPath = /bin/sh;
			shellScript = "# Type a script or drag a script file from your workspace to insert its path.\n\"${PODS_ROOT}/SwiftLint/swiftlint\"\n";
		};
		CEA5146029C891FE0036CD9A /* ShellScript */ = {
			isa = PBXShellScriptBuildPhase;
			alwaysOutOfDate = 1;
			buildActionMask = 2147483647;
			files = (
			);
			inputFileListPaths = (
			);
			inputPaths = (
			);
			outputFileListPaths = (
			);
			outputPaths = (
				$SRCROOT/R.generated.swift,
			);
			runOnlyForDeploymentPostprocessing = 0;
			shellPath = /bin/sh;
			shellScript = "# Type a script or drag a script file from your workspace to insert its path.\n\"$PODS_ROOT/R.swift/rswift\" generate \"$SRCROOT/R.generated.swift\"\n";
		};
/* End PBXShellScriptBuildPhase section */

/* Begin PBXSourcesBuildPhase section */
		CE280C7B29C45167002B4DEC /* Sources */ = {
			isa = PBXSourcesBuildPhase;
			buildActionMask = 2147483647;
			files = (
				CE87D6FE29E02F5400677FE0 /* WordView.swift in Sources */,
				CEC0FAB129C99C9E00ECB025 /* NotoSans-Regular.ttf in Sources */,
				CE40638629CAFEF0004664FE /* CreateWalletViewProtocol.swift in Sources */,
				CE40637C29CAE3E6004664FE /* UIButtonExtension.swift in Sources */,
				CEC0FAB229C99C9E00ECB025 /* NotoSans-Medium.ttf in Sources */,
				CE41AC4B29CC17A7009CE7C3 /* InstructionType.swift in Sources */,
				14E4A0CC29DAF4D800E8D68F /* SwapCoordinator.swift in Sources */,
				CEC0FAB329C99C9E00ECB025 /* NotoSans-MediumItalic.ttf in Sources */,
				CE61EDB829DC3FA1005ABAB7 /* HistoryView.swift in Sources */,
				CEC7210429D41C4A00D7BB81 /* KeychainKeys.swift in Sources */,
				CE66737029DDA28B00BF3AC8 /* BackUpOnboardingView.swift in Sources */,
				CEC0FAB429C99C9E00ECB025 /* NotoSans-Black.ttf in Sources */,
				CEC0FAB529C99C9E00ECB025 /* NotoSans-Bold.ttf in Sources */,
				CE66736B29DD995000BF3AC8 /* WalletBackUpPresenterProtocol.swift in Sources */,
				CEB7CDCF29DAAAE1000181D5 /* OperationsHistoryViewController.swift in Sources */,
				CEC0FAB629C99C9E00ECB025 /* NotoSans-Thin.ttf in Sources */,
				CE87D6F929DFF42700677FE0 /* LocalAuthenticationCoordinator.swift in Sources */,
				CE4CAFD229D300E50017467B /* LocalAuthenticationView.swift in Sources */,
				CE6A7ECB29E3F97D007AB103 /* RecoveryPhraseViewProtocol.swift in Sources */,
				CE87D6F329DFF2E300677FE0 /* LocalAuthenticationViewProtocol.swift in Sources */,
				CEC0FAB729C99C9E00ECB025 /* NotoSans-SemiBold.ttf in Sources */,
				CEC0FAB829C99C9E00ECB025 /* NotoSans-SemiBoldItalic.ttf in Sources */,
				CEC0FAB929C99C9E00ECB025 /* NotoSans-LightItalic.ttf in Sources */,
				CEC0FABA29C99C9E00ECB025 /* NotoSans-Light.ttf in Sources */,
				CE41AC5D29CC46AA009CE7C3 /* AddAccountCoordinator.swift in Sources */,
				CE6A7ECF29E3FA24007AB103 /* RecoveryPhrasePresenterProtocol.swift in Sources */,
				CEC0FABB29C99C9E00ECB025 /* NotoSans-BoldItalic.ttf in Sources */,
				140E059C29E529AE00E19CA4 /* EnterRecoveryPhraseView.swift in Sources */,
				CE6A7ECD29E3FA0D007AB103 /* RecoveryPhrasePresenter.swift in Sources */,
				CE66736529DD8BA500BF3AC8 /* UserDefaultsKeys.swift in Sources */,
				CEC0FABC29C99C9E00ECB025 /* NotoSans-BlackItalic.ttf in Sources */,
				CE87D6F529DFF36700677FE0 /* LocalAuthenticationPresenter.swift in Sources */,
				CEB7CDD129DAAC57000181D5 /* OperationsHistoryViewProtocol.swift in Sources */,
				CEC0FABD29C99C9E00ECB025 /* NotoSans-ExtraBoldItalic.ttf in Sources */,
				CE6A7EC929E3F93E007AB103 /* RecoveryPhraseViewController.swift in Sources */,
				CEC0FABE29C99C9E00ECB025 /* NotoSans-ExtraLight.ttf in Sources */,
				14E4A0D429DB1C7200E8D68F /* SwapPresenterProtocol.swift in Sources */,
				CEC0FABF29C99C9E00ECB025 /* NotoSans-ThinItalic.ttf in Sources */,
				CE87D6F129DFF29900677FE0 /* LocalAuthenticationViewController.swift in Sources */,
				CEB7CDC929DAA82D000181D5 /* OperationsHistoryCoordinator.swift in Sources */,
				CE40638E29CB13E5004664FE /* CreateWalletInstructionView.swift in Sources */,
				CEC0FAC029C99C9E00ECB025 /* NotoSans-ExtraLightItalic.ttf in Sources */,
				CEC0FAC129C99C9E00ECB025 /* NotoSans-ExtraBold.ttf in Sources */,
				CEC0FAC229C99C9E00ECB025 /* NotoSans-Italic.ttf in Sources */,
				CE280CB629C49045002B4DEC /* SettingsPresenterProtocol.swift in Sources */,
				CEC7210829D45C0C00D7BB81 /* OneInchService.swift in Sources */,
				CE280CA829C47F49002B4DEC /* WalletPresenterProtocol.swift in Sources */,
				CE41AC5B29CC450B009CE7C3 /* AddAccountPresenterProtocol.swift in Sources */,
				1403347B29C9F0A800305CA3 /* MoreThingsView.swift in Sources */,
				CE71C1C129CD8422008D975E /* PasscodeView.swift in Sources */,
				CE40638829CB00AD004664FE /* CreateWalletPresenter.swift in Sources */,
				CE280CAB29C4813A002B4DEC /* WalletViewProtocol.swift in Sources */,
				CE280C9F29C4772A002B4DEC /* AppCoordinator.swift in Sources */,
				CEC0FAC829C9C59D00ECB025 /* RestoreWalletView.swift in Sources */,
				CE79FAB229D5A8F900CC4A7F /* TransactionRecord.swift in Sources */,
				CE40639029CB276C004664FE /* InstructionView.swift in Sources */,
				CE280C8329C45167002B4DEC /* AppDelegate.swift in Sources */,
				CE66736D29DD9E5F00BF3AC8 /* WalletBackUpCoordinator.swift in Sources */,
				CE280CAD29C4850A002B4DEC /* WalletTabBarCoordinator.swift in Sources */,
				CE41AC4F29CC2388009CE7C3 /* FooterInstructionView.swift in Sources */,
				CE71C1BE29CD832E008D975E /* PinView.swift in Sources */,
				CE280C8529C45167002B4DEC /* SceneDelegate.swift in Sources */,
				CEC0FAB029C9925700ECB025 /* UIStackViewExtension.swift in Sources */,
				CE66736729DD96FA00BF3AC8 /* WalletBackUpViewController.swift in Sources */,
				CE40638229CAFDD1004664FE /* CreateWalletCoordinator.swift in Sources */,
				CE66736929DD971400BF3AC8 /* WalletBackUpViewProtocol.swift in Sources */,
				CE280CA229C47D74002B4DEC /* WalletViewController.swift in Sources */,
				CE79FAB029D5A72C00CC4A7F /* EthereumAdapter.swift in Sources */,
				CE280CA629C47EA6002B4DEC /* WalletPresenter.swift in Sources */,
				14E4A0D029DB068C00E8D68F /* SwapViewController.swift in Sources */,
				CE4CAFCF29D2F6C10017467B /* LocalAuthenticationService.swift in Sources */,
				CEC7210629D41CE500D7BB81 /* KeychainService.swift in Sources */,
				CEC0FAAA29C98BBB00ECB025 /* PortfolioValueView.swift in Sources */,
				CE125ABD29DEAF8E0033A429 /* BackUpOnboardingType.swift in Sources */,
				CEB7CDCD29DAA93B000181D5 /* OperationsHistoryPresenterProtocol.swift in Sources */,
				CE87D6F729DFF37A00677FE0 /* LocalAuthenticationPresenterProtocol.swift in Sources */,
				CE79FAAC29D5A5F700CC4A7F /* WalletManager.swift in Sources */,
				CE41AC4D29CC2057009CE7C3 /* HeaderInstructionView.swift in Sources */,
				CE66736329DD899200BF3AC8 /* UserDefaultsService.swift in Sources */,
				CE280CBE29C49214002B4DEC /* SettingsCoordinator.swift in Sources */,
				CE6A9B8D29C97BAD00E1077E /* R.generated.swift in Sources */,
				CE4CAFCC29D2D6710017467B /* UIViewControllerExtension.swift in Sources */,
				CE280CBA29C4919C002B4DEC /* SettingsViewController.swift in Sources */,
				CE41AC5529CC408A009CE7C3 /* AddAccountViewController.swift in Sources */,
				CE6F491429E3DDF500E5E220 /* WordCell.swift in Sources */,
				CE87D6FC29E02B7900677FE0 /* SeedPhraseView.swift in Sources */,
				CE5CCD8929D14B2800F0C1DD /* CreatePinView.swift in Sources */,
				CEC7210129D4030100D7BB81 /* BiometricType.swift in Sources */,
				14E4A0D229DB1C5E00E8D68F /* SwapViewProtocol.swift in Sources */,
				CE40638A29CB01C0004664FE /* CreateWalletPresenterProtocol.swift in Sources */,
				CE40638429CAFECC004664FE /* CreateWalletViewController.swift in Sources */,
				CE41AC5729CC409A009CE7C3 /* AddAccountViewProtocol.swift in Sources */,
				CE280CB029C4868E002B4DEC /* WalletCoordinator.swift in Sources */,
				CEC0FAAE29C98F6100ECB025 /* UIViewExtensions.swift in Sources */,
				CE6F491A29E3F7B300E5E220 /* RecoveryPhraseCoordinator.swift in Sources */,
				CEB7CDCB29DAA8CE000181D5 /* OperationsHistoryPresenter.swift in Sources */,
				CEC0FAC529C99EF100ECB025 /* WalletCardView.swift in Sources */,
				CE280CB829C49057002B4DEC /* SettingsPresenter.swift in Sources */,
				CE125ABF29DEEAE50033A429 /* FirebaseFirestoreManager.swift in Sources */,
				CE79FAB429D5AA8D00CC4A7F /* Configuration.swift in Sources */,
				14E4A0CE29DB051900E8D68F /* SwapPresenter.swift in Sources */,
				CE7FA9FE29DBF90C00291CFF /* WalletBackUpPresenter.swift in Sources */,
				CE280CBC29C491A9002B4DEC /* SettingsViewProtocol.swift in Sources */,
				CE41AC5929CC44ED009CE7C3 /* AddAccountPresenter.swift in Sources */,
			);
			runOnlyForDeploymentPostprocessing = 0;
		};
/* End PBXSourcesBuildPhase section */

/* Begin PBXVariantGroup section */
		CE280C8D29C45168002B4DEC /* LaunchScreen.storyboard */ = {
			isa = PBXVariantGroup;
			children = (
				CE280C8E29C45168002B4DEC /* Base */,
			);
			name = LaunchScreen.storyboard;
			sourceTree = "<group>";
		};
/* End PBXVariantGroup section */

/* Begin XCBuildConfiguration section */
		CE280C9129C45168002B4DEC /* Debug */ = {
			isa = XCBuildConfiguration;
			buildSettings = {
				ALWAYS_SEARCH_USER_PATHS = NO;
				CLANG_ANALYZER_NONNULL = YES;
				CLANG_ANALYZER_NUMBER_OBJECT_CONVERSION = YES_AGGRESSIVE;
				CLANG_CXX_LANGUAGE_STANDARD = "gnu++20";
				CLANG_ENABLE_MODULES = YES;
				CLANG_ENABLE_OBJC_ARC = YES;
				CLANG_ENABLE_OBJC_WEAK = YES;
				CLANG_WARN_BLOCK_CAPTURE_AUTORELEASING = YES;
				CLANG_WARN_BOOL_CONVERSION = YES;
				CLANG_WARN_COMMA = YES;
				CLANG_WARN_CONSTANT_CONVERSION = YES;
				CLANG_WARN_DEPRECATED_OBJC_IMPLEMENTATIONS = YES;
				CLANG_WARN_DIRECT_OBJC_ISA_USAGE = YES_ERROR;
				CLANG_WARN_DOCUMENTATION_COMMENTS = YES;
				CLANG_WARN_EMPTY_BODY = YES;
				CLANG_WARN_ENUM_CONVERSION = YES;
				CLANG_WARN_INFINITE_RECURSION = YES;
				CLANG_WARN_INT_CONVERSION = YES;
				CLANG_WARN_NON_LITERAL_NULL_CONVERSION = YES;
				CLANG_WARN_OBJC_IMPLICIT_RETAIN_SELF = YES;
				CLANG_WARN_OBJC_LITERAL_CONVERSION = YES;
				CLANG_WARN_OBJC_ROOT_CLASS = YES_ERROR;
				CLANG_WARN_QUOTED_INCLUDE_IN_FRAMEWORK_HEADER = YES;
				CLANG_WARN_RANGE_LOOP_ANALYSIS = YES;
				CLANG_WARN_STRICT_PROTOTYPES = YES;
				CLANG_WARN_SUSPICIOUS_MOVE = YES;
				CLANG_WARN_UNGUARDED_AVAILABILITY = YES_AGGRESSIVE;
				CLANG_WARN_UNREACHABLE_CODE = YES;
				CLANG_WARN__DUPLICATE_METHOD_MATCH = YES;
				COPY_PHASE_STRIP = NO;
				DEBUG_INFORMATION_FORMAT = dwarf;
				ENABLE_STRICT_OBJC_MSGSEND = YES;
				ENABLE_TESTABILITY = YES;
				GCC_C_LANGUAGE_STANDARD = gnu11;
				GCC_DYNAMIC_NO_PIC = NO;
				GCC_NO_COMMON_BLOCKS = YES;
				GCC_OPTIMIZATION_LEVEL = 0;
				GCC_PREPROCESSOR_DEFINITIONS = (
					"DEBUG=1",
					"$(inherited)",
				);
				GCC_WARN_64_TO_32_BIT_CONVERSION = YES;
				GCC_WARN_ABOUT_RETURN_TYPE = YES_ERROR;
				GCC_WARN_UNDECLARED_SELECTOR = YES;
				GCC_WARN_UNINITIALIZED_AUTOS = YES_AGGRESSIVE;
				GCC_WARN_UNUSED_FUNCTION = YES;
				GCC_WARN_UNUSED_VARIABLE = YES;
				IPHONEOS_DEPLOYMENT_TARGET = 16.1;
				MTL_ENABLE_DEBUG_INFO = INCLUDE_SOURCE;
				MTL_FAST_MATH = YES;
				ONLY_ACTIVE_ARCH = YES;
				SDKROOT = iphoneos;
				SWIFT_ACTIVE_COMPILATION_CONDITIONS = DEBUG;
				SWIFT_OPTIMIZATION_LEVEL = "-Onone";
			};
			name = Debug;
		};
		CE280C9229C45168002B4DEC /* Release */ = {
			isa = XCBuildConfiguration;
			buildSettings = {
				ALWAYS_SEARCH_USER_PATHS = NO;
				CLANG_ANALYZER_NONNULL = YES;
				CLANG_ANALYZER_NUMBER_OBJECT_CONVERSION = YES_AGGRESSIVE;
				CLANG_CXX_LANGUAGE_STANDARD = "gnu++20";
				CLANG_ENABLE_MODULES = YES;
				CLANG_ENABLE_OBJC_ARC = YES;
				CLANG_ENABLE_OBJC_WEAK = YES;
				CLANG_WARN_BLOCK_CAPTURE_AUTORELEASING = YES;
				CLANG_WARN_BOOL_CONVERSION = YES;
				CLANG_WARN_COMMA = YES;
				CLANG_WARN_CONSTANT_CONVERSION = YES;
				CLANG_WARN_DEPRECATED_OBJC_IMPLEMENTATIONS = YES;
				CLANG_WARN_DIRECT_OBJC_ISA_USAGE = YES_ERROR;
				CLANG_WARN_DOCUMENTATION_COMMENTS = YES;
				CLANG_WARN_EMPTY_BODY = YES;
				CLANG_WARN_ENUM_CONVERSION = YES;
				CLANG_WARN_INFINITE_RECURSION = YES;
				CLANG_WARN_INT_CONVERSION = YES;
				CLANG_WARN_NON_LITERAL_NULL_CONVERSION = YES;
				CLANG_WARN_OBJC_IMPLICIT_RETAIN_SELF = YES;
				CLANG_WARN_OBJC_LITERAL_CONVERSION = YES;
				CLANG_WARN_OBJC_ROOT_CLASS = YES_ERROR;
				CLANG_WARN_QUOTED_INCLUDE_IN_FRAMEWORK_HEADER = YES;
				CLANG_WARN_RANGE_LOOP_ANALYSIS = YES;
				CLANG_WARN_STRICT_PROTOTYPES = YES;
				CLANG_WARN_SUSPICIOUS_MOVE = YES;
				CLANG_WARN_UNGUARDED_AVAILABILITY = YES_AGGRESSIVE;
				CLANG_WARN_UNREACHABLE_CODE = YES;
				CLANG_WARN__DUPLICATE_METHOD_MATCH = YES;
				COPY_PHASE_STRIP = NO;
				DEBUG_INFORMATION_FORMAT = "dwarf-with-dsym";
				ENABLE_NS_ASSERTIONS = NO;
				ENABLE_STRICT_OBJC_MSGSEND = YES;
				GCC_C_LANGUAGE_STANDARD = gnu11;
				GCC_NO_COMMON_BLOCKS = YES;
				GCC_WARN_64_TO_32_BIT_CONVERSION = YES;
				GCC_WARN_ABOUT_RETURN_TYPE = YES_ERROR;
				GCC_WARN_UNDECLARED_SELECTOR = YES;
				GCC_WARN_UNINITIALIZED_AUTOS = YES_AGGRESSIVE;
				GCC_WARN_UNUSED_FUNCTION = YES;
				GCC_WARN_UNUSED_VARIABLE = YES;
				IPHONEOS_DEPLOYMENT_TARGET = 16.1;
				MTL_ENABLE_DEBUG_INFO = NO;
				MTL_FAST_MATH = YES;
				SDKROOT = iphoneos;
				SWIFT_COMPILATION_MODE = wholemodule;
				SWIFT_OPTIMIZATION_LEVEL = "-O";
				VALIDATE_PRODUCT = YES;
			};
			name = Release;
		};
		CE280C9429C45168002B4DEC /* Debug */ = {
			isa = XCBuildConfiguration;
			baseConfigurationReference = CA888EAC28A4DDECC2BCE442 /* Pods-CryptoWallet.debug.xcconfig */;
			buildSettings = {
				ASSETCATALOG_COMPILER_APPICON_NAME = AppIcon;
				ASSETCATALOG_COMPILER_GLOBAL_ACCENT_COLOR_NAME = AccentColor;
				CODE_SIGN_STYLE = Automatic;
				CURRENT_PROJECT_VERSION = 1;
				DEVELOPMENT_TEAM = 65CGDLNXGP;
				GENERATE_INFOPLIST_FILE = YES;
				INFOPLIST_FILE = CryptoWallet/Info.plist;
				INFOPLIST_KEY_UIApplicationSupportsIndirectInputEvents = YES;
				INFOPLIST_KEY_UILaunchStoryboardName = LaunchScreen;
				INFOPLIST_KEY_UISupportedInterfaceOrientations = UIInterfaceOrientationPortrait;
				INFOPLIST_KEY_UISupportedInterfaceOrientations_iPad = "UIInterfaceOrientationLandscapeLeft UIInterfaceOrientationLandscapeRight UIInterfaceOrientationPortraitUpsideDown";
				IPHONEOS_DEPLOYMENT_TARGET = 14.0;
				LD_RUNPATH_SEARCH_PATHS = (
					"$(inherited)",
					"@executable_path/Frameworks",
				);
				MARKETING_VERSION = 1.0;
				PRODUCT_BUNDLE_IDENTIFIER = com.boltromyuk.cryptoWallet.CryptoWallet;
				PRODUCT_NAME = "$(TARGET_NAME)";
				SUPPORTED_PLATFORMS = "iphoneos iphonesimulator";
				SUPPORTS_MACCATALYST = NO;
				SUPPORTS_MAC_DESIGNED_FOR_IPHONE_IPAD = NO;
				SWIFT_EMIT_LOC_STRINGS = YES;
				SWIFT_VERSION = 5.0;
				TARGETED_DEVICE_FAMILY = 1;
			};
			name = Debug;
		};
		CE280C9529C45168002B4DEC /* Release */ = {
			isa = XCBuildConfiguration;
			baseConfigurationReference = 27555644CAEC2AA42143F11A /* Pods-CryptoWallet.release.xcconfig */;
			buildSettings = {
				ASSETCATALOG_COMPILER_APPICON_NAME = AppIcon;
				ASSETCATALOG_COMPILER_GLOBAL_ACCENT_COLOR_NAME = AccentColor;
				CODE_SIGN_STYLE = Automatic;
				CURRENT_PROJECT_VERSION = 1;
				DEVELOPMENT_TEAM = 65CGDLNXGP;
				GENERATE_INFOPLIST_FILE = YES;
				INFOPLIST_FILE = CryptoWallet/Info.plist;
				INFOPLIST_KEY_UIApplicationSupportsIndirectInputEvents = YES;
				INFOPLIST_KEY_UILaunchStoryboardName = LaunchScreen;
				INFOPLIST_KEY_UISupportedInterfaceOrientations = UIInterfaceOrientationPortrait;
				INFOPLIST_KEY_UISupportedInterfaceOrientations_iPad = "UIInterfaceOrientationLandscapeLeft UIInterfaceOrientationLandscapeRight UIInterfaceOrientationPortraitUpsideDown";
				IPHONEOS_DEPLOYMENT_TARGET = 14.0;
				LD_RUNPATH_SEARCH_PATHS = (
					"$(inherited)",
					"@executable_path/Frameworks",
				);
				MARKETING_VERSION = 1.0;
				PRODUCT_BUNDLE_IDENTIFIER = com.boltromyuk.cryptoWallet.CryptoWallet;
				PRODUCT_NAME = "$(TARGET_NAME)";
				SUPPORTED_PLATFORMS = "iphoneos iphonesimulator";
				SUPPORTS_MACCATALYST = NO;
				SUPPORTS_MAC_DESIGNED_FOR_IPHONE_IPAD = NO;
				SWIFT_EMIT_LOC_STRINGS = YES;
				SWIFT_VERSION = 5.0;
				TARGETED_DEVICE_FAMILY = 1;
			};
			name = Release;
		};
/* End XCBuildConfiguration section */

/* Begin XCConfigurationList section */
		CE280C7A29C45166002B4DEC /* Build configuration list for PBXProject "CryptoWallet" */ = {
			isa = XCConfigurationList;
			buildConfigurations = (
				CE280C9129C45168002B4DEC /* Debug */,
				CE280C9229C45168002B4DEC /* Release */,
			);
			defaultConfigurationIsVisible = 0;
			defaultConfigurationName = Release;
		};
		CE280C9329C45168002B4DEC /* Build configuration list for PBXNativeTarget "CryptoWallet" */ = {
			isa = XCConfigurationList;
			buildConfigurations = (
				CE280C9429C45168002B4DEC /* Debug */,
				CE280C9529C45168002B4DEC /* Release */,
			);
			defaultConfigurationIsVisible = 0;
			defaultConfigurationName = Release;
		};
/* End XCConfigurationList section */

/* Begin XCRemoteSwiftPackageReference section */
		CEE913AC29DC25EA0006B763 /* XCRemoteSwiftPackageReference "OneInchKit.Swift" */ = {
			isa = XCRemoteSwiftPackageReference;
			repositoryURL = "https://github.com/horizontalsystems/OneInchKit.Swift.git";
			requirement = {
				kind = upToNextMajorVersion;
				minimumVersion = 1.0.0;
			};
		};
		CEE913AF29DC26770006B763 /* XCRemoteSwiftPackageReference "firebase-ios-sdk" */ = {
			isa = XCRemoteSwiftPackageReference;
			repositoryURL = "https://github.com/firebase/firebase-ios-sdk";
			requirement = {
				kind = upToNextMajorVersion;
				minimumVersion = 9.0.0;
			};
		};
/* End XCRemoteSwiftPackageReference section */

/* Begin XCSwiftPackageProductDependency section */
		CEE913AD29DC25EA0006B763 /* OneInchKit */ = {
			isa = XCSwiftPackageProductDependency;
			package = CEE913AC29DC25EA0006B763 /* XCRemoteSwiftPackageReference "OneInchKit.Swift" */;
			productName = OneInchKit;
		};
		CEE913B029DC26770006B763 /* FirebaseAnalytics */ = {
			isa = XCSwiftPackageProductDependency;
			package = CEE913AF29DC26770006B763 /* XCRemoteSwiftPackageReference "firebase-ios-sdk" */;
			productName = FirebaseAnalytics;
		};
		CEE913B229DC26770006B763 /* FirebaseAnalyticsSwift */ = {
			isa = XCSwiftPackageProductDependency;
			package = CEE913AF29DC26770006B763 /* XCRemoteSwiftPackageReference "firebase-ios-sdk" */;
			productName = FirebaseAnalyticsSwift;
		};
		CEE913B429DC26770006B763 /* FirebaseCrashlytics */ = {
			isa = XCSwiftPackageProductDependency;
			package = CEE913AF29DC26770006B763 /* XCRemoteSwiftPackageReference "firebase-ios-sdk" */;
			productName = FirebaseCrashlytics;
		};
		CEE913B629DC26770006B763 /* FirebaseFirestore */ = {
			isa = XCSwiftPackageProductDependency;
			package = CEE913AF29DC26770006B763 /* XCRemoteSwiftPackageReference "firebase-ios-sdk" */;
			productName = FirebaseFirestore;
		};
		CEE913B829DC26770006B763 /* FirebaseFirestoreSwift */ = {
			isa = XCSwiftPackageProductDependency;
			package = CEE913AF29DC26770006B763 /* XCRemoteSwiftPackageReference "firebase-ios-sdk" */;
			productName = FirebaseFirestoreSwift;
		};
		CEE913BA29DC26770006B763 /* FirebaseMessaging */ = {
			isa = XCSwiftPackageProductDependency;
			package = CEE913AF29DC26770006B763 /* XCRemoteSwiftPackageReference "firebase-ios-sdk" */;
			productName = FirebaseMessaging;
		};
		CEE913BC29DC26770006B763 /* FirebaseRemoteConfig */ = {
			isa = XCSwiftPackageProductDependency;
			package = CEE913AF29DC26770006B763 /* XCRemoteSwiftPackageReference "firebase-ios-sdk" */;
			productName = FirebaseRemoteConfig;
		};
		CEE913BE29DC26770006B763 /* FirebaseRemoteConfigSwift */ = {
			isa = XCSwiftPackageProductDependency;
			package = CEE913AF29DC26770006B763 /* XCRemoteSwiftPackageReference "firebase-ios-sdk" */;
			productName = FirebaseRemoteConfigSwift;
		};
		CEE913C029DC26770006B763 /* FirebaseStorage */ = {
			isa = XCSwiftPackageProductDependency;
			package = CEE913AF29DC26770006B763 /* XCRemoteSwiftPackageReference "firebase-ios-sdk" */;
			productName = FirebaseStorage;
		};
/* End XCSwiftPackageProductDependency section */
	};
	rootObject = CE280C7729C45166002B4DEC /* Project object */;
}
