PODS:
  - KeychainSwift (20.0.0)
  - R.swift (7.2.4)
  - RNCryptor (5.1.0)
  - SnapKit (5.6.0)
  - SwiftLint (0.50.3)
  - XCoordinator (2.2.0):
    - XCoordinator/Core (= 2.2.0)
  - XCoordinator/Core (2.2.0)

DEPENDENCIES:
  - KeychainSwift (~> 20.0)
  - R.swift
  - RNCryptor (~> 5.0)
  - SnapKit (~> 5.6.0)
  - SwiftLint
  - XCoordinator (~> 2.0)

SPEC REPOS:
  trunk:
    - KeychainSwift
    - R.swift
    - RNCryptor
    - SnapKit
    - SwiftLint
    - XCoordinator

SPEC CHECKSUMS:
  KeychainSwift: 0ce6a4d13f7228054d1a71bb1b500448fb2ab837
  R.swift: 681bb9135f482e7a81d9d27445b837fef5467e11
  RNCryptor: a369134686cd2ad391323cc856b62e591193ba79
  SnapKit: e01d52ebb8ddbc333eefe2132acf85c8227d9c25
  SwiftLint: 77f7cb2b9bb81ab4a12fcc86448ba3f11afa50c6
  XCoordinator: a5f91e43ee944f508529763921165697d3211629

PODFILE CHECKSUM: 947098495932bfc5722dc5259d42b0cd9fdc7950

COCOAPODS: 1.11.3
