{
  "pins" : [
    {
      "identity" : "alamofire",
      "kind" : "remoteSourceControl",
      "location" : "https://github.com/Alamofire/Alamofire.git",
      "state" : {
        "revision" : "78424be314842833c04bc3bef5b72e85fff99204",
        "version" : "5.6.4"
      }
    },
    {
      "identity" : "bigint",
      "kind" : "remoteSourceControl",
      "location" : "https://github.com/attaswift/BigInt.git",
      "state" : {
        "revision" : "0ed110f7555c34ff468e72e1686e59721f2b0da6",
        "version" : "5.3.0"
      }
    },
    {
      "identity" : "bluesocket",
      "kind" : "remoteSourceControl",
      "location" : "https://github.com/Kitura/BlueSocket.git",
      "state" : {
        "revision" : "7b23a867008e0027bfd6f4d398d44720707bc8ca",
        "version" : "2.0.4"
      }
    },
    {
      "identity" : "eip20kit.swift",
      "kind" : "remoteSourceControl",
      "location" : "https://github.com/horizontalsystems/Eip20Kit.Swift.git",
      "state" : {
        "revision" : "2585e5065c4e82275f3f3500da59ed6616af5483",
        "version" : "1.0.1"
      }
    },
    {
      "identity" : "evmkit.swift",
      "kind" : "remoteSourceControl",
      "location" : "https://github.com/horizontalsystems/EvmKit.Swift.git",
      "state" : {
        "revision" : "b1f2ff596800c1da79bfa4708cfc0f07d9c5189f",
        "version" : "1.1.5"
      }
    },
    {
      "identity" : "grdb.swift",
      "kind" : "remoteSourceControl",
      "location" : "https://github.com/groue/GRDB.swift.git",
      "state" : {
        "revision" : "dd7e7f39e8e4d7a22d258d9809a882f914690b01",
        "version" : "5.26.1"
      }
    },
    {
      "identity" : "hdwalletkit.swift",
      "kind" : "remoteSourceControl",
      "location" : "https://github.com/horizontalsystems/HdWalletKit.Swift.git",
      "state" : {
        "revision" : "1087a7f6090a14630bcdd922650144ddf447f39f",
        "version" : "1.1.1"
      }
    },
    {
      "identity" : "hscryptokit.swift",
      "kind" : "remoteSourceControl",
      "location" : "https://github.com/horizontalsystems/HsCryptoKit.Swift.git",
      "state" : {
        "revision" : "b809f88890e39eda8d36067910d48af0d0a3c789",
        "version" : "1.2.0"
      }
    },
    {
      "identity" : "hsextensions.swift",
      "kind" : "remoteSourceControl",
      "location" : "https://github.com/horizontalsystems/HsExtensions.Swift.git",
      "state" : {
        "revision" : "360db9624dcf720452ccf11c421cd0fb4f5be6b2",
        "version" : "1.0.0"
      }
    },
    {
      "identity" : "hstoolkit.swift",
      "kind" : "remoteSourceControl",
      "location" : "https://github.com/horizontalsystems/HsToolKit.Swift.git",
      "state" : {
        "revision" : "e03757126345f12fbfd9703ec8455224f34dbb4e",
        "version" : "1.0.1"
      }
    },
    {
      "identity" : "objectmapper",
      "kind" : "remoteSourceControl",
      "location" : "https://github.com/tristanhimmelman/ObjectMapper.git",
      "state" : {
        "revision" : "0b96a734de3ea1c87374ae677064f86adb0716ec",
        "version" : "4.2.0"
      }
    },
    {
      "identity" : "oneinchkit.swift",
      "kind" : "remoteSourceControl",
      "location" : "https://github.com/horizontalsystems/OneInchKit.Swift.git",
      "state" : {
        "revision" : "da962dd6324a846253ae48df915f7fbeecf95bfc",
        "version" : "1.0.3"
      }
    },
    {
      "identity" : "rxswift",
      "kind" : "remoteSourceControl",
      "location" : "https://github.com/ReactiveX/RxSwift.git",
      "state" : {
        "revision" : "cec68169a048a079f461ba203fe85636548d7a89",
        "version" : "5.1.3"
      }
    },
    {
      "identity" : "secp256k1.swift",
      "kind" : "remoteSourceControl",
      "location" : "https://github.com/GigaBitcoin/secp256k1.swift.git",
      "state" : {
        "revision" : "48fb20fce4ca3aad89180448a127d5bc16f0e44c",
        "version" : "0.10.0"
      }
    },
    {
      "identity" : "swift-atomics",
      "kind" : "remoteSourceControl",
      "location" : "https://github.com/apple/swift-atomics.git",
      "state" : {
        "revision" : "ff3d2212b6b093db7f177d0855adbc4ef9c5f036",
        "version" : "1.0.3"
      }
    },
    {
      "identity" : "swift-collections",
      "kind" : "remoteSourceControl",
      "location" : "https://github.com/apple/swift-collections.git",
      "state" : {
        "revision" : "937e904258d22af6e447a0b72c0bc67583ef64a2",
        "version" : "1.0.4"
      }
    },
    {
      "identity" : "swift-crypto",
      "kind" : "remoteSourceControl",
      "location" : "https://github.com/apple/swift-crypto.git",
      "state" : {
        "revision" : "da0fe44138ab86e380f40a2acbd8a611b07d3f64",
        "version" : "2.4.0"
      }
    },
    {
      "identity" : "swift-nio",
      "kind" : "remoteSourceControl",
      "location" : "https://github.com/apple/swift-nio.git",
      "state" : {
        "revision" : "9b2848d76f5caad08b97e71a04345aa5bdb23a06",
        "version" : "2.49.0"
      }
    },
    {
      "identity" : "swift-nio-ssl",
      "kind" : "remoteSourceControl",
      "location" : "https://github.com/apple/swift-nio-ssl.git",
      "state" : {
        "revision" : "4fb7ead803e38949eb1d6fabb849206a72c580f3",
        "version" : "2.23.0"
      }
    }
  ],
  "version" : 2
}
